{
  "version": 4,
  "terraform_version": "1.14.3",
  "serial": 1313,
  "lineage": "ad077a50-6510-fb00-80ac-5de618e4d590",
  "outputs": {},
  "resources": [
    {
      "module": "module.cloudrun[\"nginx-direct-vpc\"]",
      "mode": "managed",
      "type": "google_cloud_run_service_iam_member",
      "name": "public_access",
      "provider": "provider[\"registry.terraform.io/hashicorp/google\"]",
      "instances": [
        {
          "index_key": 0,
          "schema_version": 0,
          "attributes": {
            "condition": [],
            "etag": "BwZG/WsTiwk=",
            "id": "v1/projects/stone-booking-482114-v1/locations/asia-southeast1/services/nginx-direct-vpc/roles/run.invoker/allUsers",
            "location": "asia-southeast1",
            "member": "allUsers",
            "project": "stone-booking-482114-v1",
            "role": "roles/run.invoker",
            "service": "v1/projects/stone-booking-482114-v1/locations/asia-southeast1/services/nginx-direct-vpc"
          },
          "sensitive_attributes": [],
          "identity_schema_version": 0,
          "private": "bnVsbA==",
          "dependencies": [
            "module.cloudrun.google_cloud_run_v2_service.service",
            "module.vpcs.google_compute_network.vpc"
          ]
        }
      ]
    },
    {
      "module": "module.cloudrun[\"nginx-direct-vpc\"]",
      "mode": "managed",
      "type": "google_cloud_run_v2_service",
      "name": "service",
      "provider": "provider[\"registry.terraform.io/hashicorp/google\"]",
      "instances": [
        {
          "schema_version": 0,
          "attributes": {
            "annotations": {},
            "binary_authorization": [],
            "client": "",
            "client_version": "",
            "conditions": [
              {
                "execution_reason": "",
                "last_transition_time": "2025-12-28T06:41:29.079263Z",
                "message": "",
                "reason": "",
                "revision_reason": "",
                "severity": "",
                "state": "CONDITION_SUCCEEDED",
                "type": "RoutesReady"
              },
              {
                "execution_reason": "",
                "last_transition_time": "2025-12-28T06:41:16.726353Z",
                "message": "",
                "reason": "",
                "revision_reason": "",
                "severity": "",
                "state": "CONDITION_SUCCEEDED",
                "type": "ConfigurationsReady"
              }
            ],
            "create_time": "2025-12-28T06:41:12.718989Z",
            "creator": "dtu951@gmail.com",
            "custom_audiences": [],
            "delete_time": "",
            "description": "",
            "effective_annotations": {},
            "effective_labels": {},
            "etag": "\"CIiiw8oGEMjN69YC/cHJvamVjdHMvc3RvbmUtYm9va2luZy00ODIxMTQtdjEvbG9jYXRpb25zL2FzaWEtc291dGhlYXN0MS9zZXJ2aWNlcy9uZ2lueC1kaXJlY3QtdnBj\"",
            "expire_time": "",
            "generation": "1",
            "id": "projects/stone-booking-482114-v1/locations/asia-southeast1/services/nginx-direct-vpc",
            "ingress": "INGRESS_TRAFFIC_ALL",
            "labels": {},
            "last_modifier": "dtu951@gmail.com",
            "latest_created_revision": "projects/stone-booking-482114-v1/locations/asia-southeast1/services/nginx-direct-vpc/revisions/nginx-direct-vpc-00001-bcr",
            "latest_ready_revision": "projects/stone-booking-482114-v1/locations/asia-southeast1/services/nginx-direct-vpc/revisions/nginx-direct-vpc-00001-bcr",
            "launch_stage": "GA",
            "location": "asia-southeast1",
            "name": "nginx-direct-vpc",
            "observed_generation": "1",
            "project": "stone-booking-482114-v1",
            "reconciling": false,
            "template": [
              {
                "annotations": {},
                "containers": [
                  {
                    "args": [],
                    "command": [],
                    "depends_on": [],
                    "env": [],
                    "image": "nginx:latest",
                    "liveness_probe": [],
                    "name": "",
                    "ports": [
                      {
                        "container_port": 80,
                        "name": "http1"
                      }
                    ],
                    "resources": [
                      {
                        "cpu_idle": false,
                        "limits": {
                          "cpu": "1",
                          "memory": "512Mi"
                        },
                        "startup_cpu_boost": false
                      }
                    ],
                    "startup_probe": [
                      {
                        "failure_threshold": 1,
                        "grpc": [],
                        "http_get": [],
                        "initial_delay_seconds": 0,
                        "period_seconds": 240,
                        "tcp_socket": [
                          {
                            "port": 80
                          }
                        ],
                        "timeout_seconds": 240
                      }
                    ],
                    "volume_mounts": [],
                    "working_dir": ""
                  }
                ],
                "encryption_key": "",
                "execution_environment": "",
                "labels": {},
                "max_instance_request_concurrency": 80,
                "revision": "",
                "scaling": [
                  {
                    "max_instance_count": 5,
                    "min_instance_count": 1
                  }
                ],
                "service_account": "cloudrun-sa@stone-booking-482114-v1.iam.gserviceaccount.com",
                "session_affinity": false,
                "timeout": "300s",
                "volumes": [],
                "vpc_access": [
                  {
                    "connector": "",
                    "egress": "ALL_TRAFFIC",
                    "network_interfaces": [
                      {
                        "network": "projects/stone-booking-482114-v1/global/networks/sample-vpc",
                        "subnetwork": "projects/stone-booking-482114-v1/regions/asia-southeast1/subnetworks/gke-primary",
                        "tags": []
                      }
                    ]
                  }
                ]
              }
            ],
            "terminal_condition": [
              {
                "execution_reason": "",
                "last_transition_time": "2025-12-28T06:41:29.120379Z",
                "message": "",
                "reason": "",
                "revision_reason": "",
                "severity": "",
                "state": "CONDITION_SUCCEEDED",
                "type": "Ready"
              }
            ],
            "terraform_labels": {},
            "timeouts": null,
            "traffic": [
              {
                "percent": 100,
                "revision": "",
                "tag": "",
                "type": "TRAFFIC_TARGET_ALLOCATION_TYPE_LATEST"
              }
            ],
            "traffic_statuses": [
              {
                "percent": 100,
                "revision": "",
                "tag": "",
                "type": "TRAFFIC_TARGET_ALLOCATION_TYPE_LATEST",
                "uri": ""
              }
            ],
            "uid": "33235d98-54b3-46e9-93ec-2b6c36b9f448",
            "update_time": "2025-12-28T06:41:12.718989Z",
            "uri": "https://nginx-direct-vpc-3apqizc6na-as.a.run.app"
          },
          "sensitive_attributes": [],
          "identity_schema_version": 0,
          "private": "eyJlMmJmYjczMC1lY2FhLTExZTYtOGY4OC0zNDM2M2JjN2M0YzAiOnsiY3JlYXRlIjoxMjAwMDAwMDAwMDAwLCJkZWxldGUiOjEyMDAwMDAwMDAwMDAsInVwZGF0ZSI6MTIwMDAwMDAwMDAwMH19",
          "dependencies": [
            "module.vpcs.google_compute_network.vpc"
          ]
        }
      ]
    },
    {
      "module": "module.firewalls[\"sample-vpc\"]",
      "mode": "managed",
      "type": "google_compute_firewall",
      "name": "rules",
      "provider": "provider[\"registry.terraform.io/hashicorp/google\"]",
      "instances": [
        {
          "index_key": "allow-egress-to-internet",
          "schema_version": 1,
          "attributes": {
            "allow": [
              {
                "ports": [
                  "53"
                ],
                "protocol": "udp"
              },
              {
                "ports": [
                  "80",
                  "443",
                  "53"
                ],
                "protocol": "tcp"
              },
              {
                "ports": [],
                "protocol": "icmp"
              }
            ],
            "creation_timestamp": "2025-12-27T22:22:07.429-08:00",
            "deny": [],
            "description": "Allows specified instances to make outbound connections to the internet on common ports.",
            "destination_ranges": [
              "0.0.0.0/0"
            ],
            "direction": "EGRESS",
            "disabled": false,
            "enable_logging": null,
            "id": "projects/stone-booking-482114-v1/global/firewalls/allow-egress-to-internet",
            "log_config": [],
            "name": "allow-egress-to-internet",
            "network": "https://www.googleapis.com/compute/v1/projects/stone-booking-482114-v1/global/networks/sample-vpc",
            "priority": 1100,
            "project": "stone-booking-482114-v1",
            "self_link": "https://www.googleapis.com/compute/v1/projects/stone-booking-482114-v1/global/firewalls/allow-egress-to-internet",
            "source_ranges": [],
            "source_service_accounts": [],
            "source_tags": [],
            "target_service_accounts": [],
            "target_tags": [
              "gke-node",
              "management-server",
              "outbound-internet"
            ],
            "timeouts": null
          },
          "sensitive_attributes": [],
          "identity_schema_version": 0,
          "private": "eyJlMmJmYjczMC1lY2FhLTExZTYtOGY4OC0zNDM2M2JjN2M0YzAiOnsiY3JlYXRlIjoxMjAwMDAwMDAwMDAwLCJkZWxldGUiOjEyMDAwMDAwMDAwMDAsInVwZGF0ZSI6MTIwMDAwMDAwMDAwMH0sInNjaGVtYV92ZXJzaW9uIjoiMSJ9",
          "dependencies": [
            "module.vpcs.google_compute_network.vpc",
            "module.vpcs.google_compute_subnetwork.subnets"
          ]
        },
        {
          "index_key": "allow-iap-ssh",
          "schema_version": 1,
          "attributes": {
            "allow": [
              {
                "ports": [
                  "22"
                ],
                "protocol": "tcp"
              }
            ],
            "creation_timestamp": "2025-12-27T22:22:07.556-08:00",
            "deny": [],
            "description": "Allows SSH access to VMs tagged 'iap-ssh' via Google Cloud IAP (Identity-Aware Proxy).",
            "destination_ranges": [],
            "direction": "INGRESS",
            "disabled": false,
            "enable_logging": null,
            "id": "projects/stone-booking-482114-v1/global/firewalls/allow-iap-ssh",
            "log_config": [],
            "name": "allow-iap-ssh",
            "network": "https://www.googleapis.com/compute/v1/projects/stone-booking-482114-v1/global/networks/sample-vpc",
            "priority": 110,
            "project": "stone-booking-482114-v1",
            "self_link": "https://www.googleapis.com/compute/v1/projects/stone-booking-482114-v1/global/firewalls/allow-iap-ssh",
            "source_ranges": [
              "35.235.240.0/20"
            ],
            "source_service_accounts": [],
            "source_tags": [],
            "target_service_accounts": [],
            "target_tags": [],
            "timeouts": null
          },
          "sensitive_attributes": [],
          "identity_schema_version": 0,
          "private": "eyJlMmJmYjczMC1lY2FhLTExZTYtOGY4OC0zNDM2M2JjN2M0YzAiOnsiY3JlYXRlIjoxMjAwMDAwMDAwMDAwLCJkZWxldGUiOjEyMDAwMDAwMDAwMDAsInVwZGF0ZSI6MTIwMDAwMDAwMDAwMH0sInNjaGVtYV92ZXJzaW9uIjoiMSJ9",
          "dependencies": [
            "module.vpcs.google_compute_network.vpc",
            "module.vpcs.google_compute_subnetwork.subnets"
          ]
        },
        {
          "index_key": "allow-internal-all-subnets",
          "schema_version": 1,
          "attributes": {
            "allow": [
              {
                "ports": [],
                "protocol": "all"
              }
            ],
            "creation_timestamp": "2025-12-27T22:22:07.559-08:00",
            "deny": [],
            "description": "Allows full internal communication including to GKE private control plane.",
            "destination_ranges": [],
            "direction": "INGRESS",
            "disabled": false,
            "enable_logging": null,
            "id": "projects/stone-booking-482114-v1/global/firewalls/allow-internal-all-subnets",
            "log_config": [],
            "name": "allow-internal-all-subnets",
            "network": "https://www.googleapis.com/compute/v1/projects/stone-booking-482114-v1/global/networks/sample-vpc",
            "priority": 300,
            "project": "stone-booking-482114-v1",
            "self_link": "https://www.googleapis.com/compute/v1/projects/stone-booking-482114-v1/global/firewalls/allow-internal-all-subnets",
            "source_ranges": [
              "10.0.0.0/8",
              "172.16.0.0/12",
              "192.168.0.0/16"
            ],
            "source_service_accounts": [],
            "source_tags": [],
            "target_service_accounts": [],
            "target_tags": [],
            "timeouts": null
          },
          "sensitive_attributes": [],
          "identity_schema_version": 0,
          "private": "eyJlMmJmYjczMC1lY2FhLTExZTYtOGY4OC0zNDM2M2JjN2M0YzAiOnsiY3JlYXRlIjoxMjAwMDAwMDAwMDAwLCJkZWxldGUiOjEyMDAwMDAwMDAwMDAsInVwZGF0ZSI6MTIwMDAwMDAwMDAwMH0sInNjaGVtYV92ZXJzaW9uIjoiMSJ9",
          "dependencies": [
            "module.vpcs.google_compute_network.vpc",
            "module.vpcs.google_compute_subnetwork.subnets"
          ]
        },
        {
          "index_key": "allow-internal-icmp",
          "schema_version": 1,
          "attributes": {
            "allow": [
              {
                "ports": [],
                "protocol": "icmp"
              }
            ],
            "creation_timestamp": "2025-12-27T22:22:07.456-08:00",
            "deny": [],
            "description": "Allows internal ICMP traffic for basic network diagnostics (ping).",
            "destination_ranges": [],
            "direction": "INGRESS",
            "disabled": false,
            "enable_logging": null,
            "id": "projects/stone-booking-482114-v1/global/firewalls/allow-internal-icmp",
            "log_config": [],
            "name": "allow-internal-icmp",
            "network": "https://www.googleapis.com/compute/v1/projects/stone-booking-482114-v1/global/networks/sample-vpc",
            "priority": 400,
            "project": "stone-booking-482114-v1",
            "self_link": "https://www.googleapis.com/compute/v1/projects/stone-booking-482114-v1/global/firewalls/allow-internal-icmp",
            "source_ranges": [
              "10.0.0.0/8"
            ],
            "source_service_accounts": [],
            "source_tags": [],
            "target_service_accounts": [],
            "target_tags": [],
            "timeouts": null
          },
          "sensitive_attributes": [],
          "identity_schema_version": 0,
          "private": "eyJlMmJmYjczMC1lY2FhLTExZTYtOGY4OC0zNDM2M2JjN2M0YzAiOnsiY3JlYXRlIjoxMjAwMDAwMDAwMDAwLCJkZWxldGUiOjEyMDAwMDAwMDAwMDAsInVwZGF0ZSI6MTIwMDAwMDAwMDAwMH0sInNjaGVtYV92ZXJzaW9uIjoiMSJ9",
          "dependencies": [
            "module.vpcs.google_compute_network.vpc",
            "module.vpcs.google_compute_subnetwork.subnets"
          ]
        },
        {
          "index_key": "allow-lb-health-checks",
          "schema_version": 1,
          "attributes": {
            "allow": [
              {
                "ports": [
                  "80",
                  "443",
                  "8080",
                  "8443",
                  "10250"
                ],
                "protocol": "tcp"
              }
            ],
            "creation_timestamp": "2025-12-27T22:22:07.631-08:00",
            "deny": [],
            "description": "Allows Google Cloud Load Balancer health check probes to target backends.",
            "destination_ranges": [],
            "direction": "INGRESS",
            "disabled": false,
            "enable_logging": null,
            "id": "projects/stone-booking-482114-v1/global/firewalls/allow-lb-health-checks",
            "log_config": [],
            "name": "allow-lb-health-checks",
            "network": "https://www.googleapis.com/compute/v1/projects/stone-booking-482114-v1/global/networks/sample-vpc",
            "priority": 500,
            "project": "stone-booking-482114-v1",
            "self_link": "https://www.googleapis.com/compute/v1/projects/stone-booking-482114-v1/global/firewalls/allow-lb-health-checks",
            "source_ranges": [
              "130.211.0.0/22",
              "209.85.152.0/22",
              "209.85.204.0/22",
              "35.191.0.0/16"
            ],
            "source_service_accounts": [],
            "source_tags": [],
            "target_service_accounts": [],
            "target_tags": [
              "application-backend",
              "gke-node",
              "management-server"
            ],
            "timeouts": null
          },
          "sensitive_attributes": [],
          "identity_schema_version": 0,
          "private": "eyJlMmJmYjczMC1lY2FhLTExZTYtOGY4OC0zNDM2M2JjN2M0YzAiOnsiY3JlYXRlIjoxMjAwMDAwMDAwMDAwLCJkZWxldGUiOjEyMDAwMDAwMDAwMDAsInVwZGF0ZSI6MTIwMDAwMDAwMDAwMH0sInNjaGVtYV92ZXJzaW9uIjoiMSJ9",
          "dependencies": [
            "module.vpcs.google_compute_network.vpc",
            "module.vpcs.google_compute_subnetwork.subnets"
          ]
        },
        {
          "index_key": "allow-master-to-nodes",
          "schema_version": 1,
          "attributes": {
            "allow": [
              {
                "ports": [
                  "443",
                  "10250"
                ],
                "protocol": "tcp"
              }
            ],
            "creation_timestamp": "2025-12-27T22:22:07.474-08:00",
            "deny": [],
            "description": "Allows GKE control plane to communicate with nodes (required for private clusters).",
            "destination_ranges": [],
            "direction": "INGRESS",
            "disabled": false,
            "enable_logging": null,
            "id": "projects/stone-booking-482114-v1/global/firewalls/allow-master-to-nodes",
            "log_config": [],
            "name": "allow-master-to-nodes",
            "network": "https://www.googleapis.com/compute/v1/projects/stone-booking-482114-v1/global/networks/sample-vpc",
            "priority": 100,
            "project": "stone-booking-482114-v1",
            "self_link": "https://www.googleapis.com/compute/v1/projects/stone-booking-482114-v1/global/firewalls/allow-master-to-nodes",
            "source_ranges": [
              "172.16.0.32/28"
            ],
            "source_service_accounts": [],
            "source_tags": [],
            "target_service_accounts": [],
            "target_tags": [],
            "timeouts": null
          },
          "sensitive_attributes": [],
          "identity_schema_version": 0,
          "private": "eyJlMmJmYjczMC1lY2FhLTExZTYtOGY4OC0zNDM2M2JjN2M0YzAiOnsiY3JlYXRlIjoxMjAwMDAwMDAwMDAwLCJkZWxldGUiOjEyMDAwMDAwMDAwMDAsInVwZGF0ZSI6MTIwMDAwMDAwMDAwMH0sInNjaGVtYV92ZXJzaW9uIjoiMSJ9",
          "dependencies": [
            "module.vpcs.google_compute_network.vpc",
            "module.vpcs.google_compute_subnetwork.subnets"
          ]
        },
        {
          "index_key": "allow-node-to-master",
          "schema_version": 1,
          "attributes": {
            "allow": [
              {
                "ports": [
                  "443",
                  "10250"
                ],
                "protocol": "tcp"
              }
            ],
            "creation_timestamp": "2025-12-27T22:22:07.371-08:00",
            "deny": [],
            "description": "Allows GKE control plane to communicate with nodes (required for private clusters).",
            "destination_ranges": [],
            "direction": "INGRESS",
            "disabled": false,
            "enable_logging": null,
            "id": "projects/stone-booking-482114-v1/global/firewalls/allow-node-to-master",
            "log_config": [],
            "name": "allow-node-to-master",
            "network": "https://www.googleapis.com/compute/v1/projects/stone-booking-482114-v1/global/networks/sample-vpc",
            "priority": 100,
            "project": "stone-booking-482114-v1",
            "self_link": "https://www.googleapis.com/compute/v1/projects/stone-booking-482114-v1/global/firewalls/allow-node-to-master",
            "source_ranges": [
              "10.0.0.0/8"
            ],
            "source_service_accounts": [],
            "source_tags": [],
            "target_service_accounts": [],
            "target_tags": [],
            "timeouts": null
          },
          "sensitive_attributes": [],
          "identity_schema_version": 0,
          "private": "eyJlMmJmYjczMC1lY2FhLTExZTYtOGY4OC0zNDM2M2JjN2M0YzAiOnsiY3JlYXRlIjoxMjAwMDAwMDAwMDAwLCJkZWxldGUiOjEyMDAwMDAwMDAwMDAsInVwZGF0ZSI6MTIwMDAwMDAwMDAwMH0sInNjaGVtYV92ZXJzaW9uIjoiMSJ9",
          "dependencies": [
            "module.vpcs.google_compute_network.vpc",
            "module.vpcs.google_compute_subnetwork.subnets"
          ]
        }
      ]
    },
    {
      "module": "module.iam",
      "mode": "managed",
      "type": "google_project_iam_binding",
      "name": "project_authoritative",
      "provider": "provider[\"registry.terraform.io/hashicorp/google\"]",
      "instances": [
        {
          "index_key": "cloudrun-artifact-registry",
          "schema_version": 0,
          "attributes": {
            "condition": [],
            "etag": "BwZG/XWUypg=",
            "id": "stone-booking-482114-v1/roles/artifactregistry.reader",
            "members": [
              "serviceAccount:cloudrun-sa@stone-booking-482114-v1.iam.gserviceaccount.com"
            ],
            "project": "stone-booking-482114-v1",
            "role": "roles/artifactregistry.reader"
          },
          "sensitive_attributes": [],
          "identity_schema_version": 0,
          "private": "bnVsbA=="
        },
        {
          "index_key": "cloudrun-cloudsql-client",
          "schema_version": 0,
          "attributes": {
            "condition": [],
            "etag": "BwZG/XWUypg=",
            "id": "stone-booking-482114-v1/roles/cloudsql.client",
            "members": [
              "serviceAccount:cloudrun-sa@stone-booking-482114-v1.iam.gserviceaccount.com"
            ],
            "project": "stone-booking-482114-v1",
            "role": "roles/cloudsql.client"
          },
          "sensitive_attributes": [],
          "identity_schema_version": 0,
          "private": "bnVsbA=="
        },
        {
          "index_key": "cloudrun-service-agent",
          "schema_version": 0,
          "attributes": {
            "condition": [],
            "etag": "BwZG/XWUypg=",
            "id": "stone-booking-482114-v1/roles/run.serviceAgent",
            "members": [
              "serviceAccount:cloudrun-sa@stone-booking-482114-v1.iam.gserviceaccount.com"
            ],
            "project": "stone-booking-482114-v1",
            "role": "roles/run.serviceAgent"
          },
          "sensitive_attributes": [],
          "identity_schema_version": 0,
          "private": "bnVsbA=="
        },
        {
          "index_key": "gke-node-default-role-binding",
          "schema_version": 0,
          "attributes": {
            "condition": [],
            "etag": "BwZG/XWUypg=",
            "id": "stone-booking-482114-v1/roles/container.defaultNodeServiceAccount",
            "members": [
              "serviceAccount:gke-node-sa@stone-booking-482114-v1.iam.gserviceaccount.com"
            ],
            "project": "stone-booking-482114-v1",
            "role": "roles/container.defaultNodeServiceAccount"
          },
          "sensitive_attributes": [],
          "identity_schema_version": 0,
          "private": "bnVsbA=="
        },
        {
          "index_key": "gke-node-logging-binding",
          "schema_version": 0,
          "attributes": {
            "condition": [],
            "etag": "BwZG/XWUypg=",
            "id": "stone-booking-482114-v1/roles/logging.logWriter",
            "members": [
              "serviceAccount:cloudrun-sa@stone-booking-482114-v1.iam.gserviceaccount.com",
              "serviceAccount:gke-node-sa@stone-booking-482114-v1.iam.gserviceaccount.com"
            ],
            "project": "stone-booking-482114-v1",
            "role": "roles/logging.logWriter"
          },
          "sensitive_attributes": [],
          "identity_schema_version": 0,
          "private": "bnVsbA=="
        },
        {
          "index_key": "gke-node-monitoring-binding",
          "schema_version": 0,
          "attributes": {
            "condition": [],
            "etag": "BwZG/XWUypg=",
            "id": "stone-booking-482114-v1/roles/monitoring.metricWriter",
            "members": [
              "serviceAccount:cloudrun-sa@stone-booking-482114-v1.iam.gserviceaccount.com",
              "serviceAccount:gke-node-sa@stone-booking-482114-v1.iam.gserviceaccount.com"
            ],
            "project": "stone-booking-482114-v1",
            "role": "roles/monitoring.metricWriter"
          },
          "sensitive_attributes": [],
          "identity_schema_version": 0,
          "private": "bnVsbA=="
        },
        {
          "index_key": "gke-node-pool-access-binding",
          "schema_version": 0,
          "attributes": {
            "condition": [],
            "etag": "BwZG/XWUypg=",
            "id": "stone-booking-482114-v1/roles/container.nodeServiceAccount",
            "members": [
              "serviceAccount:gke-node-sa@stone-booking-482114-v1.iam.gserviceaccount.com"
            ],
            "project": "stone-booking-482114-v1",
            "role": "roles/container.nodeServiceAccount"
          },
          "sensitive_attributes": [],
          "identity_schema_version": 0,
          "private": "bnVsbA=="
        },
        {
          "index_key": "management-vm-gke-developer-binding",
          "schema_version": 0,
          "attributes": {
            "condition": [
              {
                "description": "Temporary access matching the custom role.",
                "expression": "request.time \u003c timestamp(\"2025-12-31T23:59:59Z\")",
                "title": "temporary-access"
              }
            ],
            "etag": "BwZG/XWUypg=",
            "id": "stone-booking-482114-v1/roles/container.developer/temporary-access/Temporary access matching the custom role./request.time \u003c timestamp(\"2025-12-31T23:59:59Z\")",
            "members": [
              "serviceAccount:management-vm-sa@stone-booking-482114-v1.iam.gserviceaccount.com"
            ],
            "project": "stone-booking-482114-v1",
            "role": "roles/container.developer"
          },
          "sensitive_attributes": [],
          "identity_schema_version": 0,
          "private": "bnVsbA=="
        },
        {
          "index_key": "management-vm-operator-binding",
          "schema_version": 0,
          "attributes": {
            "condition": [
              {
                "description": "Temporary access for management VM during migration phase.",
                "expression": "request.time \u003c timestamp(\"2025-12-31T23:59:59Z\")",
                "title": "temporary-access"
              }
            ],
            "etag": "BwZG/XWUypg=",
            "id": "stone-booking-482114-v1/projects/stone-booking-482114-v1/roles/managementVmOperator/temporary-access/Temporary access for management VM during migration phase./request.time \u003c timestamp(\"2025-12-31T23:59:59Z\")",
            "members": [
              "serviceAccount:management-vm-sa@stone-booking-482114-v1.iam.gserviceaccount.com"
            ],
            "project": "stone-booking-482114-v1",
            "role": "projects/stone-booking-482114-v1/roles/managementVmOperator"
          },
          "sensitive_attributes": [],
          "identity_schema_version": 0,
          "private": "bnVsbA=="
        }
      ]
    },
    {
      "module": "module.iam",
      "mode": "managed",
      "type": "google_project_iam_custom_role",
      "name": "custom",
      "provider": "provider[\"registry.terraform.io/hashicorp/google\"]",
      "instances": [
        {
          "index_key": "management-vm-operator-role",
          "schema_version": 0,
          "attributes": {
            "deleted": false,
            "description": "Grants permissions for the management VM to operate securely, write logs/metrics, read GCS, and interact with GKE cluster (fetch credentials, view nodes/pods).",
            "id": "projects/stone-booking-482114-v1/roles/managementVmOperator",
            "name": "projects/stone-booking-482114-v1/roles/managementVmOperator",
            "permissions": [
              "compute.instances.get",
              "compute.projects.get",
              "compute.zones.get",
              "iam.serviceAccounts.actAs",
              "logging.logEntries.create",
              "monitoring.metricDescriptors.create",
              "monitoring.metricDescriptors.get",
              "monitoring.metricDescriptors.list",
              "monitoring.timeSeries.create",
              "serviceusage.services.get",
              "serviceusage.services.list",
              "storage.buckets.get",
              "storage.objects.get"
            ],
            "project": "stone-booking-482114-v1",
            "role_id": "managementVmOperator",
            "stage": "GA",
            "title": "Management VM Operator"
          },
          "sensitive_attributes": [],
          "identity_schema_version": 0,
          "private": "bnVsbA=="
        }
      ]
    },
    {
      "module": "module.iam",
      "mode": "managed",
      "type": "google_service_account",
      "name": "sa",
      "provider": "provider[\"registry.terraform.io/hashicorp/google\"]",
      "instances": [
        {
          "index_key": "cloudrun-sa",
          "schema_version": 0,
          "attributes": {
            "account_id": "cloudrun-sa",
            "create_ignore_already_exists": null,
            "description": "cloudrun sa.",
            "disabled": false,
            "display_name": "Service Account for cloudrun",
            "email": "cloudrun-sa@stone-booking-482114-v1.iam.gserviceaccount.com",
            "id": "projects/stone-booking-482114-v1/serviceAccounts/cloudrun-sa@stone-booking-482114-v1.iam.gserviceaccount.com",
            "member": "serviceAccount:cloudrun-sa@stone-booking-482114-v1.iam.gserviceaccount.com",
            "name": "projects/stone-booking-482114-v1/serviceAccounts/cloudrun-sa@stone-booking-482114-v1.iam.gserviceaccount.com",
            "project": "stone-booking-482114-v1",
            "timeouts": null,
            "unique_id": "105057603461134540399"
          },
          "sensitive_attributes": [],
          "identity_schema_version": 0,
          "private": "eyJlMmJmYjczMC1lY2FhLTExZTYtOGY4OC0zNDM2M2JjN2M0YzAiOnsiY3JlYXRlIjozMDAwMDAwMDAwMDB9fQ=="
        },
        {
          "index_key": "gke-node-sa",
          "schema_version": 0,
          "attributes": {
            "account_id": "gke-node-sa",
            "create_ignore_already_exists": null,
            "description": "Used by GKE worker nodes to access Google Cloud APIs (e.g., pulling images, writing logs).",
            "disabled": false,
            "display_name": "Service Account for GKE Nodes",
            "email": "gke-node-sa@stone-booking-482114-v1.iam.gserviceaccount.com",
            "id": "projects/stone-booking-482114-v1/serviceAccounts/gke-node-sa@stone-booking-482114-v1.iam.gserviceaccount.com",
            "member": "serviceAccount:gke-node-sa@stone-booking-482114-v1.iam.gserviceaccount.com",
            "name": "projects/stone-booking-482114-v1/serviceAccounts/gke-node-sa@stone-booking-482114-v1.iam.gserviceaccount.com",
            "project": "stone-booking-482114-v1",
            "timeouts": null,
            "unique_id": "117397684890971257223"
          },
          "sensitive_attributes": [],
          "identity_schema_version": 0,
          "private": "eyJlMmJmYjczMC1lY2FhLTExZTYtOGY4OC0zNDM2M2JjN2M0YzAiOnsiY3JlYXRlIjozMDAwMDAwMDAwMDB9fQ=="
        },
        {
          "index_key": "management-vm-sa",
          "schema_version": 0,
          "attributes": {
            "account_id": "management-vm-sa",
            "create_ignore_already_exists": null,
            "description": "Used by the management VM for OS Login, logging, monitoring, and script access to Google Cloud services.",
            "disabled": false,
            "display_name": "Service Account for Management VM",
            "email": "management-vm-sa@stone-booking-482114-v1.iam.gserviceaccount.com",
            "id": "projects/stone-booking-482114-v1/serviceAccounts/management-vm-sa@stone-booking-482114-v1.iam.gserviceaccount.com",
            "member": "serviceAccount:management-vm-sa@stone-booking-482114-v1.iam.gserviceaccount.com",
            "name": "projects/stone-booking-482114-v1/serviceAccounts/management-vm-sa@stone-booking-482114-v1.iam.gserviceaccount.com",
            "project": "stone-booking-482114-v1",
            "timeouts": null,
            "unique_id": "114440650698207062204"
          },
          "sensitive_attributes": [],
          "identity_schema_version": 0,
          "private": "eyJlMmJmYjczMC1lY2FhLTExZTYtOGY4OC0zNDM2M2JjN2M0YzAiOnsiY3JlYXRlIjozMDAwMDAwMDAwMDB9fQ=="
        }
      ]
    },
    {
      "module": "module.iam",
      "mode": "managed",
      "type": "google_service_account_iam_binding",
      "name": "sa_authoritative",
      "provider": "provider[\"registry.terraform.io/hashicorp/google\"]",
      "instances": [
        {
          "index_key": "cloudrun-agent-token-creator",
          "schema_version": 0,
          "attributes": {
            "condition": [],
            "etag": "BwZG/WlbfUg=",
            "id": "projects/stone-booking-482114-v1/serviceAccounts/cloudrun-sa@stone-booking-482114-v1.iam.gserviceaccount.com/roles/iam.serviceAccountTokenCreator",
            "members": [
              "serviceAccount:service-164834404784@serverless-robot-prod.iam.gserviceaccount.com"
            ],
            "role": "roles/iam.serviceAccountTokenCreator",
            "service_account_id": "projects/stone-booking-482114-v1/serviceAccounts/cloudrun-sa@stone-booking-482114-v1.iam.gserviceaccount.com"
          },
          "sensitive_attributes": [],
          "identity_schema_version": 0,
          "private": "bnVsbA==",
          "dependencies": [
            "module.iam.google_service_account.sa"
          ]
        }
      ]
    },
    {
      "module": "module.iam_bindings",
      "mode": "managed",
      "type": "google_project_iam_binding",
      "name": "project_authoritative",
      "provider": "provider[\"registry.terraform.io/hashicorp/google\"]",
      "instances": [
        {
          "index_key": "cloudrun-artifact-registry",
          "schema_version": 0,
          "attributes": {
            "condition": [],
            "etag": "BwZG/XWUypg=",
            "id": "stone-booking-482114-v1/roles/artifactregistry.reader",
            "members": [
              "serviceAccount:cloudrun-sa@stone-booking-482114-v1.iam.gserviceaccount.com"
            ],
            "project": "stone-booking-482114-v1",
            "role": "roles/artifactregistry.reader"
          },
          "sensitive_attributes": [],
          "identity_schema_version": 0,
          "private": "bnVsbA==",
          "dependencies": [
            "module.iam.google_project_iam_binding.project_authoritative",
            "module.iam.google_project_iam_custom_role.custom",
            "module.iam.google_service_account.sa",
            "module.iam.google_service_account_iam_binding.sa_authoritative",
            "module.iam.google_storage_bucket_iam_member.bucket"
          ]
        },
        {
          "index_key": "cloudrun-cloudsql-client",
          "schema_version": 0,
          "attributes": {
            "condition": [],
            "etag": "BwZG/XWUypg=",
            "id": "stone-booking-482114-v1/roles/cloudsql.client",
            "members": [
              "serviceAccount:cloudrun-sa@stone-booking-482114-v1.iam.gserviceaccount.com"
            ],
            "project": "stone-booking-482114-v1",
            "role": "roles/cloudsql.client"
          },
          "sensitive_attributes": [],
          "identity_schema_version": 0,
          "private": "bnVsbA==",
          "dependencies": [
            "module.iam.google_project_iam_binding.project_authoritative",
            "module.iam.google_project_iam_custom_role.custom",
            "module.iam.google_service_account.sa",
            "module.iam.google_service_account_iam_binding.sa_authoritative",
            "module.iam.google_storage_bucket_iam_member.bucket"
          ]
        },
        {
          "index_key": "cloudrun-service-agent",
          "schema_version": 0,
          "attributes": {
            "condition": [],
            "etag": "BwZG/XWUypg=",
            "id": "stone-booking-482114-v1/roles/run.serviceAgent",
            "members": [
              "serviceAccount:cloudrun-sa@stone-booking-482114-v1.iam.gserviceaccount.com"
            ],
            "project": "stone-booking-482114-v1",
            "role": "roles/run.serviceAgent"
          },
          "sensitive_attributes": [],
          "identity_schema_version": 0,
          "private": "bnVsbA==",
          "dependencies": [
            "module.iam.google_project_iam_binding.project_authoritative",
            "module.iam.google_project_iam_custom_role.custom",
            "module.iam.google_service_account.sa",
            "module.iam.google_service_account_iam_binding.sa_authoritative",
            "module.iam.google_storage_bucket_iam_member.bucket"
          ]
        },
        {
          "index_key": "gke-node-default-role-binding",
          "schema_version": 0,
          "attributes": {
            "condition": [],
            "etag": "BwZG/XWUypg=",
            "id": "stone-booking-482114-v1/roles/container.defaultNodeServiceAccount",
            "members": [
              "serviceAccount:gke-node-sa@stone-booking-482114-v1.iam.gserviceaccount.com"
            ],
            "project": "stone-booking-482114-v1",
            "role": "roles/container.defaultNodeServiceAccount"
          },
          "sensitive_attributes": [],
          "identity_schema_version": 0,
          "private": "bnVsbA==",
          "dependencies": [
            "module.iam.google_project_iam_binding.project_authoritative",
            "module.iam.google_project_iam_custom_role.custom",
            "module.iam.google_service_account.sa",
            "module.iam.google_service_account_iam_binding.sa_authoritative",
            "module.iam.google_storage_bucket_iam_member.bucket"
          ]
        },
        {
          "index_key": "gke-node-logging-binding",
          "schema_version": 0,
          "attributes": {
            "condition": [],
            "etag": "BwZG/XWUypg=",
            "id": "stone-booking-482114-v1/roles/logging.logWriter",
            "members": [
              "serviceAccount:cloudrun-sa@stone-booking-482114-v1.iam.gserviceaccount.com",
              "serviceAccount:gke-node-sa@stone-booking-482114-v1.iam.gserviceaccount.com"
            ],
            "project": "stone-booking-482114-v1",
            "role": "roles/logging.logWriter"
          },
          "sensitive_attributes": [],
          "identity_schema_version": 0,
          "private": "bnVsbA==",
          "dependencies": [
            "module.iam.google_project_iam_binding.project_authoritative",
            "module.iam.google_project_iam_custom_role.custom",
            "module.iam.google_service_account.sa",
            "module.iam.google_service_account_iam_binding.sa_authoritative",
            "module.iam.google_storage_bucket_iam_member.bucket"
          ]
        },
        {
          "index_key": "gke-node-monitoring-binding",
          "schema_version": 0,
          "attributes": {
            "condition": [],
            "etag": "BwZG/XWUypg=",
            "id": "stone-booking-482114-v1/roles/monitoring.metricWriter",
            "members": [
              "serviceAccount:cloudrun-sa@stone-booking-482114-v1.iam.gserviceaccount.com",
              "serviceAccount:gke-node-sa@stone-booking-482114-v1.iam.gserviceaccount.com"
            ],
            "project": "stone-booking-482114-v1",
            "role": "roles/monitoring.metricWriter"
          },
          "sensitive_attributes": [],
          "identity_schema_version": 0,
          "private": "bnVsbA==",
          "dependencies": [
            "module.iam.google_project_iam_binding.project_authoritative",
            "module.iam.google_project_iam_custom_role.custom",
            "module.iam.google_service_account.sa",
            "module.iam.google_service_account_iam_binding.sa_authoritative",
            "module.iam.google_storage_bucket_iam_member.bucket"
          ]
        },
        {
          "index_key": "gke-node-pool-access-binding",
          "schema_version": 0,
          "attributes": {
            "condition": [],
            "etag": "BwZG/XWUypg=",
            "id": "stone-booking-482114-v1/roles/container.nodeServiceAccount",
            "members": [
              "serviceAccount:gke-node-sa@stone-booking-482114-v1.iam.gserviceaccount.com"
            ],
            "project": "stone-booking-482114-v1",
            "role": "roles/container.nodeServiceAccount"
          },
          "sensitive_attributes": [],
          "identity_schema_version": 0,
          "private": "bnVsbA==",
          "dependencies": [
            "module.iam.google_project_iam_binding.project_authoritative",
            "module.iam.google_project_iam_custom_role.custom",
            "module.iam.google_service_account.sa",
            "module.iam.google_service_account_iam_binding.sa_authoritative",
            "module.iam.google_storage_bucket_iam_member.bucket"
          ]
        },
        {
          "index_key": "management-vm-gke-developer-binding",
          "schema_version": 0,
          "attributes": {
            "condition": [
              {
                "description": "Temporary access matching the custom role.",
                "expression": "request.time \u003c timestamp(\"2025-12-31T23:59:59Z\")",
                "title": "temporary-access"
              }
            ],
            "etag": "BwZG/XWUypg=",
            "id": "stone-booking-482114-v1/roles/container.developer/temporary-access/Temporary access matching the custom role./request.time \u003c timestamp(\"2025-12-31T23:59:59Z\")",
            "members": [
              "serviceAccount:management-vm-sa@stone-booking-482114-v1.iam.gserviceaccount.com"
            ],
            "project": "stone-booking-482114-v1",
            "role": "roles/container.developer"
          },
          "sensitive_attributes": [],
          "identity_schema_version": 0,
          "private": "bnVsbA==",
          "dependencies": [
            "module.iam.google_project_iam_binding.project_authoritative",
            "module.iam.google_project_iam_custom_role.custom",
            "module.iam.google_service_account.sa",
            "module.iam.google_service_account_iam_binding.sa_authoritative",
            "module.iam.google_storage_bucket_iam_member.bucket"
          ]
        },
        {
          "index_key": "management-vm-operator-binding",
          "schema_version": 0,
          "attributes": {
            "condition": [
              {
                "description": "Temporary access for management VM during migration phase.",
                "expression": "request.time \u003c timestamp(\"2025-12-31T23:59:59Z\")",
                "title": "temporary-access"
              }
            ],
            "etag": "BwZG/XWUypg=",
            "id": "stone-booking-482114-v1/projects/stone-booking-482114-v1/roles/managementVmOperator/temporary-access/Temporary access for management VM during migration phase./request.time \u003c timestamp(\"2025-12-31T23:59:59Z\")",
            "members": [
              "serviceAccount:management-vm-sa@stone-booking-482114-v1.iam.gserviceaccount.com"
            ],
            "project": "stone-booking-482114-v1",
            "role": "projects/stone-booking-482114-v1/roles/managementVmOperator"
          },
          "sensitive_attributes": [],
          "identity_schema_version": 0,
          "private": "bnVsbA==",
          "dependencies": [
            "module.iam.google_project_iam_binding.project_authoritative",
            "module.iam.google_project_iam_custom_role.custom",
            "module.iam.google_service_account.sa",
            "module.iam.google_service_account_iam_binding.sa_authoritative",
            "module.iam.google_storage_bucket_iam_member.bucket"
          ]
        }
      ]
    },
    {
      "module": "module.nat[\"asia-southeast1-public-nat\"]",
      "mode": "managed",
      "type": "google_compute_router",
      "name": "router",
      "provider": "provider[\"registry.terraform.io/hashicorp/google\"]",
      "instances": [
        {
          "index_key": "asia-southeast1-nat-router",
          "schema_version": 0,
          "attributes": {
            "bgp": [],
            "creation_timestamp": "2025-12-27T22:22:07.888-08:00",
            "description": "Cloud Router for Cloud NAT gateway in asia-southeast1.",
            "encrypted_interconnect_router": false,
            "id": "projects/stone-booking-482114-v1/regions/asia-southeast1/routers/asia-southeast1-nat-router",
            "name": "asia-southeast1-nat-router",
            "network": "https://www.googleapis.com/compute/v1/projects/stone-booking-482114-v1/global/networks/sample-vpc",
            "project": "stone-booking-482114-v1",
            "region": "asia-southeast1",
            "self_link": "https://www.googleapis.com/compute/v1/projects/stone-booking-482114-v1/regions/asia-southeast1/routers/asia-southeast1-nat-router",
            "timeouts": null
          },
          "sensitive_attributes": [],
          "identity_schema_version": 0,
          "private": "eyJlMmJmYjczMC1lY2FhLTExZTYtOGY4OC0zNDM2M2JjN2M0YzAiOnsiY3JlYXRlIjoxMjAwMDAwMDAwMDAwLCJkZWxldGUiOjEyMDAwMDAwMDAwMDAsInVwZGF0ZSI6MTIwMDAwMDAwMDAwMH19",
          "dependencies": [
            "module.vpcs.google_compute_network.vpc",
            "module.vpcs.google_compute_subnetwork.subnets"
          ]
        }
      ]
    },
    {
      "module": "module.nat[\"asia-southeast1-public-nat\"]",
      "mode": "managed",
      "type": "google_compute_router_nat",
      "name": "nat",
      "provider": "provider[\"registry.terraform.io/hashicorp/google\"]",
      "instances": [
        {
          "index_key": "asia-southeast1-public-nat",
          "schema_version": 0,
          "attributes": {
            "auto_network_tier": "PREMIUM",
            "drain_nat_ips": [],
            "enable_dynamic_port_allocation": false,
            "enable_endpoint_independent_mapping": false,
            "endpoint_types": [
              "ENDPOINT_TYPE_VM"
            ],
            "icmp_idle_timeout_sec": 30,
            "id": "stone-booking-482114-v1/asia-southeast1/asia-southeast1-nat-router/asia-southeast1-public-nat",
            "log_config": [
              {
                "enable": true,
                "filter": "ALL"
              }
            ],
            "max_ports_per_vm": 0,
            "min_ports_per_vm": 64,
            "name": "asia-southeast1-public-nat",
            "nat_ip_allocate_option": "AUTO_ONLY",
            "nat_ips": [],
            "project": "stone-booking-482114-v1",
            "region": "asia-southeast1",
            "router": "asia-southeast1-nat-router",
            "rules": [],
            "source_subnetwork_ip_ranges_to_nat": "LIST_OF_SUBNETWORKS",
            "subnetwork": [
              {
                "name": "https://www.googleapis.com/compute/v1/projects/stone-booking-482114-v1/regions/asia-southeast1/subnetworks/compute-vm",
                "secondary_ip_range_names": [],
                "source_ip_ranges_to_nat": [
                  "ALL_IP_RANGES"
                ]
              },
              {
                "name": "https://www.googleapis.com/compute/v1/projects/stone-booking-482114-v1/regions/asia-southeast1/subnetworks/gke-primary",
                "secondary_ip_range_names": [],
                "source_ip_ranges_to_nat": [
                  "ALL_IP_RANGES"
                ]
              },
              {
                "name": "https://www.googleapis.com/compute/v1/projects/stone-booking-482114-v1/regions/asia-southeast1/subnetworks/management",
                "secondary_ip_range_names": [],
                "source_ip_ranges_to_nat": [
                  "ALL_IP_RANGES"
                ]
              }
            ],
            "tcp_established_idle_timeout_sec": 1200,
            "tcp_time_wait_timeout_sec": 120,
            "tcp_transitory_idle_timeout_sec": 30,
            "timeouts": null,
            "udp_idle_timeout_sec": 30
          },
          "sensitive_attributes": [],
          "identity_schema_version": 0,
          "private": "eyJlMmJmYjczMC1lY2FhLTExZTYtOGY4OC0zNDM2M2JjN2M0YzAiOnsiY3JlYXRlIjoxMjAwMDAwMDAwMDAwLCJkZWxldGUiOjEyMDAwMDAwMDAwMDAsInVwZGF0ZSI6MTIwMDAwMDAwMDAwMH19",
          "dependencies": [
            "module.nat.google_compute_router.router",
            "module.vpcs.google_compute_network.vpc",
            "module.vpcs.google_compute_subnetwork.subnets"
          ]
        }
      ]
    },
    {
      "module": "module.psa[\"sample-vpc\"]",
      "mode": "managed",
      "type": "google_compute_global_address",
      "name": "psa_range",
      "provider": "provider[\"registry.terraform.io/hashicorp/google\"]",
      "instances": [
        {
          "schema_version": 0,
          "attributes": {
            "address": "10.205.224.0",
            "address_type": "INTERNAL",
            "creation_timestamp": "2025-12-27T22:22:07.525-08:00",
            "description": "",
            "effective_labels": {},
            "id": "projects/stone-booking-482114-v1/global/addresses/sample-vpc-psa-range",
            "ip_version": "",
            "label_fingerprint": "42WmSpB8rSM=",
            "labels": {},
            "name": "sample-vpc-psa-range",
            "network": "https://www.googleapis.com/compute/v1/projects/stone-booking-482114-v1/global/networks/sample-vpc",
            "prefix_length": 20,
            "project": "stone-booking-482114-v1",
            "purpose": "VPC_PEERING",
            "self_link": "https://www.googleapis.com/compute/v1/projects/stone-booking-482114-v1/global/addresses/sample-vpc-psa-range",
            "terraform_labels": {},
            "timeouts": null
          },
          "sensitive_attributes": [],
          "identity_schema_version": 0,
          "private": "eyJlMmJmYjczMC1lY2FhLTExZTYtOGY4OC0zNDM2M2JjN2M0YzAiOnsiY3JlYXRlIjoxMjAwMDAwMDAwMDAwLCJkZWxldGUiOjEyMDAwMDAwMDAwMDAsInVwZGF0ZSI6MTIwMDAwMDAwMDAwMH19",
          "dependencies": [
            "module.vpcs.google_compute_network.vpc",
            "module.vpcs.google_compute_subnetwork.subnets"
          ]
        }
      ]
    },
    {
      "module": "module.psa[\"sample-vpc\"]",
      "mode": "managed",
      "type": "google_service_networking_connection",
      "name": "psa_peering",
      "provider": "provider[\"registry.terraform.io/hashicorp/google\"]",
      "instances": [
        {
          "schema_version": 0,
          "attributes": {
            "deletion_policy": null,
            "id": "https%3A%2F%2Fwww.googleapis.com%2Fcompute%2Fv1%2Fprojects%2Fstone-booking-482114-v1%2Fglobal%2Fnetworks%2Fsample-vpc:servicenetworking.googleapis.com",
            "network": "https://www.googleapis.com/compute/v1/projects/stone-booking-482114-v1/global/networks/sample-vpc",
            "peering": "servicenetworking-googleapis-com",
            "reserved_peering_ranges": [
              "sample-vpc-psa-range"
            ],
            "service": "servicenetworking.googleapis.com",
            "timeouts": null,
            "update_on_creation_fail": null
          },
          "sensitive_attributes": [],
          "identity_schema_version": 0,
          "private": "eyJlMmJmYjczMC1lY2FhLTExZTYtOGY4OC0zNDM2M2JjN2M0YzAiOnsiY3JlYXRlIjo2MDAwMDAwMDAwMDAsImRlbGV0ZSI6NjAwMDAwMDAwMDAwLCJ1cGRhdGUiOjYwMDAwMDAwMDAwMH19",
          "dependencies": [
            "module.psa.google_compute_global_address.psa_range",
            "module.vpcs.google_compute_network.vpc",
            "module.vpcs.google_compute_subnetwork.subnets"
          ]
        }
      ]
    },
    {
      "module": "module.vpcs[\"sample-vpc\"]",
      "mode": "managed",
      "type": "google_compute_network",
      "name": "vpc",
      "provider": "provider[\"registry.terraform.io/hashicorp/google\"]",
      "instances": [
        {
          "schema_version": 0,
          "attributes": {
            "auto_create_subnetworks": false,
            "delete_default_routes_on_create": false,
            "description": "VPC network for core services and applications",
            "enable_ula_internal_ipv6": false,
            "gateway_ipv4": "",
            "id": "projects/stone-booking-482114-v1/global/networks/sample-vpc",
            "internal_ipv6_range": "",
            "mtu": 1460,
            "name": "sample-vpc",
            "network_firewall_policy_enforcement_order": "AFTER_CLASSIC_FIREWALL",
            "numeric_id": "7516551211877495485",
            "project": "stone-booking-482114-v1",
            "routing_mode": "REGIONAL",
            "self_link": "https://www.googleapis.com/compute/v1/projects/stone-booking-482114-v1/global/networks/sample-vpc",
            "timeouts": null
          },
          "sensitive_attributes": [],
          "identity_schema_version": 0,
          "private": "eyJlMmJmYjczMC1lY2FhLTExZTYtOGY4OC0zNDM2M2JjN2M0YzAiOnsiY3JlYXRlIjoxMjAwMDAwMDAwMDAwLCJkZWxldGUiOjEyMDAwMDAwMDAwMDAsInVwZGF0ZSI6MTIwMDAwMDAwMDAwMH19"
        }
      ]
    },
    {
      "module": "module.vpcs[\"sample-vpc\"]",
      "mode": "managed",
      "type": "google_compute_subnetwork",
      "name": "subnets",
      "provider": "provider[\"registry.terraform.io/hashicorp/google\"]",
      "instances": [
        {
          "index_key": "asia-southeast1/compute-vm",
          "schema_version": 0,
          "attributes": {
            "creation_timestamp": "2025-12-27T22:21:25.020-08:00",
            "description": "Subnet for general purpose Compute Engine VMs",
            "external_ipv6_prefix": "",
            "fingerprint": null,
            "gateway_address": "10.0.7.1",
            "id": "projects/stone-booking-482114-v1/regions/asia-southeast1/subnetworks/compute-vm",
            "internal_ipv6_prefix": "",
            "ip_cidr_range": "10.0.7.0/24",
            "ipv6_access_type": "",
            "ipv6_cidr_range": "",
            "log_config": [],
            "name": "compute-vm",
            "network": "https://www.googleapis.com/compute/v1/projects/stone-booking-482114-v1/global/networks/sample-vpc",
            "private_ip_google_access": false,
            "private_ipv6_google_access": "DISABLE_GOOGLE_ACCESS",
            "project": "stone-booking-482114-v1",
            "purpose": "PRIVATE",
            "region": "asia-southeast1",
            "role": "",
            "secondary_ip_range": [],
            "self_link": "https://www.googleapis.com/compute/v1/projects/stone-booking-482114-v1/regions/asia-southeast1/subnetworks/compute-vm",
            "send_secondary_ip_range_if_empty": null,
            "stack_type": "IPV4_ONLY",
            "timeouts": null
          },
          "sensitive_attributes": [],
          "identity_schema_version": 0,
          "private": "eyJlMmJmYjczMC1lY2FhLTExZTYtOGY4OC0zNDM2M2JjN2M0YzAiOnsiY3JlYXRlIjoxMjAwMDAwMDAwMDAwLCJkZWxldGUiOjEyMDAwMDAwMDAwMDAsInVwZGF0ZSI6MTIwMDAwMDAwMDAwMH19",
          "dependencies": [
            "module.vpcs.google_compute_network.vpc"
          ]
        },
        {
          "index_key": "asia-southeast1/databases",
          "schema_version": 0,
          "attributes": {
            "creation_timestamp": "2025-12-27T22:21:31.986-08:00",
            "description": "Subnet for database instances (e.g., Cloud SQL, self-managed databases)",
            "external_ipv6_prefix": "",
            "fingerprint": null,
            "gateway_address": "10.0.1.1",
            "id": "projects/stone-booking-482114-v1/regions/asia-southeast1/subnetworks/databases",
            "internal_ipv6_prefix": "",
            "ip_cidr_range": "10.0.1.0/24",
            "ipv6_access_type": "",
            "ipv6_cidr_range": "",
            "log_config": [],
            "name": "databases",
            "network": "https://www.googleapis.com/compute/v1/projects/stone-booking-482114-v1/global/networks/sample-vpc",
            "private_ip_google_access": true,
            "private_ipv6_google_access": "DISABLE_GOOGLE_ACCESS",
            "project": "stone-booking-482114-v1",
            "purpose": "PRIVATE",
            "region": "asia-southeast1",
            "role": "",
            "secondary_ip_range": [],
            "self_link": "https://www.googleapis.com/compute/v1/projects/stone-booking-482114-v1/regions/asia-southeast1/subnetworks/databases",
            "send_secondary_ip_range_if_empty": null,
            "stack_type": "IPV4_ONLY",
            "timeouts": null
          },
          "sensitive_attributes": [],
          "identity_schema_version": 0,
          "private": "eyJlMmJmYjczMC1lY2FhLTExZTYtOGY4OC0zNDM2M2JjN2M0YzAiOnsiY3JlYXRlIjoxMjAwMDAwMDAwMDAwLCJkZWxldGUiOjEyMDAwMDAwMDAwMDAsInVwZGF0ZSI6MTIwMDAwMDAwMDAwMH19",
          "dependencies": [
            "module.vpcs.google_compute_network.vpc"
          ]
        },
        {
          "index_key": "asia-southeast1/gke-primary",
          "schema_version": 0,
          "attributes": {
            "creation_timestamp": "2025-12-27T22:21:24.621-08:00",
            "description": "Primary subnet for GKE cluster nodes",
            "external_ipv6_prefix": "",
            "fingerprint": null,
            "gateway_address": "10.0.2.1",
            "id": "projects/stone-booking-482114-v1/regions/asia-southeast1/subnetworks/gke-primary",
            "internal_ipv6_prefix": "",
            "ip_cidr_range": "10.0.2.0/23",
            "ipv6_access_type": "",
            "ipv6_cidr_range": "",
            "log_config": [],
            "name": "gke-primary",
            "network": "https://www.googleapis.com/compute/v1/projects/stone-booking-482114-v1/global/networks/sample-vpc",
            "private_ip_google_access": true,
            "private_ipv6_google_access": "DISABLE_GOOGLE_ACCESS",
            "project": "stone-booking-482114-v1",
            "purpose": "PRIVATE",
            "region": "asia-southeast1",
            "role": "",
            "secondary_ip_range": [
              {
                "ip_cidr_range": "10.1.0.0/20",
                "range_name": "gke-pods"
              },
              {
                "ip_cidr_range": "10.50.0.0/17",
                "range_name": "gke-services"
              }
            ],
            "self_link": "https://www.googleapis.com/compute/v1/projects/stone-booking-482114-v1/regions/asia-southeast1/subnetworks/gke-primary",
            "send_secondary_ip_range_if_empty": null,
            "stack_type": "IPV4_ONLY",
            "timeouts": null
          },
          "sensitive_attributes": [],
          "identity_schema_version": 0,
          "private": "eyJlMmJmYjczMC1lY2FhLTExZTYtOGY4OC0zNDM2M2JjN2M0YzAiOnsiY3JlYXRlIjoxMjAwMDAwMDAwMDAwLCJkZWxldGUiOjEyMDAwMDAwMDAwMDAsInVwZGF0ZSI6MTIwMDAwMDAwMDAwMH19",
          "dependencies": [
            "module.vpcs.google_compute_network.vpc"
          ]
        },
        {
          "index_key": "asia-southeast1/loadbalancer-proxy",
          "schema_version": 0,
          "attributes": {
            "creation_timestamp": "2025-12-27T22:21:31.834-08:00",
            "description": "Dedicated proxy-only subnet for internal HTTP(S) Load Balancers",
            "external_ipv6_prefix": "",
            "fingerprint": null,
            "gateway_address": "10.129.0.1",
            "id": "projects/stone-booking-482114-v1/regions/asia-southeast1/subnetworks/loadbalancer-proxy",
            "internal_ipv6_prefix": "",
            "ip_cidr_range": "10.129.0.0/23",
            "ipv6_access_type": "",
            "ipv6_cidr_range": "",
            "log_config": [],
            "name": "loadbalancer-proxy",
            "network": "https://www.googleapis.com/compute/v1/projects/stone-booking-482114-v1/global/networks/sample-vpc",
            "private_ip_google_access": false,
            "private_ipv6_google_access": "DISABLE_GOOGLE_ACCESS",
            "project": "stone-booking-482114-v1",
            "purpose": "REGIONAL_MANAGED_PROXY",
            "region": "asia-southeast1",
            "role": "ACTIVE",
            "secondary_ip_range": [],
            "self_link": "https://www.googleapis.com/compute/v1/projects/stone-booking-482114-v1/regions/asia-southeast1/subnetworks/loadbalancer-proxy",
            "send_secondary_ip_range_if_empty": null,
            "stack_type": "",
            "timeouts": null
          },
          "sensitive_attributes": [],
          "identity_schema_version": 0,
          "private": "eyJlMmJmYjczMC1lY2FhLTExZTYtOGY4OC0zNDM2M2JjN2M0YzAiOnsiY3JlYXRlIjoxMjAwMDAwMDAwMDAwLCJkZWxldGUiOjEyMDAwMDAwMDAwMDAsInVwZGF0ZSI6MTIwMDAwMDAwMDAwMH19",
          "dependencies": [
            "module.vpcs.google_compute_network.vpc"
          ]
        },
        {
          "index_key": "asia-southeast1/management",
          "schema_version": 0,
          "attributes": {
            "creation_timestamp": "2025-12-27T22:21:24.301-08:00",
            "description": "Subnet for management VMs and tools",
            "external_ipv6_prefix": "",
            "fingerprint": null,
            "gateway_address": "10.0.0.1",
            "id": "projects/stone-booking-482114-v1/regions/asia-southeast1/subnetworks/management",
            "internal_ipv6_prefix": "",
            "ip_cidr_range": "10.0.0.0/24",
            "ipv6_access_type": "",
            "ipv6_cidr_range": "",
            "log_config": [],
            "name": "management",
            "network": "https://www.googleapis.com/compute/v1/projects/stone-booking-482114-v1/global/networks/sample-vpc",
            "private_ip_google_access": true,
            "private_ipv6_google_access": "DISABLE_GOOGLE_ACCESS",
            "project": "stone-booking-482114-v1",
            "purpose": "PRIVATE",
            "region": "asia-southeast1",
            "role": "",
            "secondary_ip_range": [],
            "self_link": "https://www.googleapis.com/compute/v1/projects/stone-booking-482114-v1/regions/asia-southeast1/subnetworks/management",
            "send_secondary_ip_range_if_empty": null,
            "stack_type": "IPV4_ONLY",
            "timeouts": null
          },
          "sensitive_attributes": [],
          "identity_schema_version": 0,
          "private": "eyJlMmJmYjczMC1lY2FhLTExZTYtOGY4OC0zNDM2M2JjN2M0YzAiOnsiY3JlYXRlIjoxMjAwMDAwMDAwMDAwLCJkZWxldGUiOjEyMDAwMDAwMDAwMDAsInVwZGF0ZSI6MTIwMDAwMDAwMDAwMH19",
          "dependencies": [
            "module.vpcs.google_compute_network.vpc"
          ]
        },
        {
          "index_key": "asia-southeast1/serverless-cloudrun",
          "schema_version": 0,
          "attributes": {
            "creation_timestamp": "2025-12-27T22:21:23.848-08:00",
            "description": "Subnet for Serverless VPC Access for Cloud Run",
            "external_ipv6_prefix": "",
            "fingerprint": null,
            "gateway_address": "10.0.6.1",
            "id": "projects/stone-booking-482114-v1/regions/asia-southeast1/subnetworks/serverless-cloudrun",
            "internal_ipv6_prefix": "",
            "ip_cidr_range": "10.0.6.0/24",
            "ipv6_access_type": "",
            "ipv6_cidr_range": "",
            "log_config": [],
            "name": "serverless-cloudrun",
            "network": "https://www.googleapis.com/compute/v1/projects/stone-booking-482114-v1/global/networks/sample-vpc",
            "private_ip_google_access": false,
            "private_ipv6_google_access": "DISABLE_GOOGLE_ACCESS",
            "project": "stone-booking-482114-v1",
            "purpose": "PRIVATE",
            "region": "asia-southeast1",
            "role": "",
            "secondary_ip_range": [],
            "self_link": "https://www.googleapis.com/compute/v1/projects/stone-booking-482114-v1/regions/asia-southeast1/subnetworks/serverless-cloudrun",
            "send_secondary_ip_range_if_empty": null,
            "stack_type": "IPV4_ONLY",
            "timeouts": null
          },
          "sensitive_attributes": [],
          "identity_schema_version": 0,
          "private": "eyJlMmJmYjczMC1lY2FhLTExZTYtOGY4OC0zNDM2M2JjN2M0YzAiOnsiY3JlYXRlIjoxMjAwMDAwMDAwMDAwLCJkZWxldGUiOjEyMDAwMDAwMDAwMDAsInVwZGF0ZSI6MTIwMDAwMDAwMDAwMH19",
          "dependencies": [
            "module.vpcs.google_compute_network.vpc"
          ]
        }
      ]
    }
  ],
  "check_results": [
    {
      "object_kind": "var",
      "config_addr": "module.cloudsql.var.ssl_mode",
      "status": "pass",
      "objects": null
    },
    {
      "object_kind": "var",
      "config_addr": "module.cloudsql.var.disk_type",
      "status": "pass",
      "objects": null
    }
  ]
}
