{
  "version": 4,
  "terraform_version": "1.14.0",
  "serial": 109,
  "lineage": "ad077a50-6510-fb00-80ac-5de618e4d590",
  "outputs": {},
  "resources": [
    {
      "module": "module.firewalls[\"sample-vpc\"]",
      "mode": "managed",
      "type": "google_compute_firewall",
      "name": "rules",
      "provider": "provider[\"registry.terraform.io/hashicorp/google\"]",
      "instances": [
        {
          "index_key": "allow-egress-to-internet",
          "schema_version": 1,
          "attributes": {
            "allow": [
              {
                "ports": [
                  "53"
                ],
                "protocol": "udp"
              },
              {
                "ports": [
                  "80",
                  "443",
                  "53"
                ],
                "protocol": "tcp"
              },
              {
                "ports": [],
                "protocol": "icmp"
              }
            ],
            "creation_timestamp": "2025-12-22T00:54:05.375-08:00",
            "deny": [],
            "description": "Allows specified instances to make outbound connections to the internet on common ports.",
            "destination_ranges": [
              "0.0.0.0/0"
            ],
            "direction": "EGRESS",
            "disabled": false,
            "enable_logging": null,
            "id": "projects/adroit-nimbus-481707-i0/global/firewalls/allow-egress-to-internet",
            "log_config": [],
            "name": "allow-egress-to-internet",
            "network": "https://www.googleapis.com/compute/v1/projects/adroit-nimbus-481707-i0/global/networks/sample-vpc",
            "priority": 1100,
            "project": "adroit-nimbus-481707-i0",
            "self_link": "https://www.googleapis.com/compute/v1/projects/adroit-nimbus-481707-i0/global/firewalls/allow-egress-to-internet",
            "source_ranges": [],
            "source_service_accounts": [],
            "source_tags": [],
            "target_service_accounts": [],
            "target_tags": [
              "gke-node",
              "management-server",
              "outbound-internet"
            ],
            "timeouts": null
          },
          "sensitive_attributes": [],
          "identity_schema_version": 0,
          "private": "eyJlMmJmYjczMC1lY2FhLTExZTYtOGY4OC0zNDM2M2JjN2M0YzAiOnsiY3JlYXRlIjoxMjAwMDAwMDAwMDAwLCJkZWxldGUiOjEyMDAwMDAwMDAwMDAsInVwZGF0ZSI6MTIwMDAwMDAwMDAwMH0sInNjaGVtYV92ZXJzaW9uIjoiMSJ9",
          "dependencies": [
            "module.vpcs.google_compute_network.vpc",
            "module.vpcs.google_compute_subnetwork.subnets"
          ]
        },
        {
          "index_key": "allow-gke-to-databases",
          "schema_version": 1,
          "attributes": {
            "allow": [
              {
                "ports": [
                  "5432",
                  "3306",
                  "1433",
                  "6379"
                ],
                "protocol": "tcp"
              }
            ],
            "creation_timestamp": "2025-12-22T00:54:05.475-08:00",
            "deny": [],
            "description": "Allows traffic from GKE nodes/pods to the database subnet on specified database ports.",
            "destination_ranges": [],
            "direction": "INGRESS",
            "disabled": false,
            "enable_logging": null,
            "id": "projects/adroit-nimbus-481707-i0/global/firewalls/allow-gke-to-databases",
            "log_config": [],
            "name": "allow-gke-to-databases",
            "network": "https://www.googleapis.com/compute/v1/projects/adroit-nimbus-481707-i0/global/networks/sample-vpc",
            "priority": 200,
            "project": "adroit-nimbus-481707-i0",
            "self_link": "https://www.googleapis.com/compute/v1/projects/adroit-nimbus-481707-i0/global/firewalls/allow-gke-to-databases",
            "source_ranges": [
              "10.0.2.0/23",
              "10.1.0.0/20",
              "10.2.0.0/20"
            ],
            "source_service_accounts": [],
            "source_tags": [],
            "target_service_accounts": [],
            "target_tags": [],
            "timeouts": null
          },
          "sensitive_attributes": [],
          "identity_schema_version": 0,
          "private": "eyJlMmJmYjczMC1lY2FhLTExZTYtOGY4OC0zNDM2M2JjN2M0YzAiOnsiY3JlYXRlIjoxMjAwMDAwMDAwMDAwLCJkZWxldGUiOjEyMDAwMDAwMDAwMDAsInVwZGF0ZSI6MTIwMDAwMDAwMDAwMH0sInNjaGVtYV92ZXJzaW9uIjoiMSJ9",
          "dependencies": [
            "module.vpcs.google_compute_network.vpc",
            "module.vpcs.google_compute_subnetwork.subnets"
          ]
        },
        {
          "index_key": "allow-iap-ssh",
          "schema_version": 1,
          "attributes": {
            "allow": [
              {
                "ports": [
                  "22"
                ],
                "protocol": "tcp"
              }
            ],
            "creation_timestamp": "2025-12-22T00:54:05.462-08:00",
            "deny": [],
            "description": "Allows SSH access to VMs tagged 'iap-ssh' via Google Cloud IAP (Identity-Aware Proxy).",
            "destination_ranges": [],
            "direction": "INGRESS",
            "disabled": false,
            "enable_logging": null,
            "id": "projects/adroit-nimbus-481707-i0/global/firewalls/allow-iap-ssh",
            "log_config": [],
            "name": "allow-iap-ssh",
            "network": "https://www.googleapis.com/compute/v1/projects/adroit-nimbus-481707-i0/global/networks/sample-vpc",
            "priority": 110,
            "project": "adroit-nimbus-481707-i0",
            "self_link": "https://www.googleapis.com/compute/v1/projects/adroit-nimbus-481707-i0/global/firewalls/allow-iap-ssh",
            "source_ranges": [
              "35.235.240.0/20"
            ],
            "source_service_accounts": [],
            "source_tags": [],
            "target_service_accounts": [],
            "target_tags": [
              "iap-ssh"
            ],
            "timeouts": null
          },
          "sensitive_attributes": [],
          "identity_schema_version": 0,
          "private": "eyJlMmJmYjczMC1lY2FhLTExZTYtOGY4OC0zNDM2M2JjN2M0YzAiOnsiY3JlYXRlIjoxMjAwMDAwMDAwMDAwLCJkZWxldGUiOjEyMDAwMDAwMDAwMDAsInVwZGF0ZSI6MTIwMDAwMDAwMDAwMH0sInNjaGVtYV92ZXJzaW9uIjoiMSJ9",
          "dependencies": [
            "module.vpcs.google_compute_network.vpc",
            "module.vpcs.google_compute_subnetwork.subnets"
          ]
        },
        {
          "index_key": "allow-internal-all-subnets",
          "schema_version": 1,
          "attributes": {
            "allow": [
              {
                "ports": [
                  "0-65535"
                ],
                "protocol": "tcp"
              },
              {
                "ports": [
                  "0-65535"
                ],
                "protocol": "udp"
              },
              {
                "ports": [],
                "protocol": "icmp"
              }
            ],
            "creation_timestamp": "2025-12-22T00:54:05.454-08:00",
            "deny": [],
            "description": "Allows all TCP/UDP/ICMP communication between internal subnets within the 'sample-vpc'.",
            "destination_ranges": [],
            "direction": "INGRESS",
            "disabled": false,
            "enable_logging": null,
            "id": "projects/adroit-nimbus-481707-i0/global/firewalls/allow-internal-all-subnets",
            "log_config": [],
            "name": "allow-internal-all-subnets",
            "network": "https://www.googleapis.com/compute/v1/projects/adroit-nimbus-481707-i0/global/networks/sample-vpc",
            "priority": 300,
            "project": "adroit-nimbus-481707-i0",
            "self_link": "https://www.googleapis.com/compute/v1/projects/adroit-nimbus-481707-i0/global/firewalls/allow-internal-all-subnets",
            "source_ranges": [
              "10.0.0.0/8"
            ],
            "source_service_accounts": [],
            "source_tags": [],
            "target_service_accounts": [],
            "target_tags": [],
            "timeouts": null
          },
          "sensitive_attributes": [],
          "identity_schema_version": 0,
          "private": "eyJlMmJmYjczMC1lY2FhLTExZTYtOGY4OC0zNDM2M2JjN2M0YzAiOnsiY3JlYXRlIjoxMjAwMDAwMDAwMDAwLCJkZWxldGUiOjEyMDAwMDAwMDAwMDAsInVwZGF0ZSI6MTIwMDAwMDAwMDAwMH0sInNjaGVtYV92ZXJzaW9uIjoiMSJ9",
          "dependencies": [
            "module.vpcs.google_compute_network.vpc",
            "module.vpcs.google_compute_subnetwork.subnets"
          ]
        },
        {
          "index_key": "allow-internal-icmp",
          "schema_version": 1,
          "attributes": {
            "allow": [
              {
                "ports": [],
                "protocol": "icmp"
              }
            ],
            "creation_timestamp": "2025-12-22T00:54:05.410-08:00",
            "deny": [],
            "description": "Allows internal ICMP traffic for basic network diagnostics (ping).",
            "destination_ranges": [],
            "direction": "INGRESS",
            "disabled": false,
            "enable_logging": null,
            "id": "projects/adroit-nimbus-481707-i0/global/firewalls/allow-internal-icmp",
            "log_config": [],
            "name": "allow-internal-icmp",
            "network": "https://www.googleapis.com/compute/v1/projects/adroit-nimbus-481707-i0/global/networks/sample-vpc",
            "priority": 400,
            "project": "adroit-nimbus-481707-i0",
            "self_link": "https://www.googleapis.com/compute/v1/projects/adroit-nimbus-481707-i0/global/firewalls/allow-internal-icmp",
            "source_ranges": [
              "10.0.0.0/8"
            ],
            "source_service_accounts": [],
            "source_tags": [],
            "target_service_accounts": [],
            "target_tags": [],
            "timeouts": null
          },
          "sensitive_attributes": [],
          "identity_schema_version": 0,
          "private": "eyJlMmJmYjczMC1lY2FhLTExZTYtOGY4OC0zNDM2M2JjN2M0YzAiOnsiY3JlYXRlIjoxMjAwMDAwMDAwMDAwLCJkZWxldGUiOjEyMDAwMDAwMDAwMDAsInVwZGF0ZSI6MTIwMDAwMDAwMDAwMH0sInNjaGVtYV92ZXJzaW9uIjoiMSJ9",
          "dependencies": [
            "module.vpcs.google_compute_network.vpc",
            "module.vpcs.google_compute_subnetwork.subnets"
          ]
        },
        {
          "index_key": "allow-lb-health-checks",
          "schema_version": 1,
          "attributes": {
            "allow": [
              {
                "ports": [
                  "80",
                  "443",
                  "8080",
                  "8443",
                  "10250"
                ],
                "protocol": "tcp"
              }
            ],
            "creation_timestamp": "2025-12-22T00:54:05.447-08:00",
            "deny": [],
            "description": "Allows Google Cloud Load Balancer health check probes to target backends.",
            "destination_ranges": [],
            "direction": "INGRESS",
            "disabled": false,
            "enable_logging": null,
            "id": "projects/adroit-nimbus-481707-i0/global/firewalls/allow-lb-health-checks",
            "log_config": [],
            "name": "allow-lb-health-checks",
            "network": "https://www.googleapis.com/compute/v1/projects/adroit-nimbus-481707-i0/global/networks/sample-vpc",
            "priority": 500,
            "project": "adroit-nimbus-481707-i0",
            "self_link": "https://www.googleapis.com/compute/v1/projects/adroit-nimbus-481707-i0/global/firewalls/allow-lb-health-checks",
            "source_ranges": [
              "130.211.0.0/22",
              "209.85.152.0/22",
              "209.85.204.0/22",
              "35.191.0.0/16"
            ],
            "source_service_accounts": [],
            "source_tags": [],
            "target_service_accounts": [],
            "target_tags": [
              "application-backend",
              "gke-node",
              "management-server"
            ],
            "timeouts": null
          },
          "sensitive_attributes": [],
          "identity_schema_version": 0,
          "private": "eyJlMmJmYjczMC1lY2FhLTExZTYtOGY4OC0zNDM2M2JjN2M0YzAiOnsiY3JlYXRlIjoxMjAwMDAwMDAwMDAwLCJkZWxldGUiOjEyMDAwMDAwMDAwMDAsInVwZGF0ZSI6MTIwMDAwMDAwMDAwMH0sInNjaGVtYV92ZXJzaW9uIjoiMSJ9",
          "dependencies": [
            "module.vpcs.google_compute_network.vpc",
            "module.vpcs.google_compute_subnetwork.subnets"
          ]
        },
        {
          "index_key": "deny-all-other-egress",
          "schema_version": 1,
          "attributes": {
            "allow": [],
            "creation_timestamp": "2025-12-22T00:54:05.380-08:00",
            "deny": [
              {
                "ports": [],
                "protocol": "all"
              }
            ],
            "description": "Explicitly denies all outbound traffic not explicitly allowed by higher priority rules. Critical for 'deny by default' security.",
            "destination_ranges": [
              "0.0.0.0/0"
            ],
            "direction": "EGRESS",
            "disabled": false,
            "enable_logging": null,
            "id": "projects/adroit-nimbus-481707-i0/global/firewalls/deny-all-other-egress",
            "log_config": [],
            "name": "deny-all-other-egress",
            "network": "https://www.googleapis.com/compute/v1/projects/adroit-nimbus-481707-i0/global/networks/sample-vpc",
            "priority": 65534,
            "project": "adroit-nimbus-481707-i0",
            "self_link": "https://www.googleapis.com/compute/v1/projects/adroit-nimbus-481707-i0/global/firewalls/deny-all-other-egress",
            "source_ranges": [],
            "source_service_accounts": [],
            "source_tags": [],
            "target_service_accounts": [],
            "target_tags": [],
            "timeouts": null
          },
          "sensitive_attributes": [],
          "identity_schema_version": 0,
          "private": "eyJlMmJmYjczMC1lY2FhLTExZTYtOGY4OC0zNDM2M2JjN2M0YzAiOnsiY3JlYXRlIjoxMjAwMDAwMDAwMDAwLCJkZWxldGUiOjEyMDAwMDAwMDAwMDAsInVwZGF0ZSI6MTIwMDAwMDAwMDAwMH0sInNjaGVtYV92ZXJzaW9uIjoiMSJ9",
          "dependencies": [
            "module.vpcs.google_compute_network.vpc",
            "module.vpcs.google_compute_subnetwork.subnets"
          ]
        },
        {
          "index_key": "deny-all-other-ingress",
          "schema_version": 1,
          "attributes": {
            "allow": [],
            "creation_timestamp": "2025-12-22T00:54:05.454-08:00",
            "deny": [
              {
                "ports": [],
                "protocol": "all"
              }
            ],
            "description": "Explicitly denies all inbound traffic not explicitly allowed by higher priority rules. Critical for 'deny by default' security.",
            "destination_ranges": [],
            "direction": "INGRESS",
            "disabled": false,
            "enable_logging": null,
            "id": "projects/adroit-nimbus-481707-i0/global/firewalls/deny-all-other-ingress",
            "log_config": [],
            "name": "deny-all-other-ingress",
            "network": "https://www.googleapis.com/compute/v1/projects/adroit-nimbus-481707-i0/global/networks/sample-vpc",
            "priority": 65534,
            "project": "adroit-nimbus-481707-i0",
            "self_link": "https://www.googleapis.com/compute/v1/projects/adroit-nimbus-481707-i0/global/firewalls/deny-all-other-ingress",
            "source_ranges": [
              "0.0.0.0/0"
            ],
            "source_service_accounts": [],
            "source_tags": [],
            "target_service_accounts": [],
            "target_tags": [],
            "timeouts": null
          },
          "sensitive_attributes": [],
          "identity_schema_version": 0,
          "private": "eyJlMmJmYjczMC1lY2FhLTExZTYtOGY4OC0zNDM2M2JjN2M0YzAiOnsiY3JlYXRlIjoxMjAwMDAwMDAwMDAwLCJkZWxldGUiOjEyMDAwMDAwMDAwMDAsInVwZGF0ZSI6MTIwMDAwMDAwMDAwMH0sInNjaGVtYV92ZXJzaW9uIjoiMSJ9",
          "dependencies": [
            "module.vpcs.google_compute_network.vpc",
            "module.vpcs.google_compute_subnetwork.subnets"
          ]
        }
      ]
    },
    {
      "module": "module.iam",
      "mode": "managed",
      "type": "google_project_iam_binding",
      "name": "project_authoritative",
      "provider": "provider[\"registry.terraform.io/hashicorp/google\"]",
      "instances": [
        {
          "index_key": "cloud-run-viewer-binding",
          "schema_version": 0,
          "attributes": {
            "condition": [],
            "etag": "BwZGho9jknI=",
            "id": "adroit-nimbus-481707-i0/roles/run.viewer",
            "members": [
              "serviceAccount:cloud-run-sa@adroit-nimbus-481707-i0.iam.gserviceaccount.com"
            ],
            "project": "adroit-nimbus-481707-i0",
            "role": "roles/run.viewer"
          },
          "sensitive_attributes": [],
          "identity_schema_version": 0,
          "private": "bnVsbA=="
        },
        {
          "index_key": "gke-node-logging-binding",
          "schema_version": 0,
          "attributes": {
            "condition": [],
            "etag": "BwZGho9jknI=",
            "id": "adroit-nimbus-481707-i0/roles/logging.logWriter",
            "members": [
              "serviceAccount:gke-node-sa@adroit-nimbus-481707-i0.iam.gserviceaccount.com"
            ],
            "project": "adroit-nimbus-481707-i0",
            "role": "roles/logging.logWriter"
          },
          "sensitive_attributes": [],
          "identity_schema_version": 0,
          "private": "bnVsbA=="
        },
        {
          "index_key": "gke-node-monitoring-binding",
          "schema_version": 0,
          "attributes": {
            "condition": [],
            "etag": "BwZGho9jknI=",
            "id": "adroit-nimbus-481707-i0/roles/monitoring.metricWriter",
            "members": [
              "serviceAccount:gke-node-sa@adroit-nimbus-481707-i0.iam.gserviceaccount.com"
            ],
            "project": "adroit-nimbus-481707-i0",
            "role": "roles/monitoring.metricWriter"
          },
          "sensitive_attributes": [],
          "identity_schema_version": 0,
          "private": "bnVsbA=="
        },
        {
          "index_key": "gke-node-pool-access-binding",
          "schema_version": 0,
          "attributes": {
            "condition": [],
            "etag": "BwZGho9jknI=",
            "id": "adroit-nimbus-481707-i0/roles/container.nodeServiceAccount",
            "members": [
              "serviceAccount:gke-node-sa@adroit-nimbus-481707-i0.iam.gserviceaccount.com"
            ],
            "project": "adroit-nimbus-481707-i0",
            "role": "roles/container.nodeServiceAccount"
          },
          "sensitive_attributes": [],
          "identity_schema_version": 0,
          "private": "bnVsbA=="
        },
        {
          "index_key": "management-vm-operator-binding",
          "schema_version": 0,
          "attributes": {
            "condition": [
              {
                "description": "Temporary access for management VM during migration phase.",
                "expression": "request.time \u003c timestamp(\"2024-12-31T23:59:59Z\")",
                "title": "temporary-access"
              }
            ],
            "etag": "BwZGho9jknI=",
            "id": "adroit-nimbus-481707-i0/projects/adroit-nimbus-481707-i0/roles/managementVmOperator/temporary-access/Temporary access for management VM during migration phase./request.time \u003c timestamp(\"2024-12-31T23:59:59Z\")",
            "members": [
              "serviceAccount:management-vm-sa@adroit-nimbus-481707-i0.iam.gserviceaccount.com"
            ],
            "project": "adroit-nimbus-481707-i0",
            "role": "projects/adroit-nimbus-481707-i0/roles/managementVmOperator"
          },
          "sensitive_attributes": [],
          "identity_schema_version": 0,
          "private": "bnVsbA=="
        },
        {
          "index_key": "my-app-gsa-storage-reader-binding",
          "schema_version": 0,
          "attributes": {
            "condition": [],
            "etag": "BwZGho9jknI=",
            "id": "adroit-nimbus-481707-i0/roles/storage.objectViewer",
            "members": [
              "serviceAccount:my-app-gsa@adroit-nimbus-481707-i0.iam.gserviceaccount.com"
            ],
            "project": "adroit-nimbus-481707-i0",
            "role": "roles/storage.objectViewer"
          },
          "sensitive_attributes": [],
          "identity_schema_version": 0,
          "private": "bnVsbA=="
        }
      ]
    },
    {
      "module": "module.iam",
      "mode": "managed",
      "type": "google_project_iam_custom_role",
      "name": "custom",
      "provider": "provider[\"registry.terraform.io/hashicorp/google\"]",
      "instances": [
        {
          "index_key": "management-vm-operator-role",
          "schema_version": 0,
          "attributes": {
            "deleted": false,
            "description": "Grants permissions required for the management VM (bastion host, monitoring agent) to operate securely within the project. Allows OS Login access, writes logs/metrics, and reads from GCS for scripts.",
            "id": "projects/adroit-nimbus-481707-i0/roles/managementVmOperator",
            "name": "projects/adroit-nimbus-481707-i0/roles/managementVmOperator",
            "permissions": [
              "compute.instances.get",
              "compute.projects.get",
              "compute.zones.get",
              "iam.serviceAccounts.actAs",
              "logging.logEntries.create",
              "monitoring.metricDescriptors.create",
              "monitoring.metricDescriptors.get",
              "monitoring.metricDescriptors.list",
              "monitoring.timeSeries.create",
              "serviceusage.services.get",
              "serviceusage.services.list",
              "storage.buckets.get",
              "storage.objects.get"
            ],
            "project": "adroit-nimbus-481707-i0",
            "role_id": "managementVmOperator",
            "stage": "GA",
            "title": "Management VM Operator"
          },
          "sensitive_attributes": [],
          "identity_schema_version": 0,
          "private": "bnVsbA=="
        }
      ]
    },
    {
      "module": "module.iam",
      "mode": "managed",
      "type": "google_service_account",
      "name": "sa",
      "provider": "provider[\"registry.terraform.io/hashicorp/google\"]",
      "instances": [
        {
          "index_key": "cloud-run-sa",
          "schema_version": 0,
          "attributes": {
            "account_id": "cloud-run-sa",
            "create_ignore_already_exists": null,
            "description": "Used by Cloud Run services to access backend GCP services securely (e.g., Cloud SQL, Storage, Pub/Sub).",
            "disabled": false,
            "display_name": "Service Account for Cloud Run Services",
            "email": "cloud-run-sa@adroit-nimbus-481707-i0.iam.gserviceaccount.com",
            "id": "projects/adroit-nimbus-481707-i0/serviceAccounts/cloud-run-sa@adroit-nimbus-481707-i0.iam.gserviceaccount.com",
            "member": "serviceAccount:cloud-run-sa@adroit-nimbus-481707-i0.iam.gserviceaccount.com",
            "name": "projects/adroit-nimbus-481707-i0/serviceAccounts/cloud-run-sa@adroit-nimbus-481707-i0.iam.gserviceaccount.com",
            "project": "adroit-nimbus-481707-i0",
            "timeouts": null,
            "unique_id": "107047078976641946563"
          },
          "sensitive_attributes": [],
          "identity_schema_version": 0,
          "private": "eyJlMmJmYjczMC1lY2FhLTExZTYtOGY4OC0zNDM2M2JjN2M0YzAiOnsiY3JlYXRlIjozMDAwMDAwMDAwMDB9fQ=="
        },
        {
          "index_key": "gke-node-sa",
          "schema_version": 0,
          "attributes": {
            "account_id": "gke-node-sa",
            "create_ignore_already_exists": null,
            "description": "Used by GKE worker nodes to access Google Cloud APIs (e.g., pulling images, writing logs).",
            "disabled": false,
            "display_name": "Service Account for GKE Nodes",
            "email": "gke-node-sa@adroit-nimbus-481707-i0.iam.gserviceaccount.com",
            "id": "projects/adroit-nimbus-481707-i0/serviceAccounts/gke-node-sa@adroit-nimbus-481707-i0.iam.gserviceaccount.com",
            "member": "serviceAccount:gke-node-sa@adroit-nimbus-481707-i0.iam.gserviceaccount.com",
            "name": "projects/adroit-nimbus-481707-i0/serviceAccounts/gke-node-sa@adroit-nimbus-481707-i0.iam.gserviceaccount.com",
            "project": "adroit-nimbus-481707-i0",
            "timeouts": null,
            "unique_id": "116080063612827857111"
          },
          "sensitive_attributes": [],
          "identity_schema_version": 0,
          "private": "eyJlMmJmYjczMC1lY2FhLTExZTYtOGY4OC0zNDM2M2JjN2M0YzAiOnsiY3JlYXRlIjozMDAwMDAwMDAwMDB9fQ=="
        },
        {
          "index_key": "management-vm-sa",
          "schema_version": 0,
          "attributes": {
            "account_id": "management-vm-sa",
            "create_ignore_already_exists": null,
            "description": "Used by the management VM for OS Login, logging, monitoring, and script access to Google Cloud services.",
            "disabled": false,
            "display_name": "Service Account for Management VM",
            "email": "management-vm-sa@adroit-nimbus-481707-i0.iam.gserviceaccount.com",
            "id": "projects/adroit-nimbus-481707-i0/serviceAccounts/management-vm-sa@adroit-nimbus-481707-i0.iam.gserviceaccount.com",
            "member": "serviceAccount:management-vm-sa@adroit-nimbus-481707-i0.iam.gserviceaccount.com",
            "name": "projects/adroit-nimbus-481707-i0/serviceAccounts/management-vm-sa@adroit-nimbus-481707-i0.iam.gserviceaccount.com",
            "project": "adroit-nimbus-481707-i0",
            "timeouts": null,
            "unique_id": "111918018064507461119"
          },
          "sensitive_attributes": [],
          "identity_schema_version": 0,
          "private": "eyJlMmJmYjczMC1lY2FhLTExZTYtOGY4OC0zNDM2M2JjN2M0YzAiOnsiY3JlYXRlIjozMDAwMDAwMDAwMDB9fQ=="
        },
        {
          "index_key": "my-app-gsa",
          "schema_version": 0,
          "attributes": {
            "account_id": "my-app-gsa",
            "create_ignore_already_exists": null,
            "description": "Used by specific application pods in GKE via Workload Identity to access GCP services.",
            "disabled": false,
            "display_name": "Service Account for My Application in GKE",
            "email": "my-app-gsa@adroit-nimbus-481707-i0.iam.gserviceaccount.com",
            "id": "projects/adroit-nimbus-481707-i0/serviceAccounts/my-app-gsa@adroit-nimbus-481707-i0.iam.gserviceaccount.com",
            "member": "serviceAccount:my-app-gsa@adroit-nimbus-481707-i0.iam.gserviceaccount.com",
            "name": "projects/adroit-nimbus-481707-i0/serviceAccounts/my-app-gsa@adroit-nimbus-481707-i0.iam.gserviceaccount.com",
            "project": "adroit-nimbus-481707-i0",
            "timeouts": null,
            "unique_id": "105174504929647890990"
          },
          "sensitive_attributes": [],
          "identity_schema_version": 0,
          "private": "eyJlMmJmYjczMC1lY2FhLTExZTYtOGY4OC0zNDM2M2JjN2M0YzAiOnsiY3JlYXRlIjozMDAwMDAwMDAwMDB9fQ=="
        }
      ]
    },
    {
      "module": "module.iam",
      "mode": "managed",
      "type": "google_service_account_iam_binding",
      "name": "sa_authoritative",
      "provider": "provider[\"registry.terraform.io/hashicorp/google\"]",
      "instances": [
        {
          "index_key": "workload-identity-my-app-binding",
          "schema_version": 0,
          "attributes": {
            "condition": [],
            "etag": "BwZGho47XLc=",
            "id": "projects/adroit-nimbus-481707-i0/serviceAccounts/my-app-gsa@adroit-nimbus-481707-i0.iam.gserviceaccount.com/roles/iam.workloadIdentityUser",
            "members": [
              "serviceAccount:adroit-nimbus-481707-i0.svc.id.goog[default/my-app-ksa]"
            ],
            "role": "roles/iam.workloadIdentityUser",
            "service_account_id": "projects/adroit-nimbus-481707-i0/serviceAccounts/my-app-gsa@adroit-nimbus-481707-i0.iam.gserviceaccount.com"
          },
          "sensitive_attributes": [],
          "identity_schema_version": 0,
          "private": "bnVsbA==",
          "dependencies": [
            "module.iam.google_service_account.sa"
          ]
        }
      ]
    },
    {
      "module": "module.iam_bindings",
      "mode": "managed",
      "type": "google_project_iam_binding",
      "name": "project_authoritative",
      "provider": "provider[\"registry.terraform.io/hashicorp/google\"]",
      "instances": [
        {
          "index_key": "cloud-run-viewer-binding",
          "schema_version": 0,
          "attributes": {
            "condition": [],
            "etag": "BwZGhq6nlQQ=",
            "id": "adroit-nimbus-481707-i0/roles/run.viewer",
            "members": [
              "serviceAccount:cloud-run-sa@adroit-nimbus-481707-i0.iam.gserviceaccount.com"
            ],
            "project": "adroit-nimbus-481707-i0",
            "role": "roles/run.viewer"
          },
          "sensitive_attributes": [],
          "identity_schema_version": 0,
          "private": "bnVsbA==",
          "dependencies": [
            "module.iam.google_project_iam_binding.project_authoritative",
            "module.iam.google_project_iam_custom_role.custom",
            "module.iam.google_service_account.sa",
            "module.iam.google_service_account_iam_binding.sa_authoritative",
            "module.iam.google_storage_bucket_iam_member.bucket"
          ]
        },
        {
          "index_key": "gke-node-logging-binding",
          "schema_version": 0,
          "attributes": {
            "condition": [],
            "etag": "BwZGhq6nlQQ=",
            "id": "adroit-nimbus-481707-i0/roles/logging.logWriter",
            "members": [
              "serviceAccount:gke-node-sa@adroit-nimbus-481707-i0.iam.gserviceaccount.com"
            ],
            "project": "adroit-nimbus-481707-i0",
            "role": "roles/logging.logWriter"
          },
          "sensitive_attributes": [],
          "identity_schema_version": 0,
          "private": "bnVsbA==",
          "dependencies": [
            "module.iam.google_project_iam_binding.project_authoritative",
            "module.iam.google_project_iam_custom_role.custom",
            "module.iam.google_service_account.sa",
            "module.iam.google_service_account_iam_binding.sa_authoritative",
            "module.iam.google_storage_bucket_iam_member.bucket"
          ]
        },
        {
          "index_key": "gke-node-monitoring-binding",
          "schema_version": 0,
          "attributes": {
            "condition": [],
            "etag": "BwZGhq6nlQQ=",
            "id": "adroit-nimbus-481707-i0/roles/monitoring.metricWriter",
            "members": [
              "serviceAccount:gke-node-sa@adroit-nimbus-481707-i0.iam.gserviceaccount.com"
            ],
            "project": "adroit-nimbus-481707-i0",
            "role": "roles/monitoring.metricWriter"
          },
          "sensitive_attributes": [],
          "identity_schema_version": 0,
          "private": "bnVsbA==",
          "dependencies": [
            "module.iam.google_project_iam_binding.project_authoritative",
            "module.iam.google_project_iam_custom_role.custom",
            "module.iam.google_service_account.sa",
            "module.iam.google_service_account_iam_binding.sa_authoritative",
            "module.iam.google_storage_bucket_iam_member.bucket"
          ]
        },
        {
          "index_key": "gke-node-pool-access-binding",
          "schema_version": 0,
          "attributes": {
            "condition": [],
            "etag": "BwZGhq6nlQQ=",
            "id": "adroit-nimbus-481707-i0/roles/container.nodeServiceAccount",
            "members": [
              "serviceAccount:gke-node-sa@adroit-nimbus-481707-i0.iam.gserviceaccount.com"
            ],
            "project": "adroit-nimbus-481707-i0",
            "role": "roles/container.nodeServiceAccount"
          },
          "sensitive_attributes": [],
          "identity_schema_version": 0,
          "private": "bnVsbA==",
          "dependencies": [
            "module.iam.google_project_iam_binding.project_authoritative",
            "module.iam.google_project_iam_custom_role.custom",
            "module.iam.google_service_account.sa",
            "module.iam.google_service_account_iam_binding.sa_authoritative",
            "module.iam.google_storage_bucket_iam_member.bucket"
          ]
        },
        {
          "index_key": "management-vm-operator-binding",
          "schema_version": 0,
          "attributes": {
            "condition": [
              {
                "description": "Temporary access for management VM during migration phase.",
                "expression": "request.time \u003c timestamp(\"2024-12-31T23:59:59Z\")",
                "title": "temporary-access"
              }
            ],
            "etag": "BwZGhq6nlQQ=",
            "id": "adroit-nimbus-481707-i0/projects/adroit-nimbus-481707-i0/roles/managementVmOperator/temporary-access/Temporary access for management VM during migration phase./request.time \u003c timestamp(\"2024-12-31T23:59:59Z\")",
            "members": [
              "serviceAccount:management-vm-sa@adroit-nimbus-481707-i0.iam.gserviceaccount.com"
            ],
            "project": "adroit-nimbus-481707-i0",
            "role": "projects/adroit-nimbus-481707-i0/roles/managementVmOperator"
          },
          "sensitive_attributes": [],
          "identity_schema_version": 0,
          "private": "bnVsbA==",
          "dependencies": [
            "module.iam.google_project_iam_binding.project_authoritative",
            "module.iam.google_project_iam_custom_role.custom",
            "module.iam.google_service_account.sa",
            "module.iam.google_service_account_iam_binding.sa_authoritative",
            "module.iam.google_storage_bucket_iam_member.bucket"
          ]
        },
        {
          "index_key": "my-app-gsa-storage-reader-binding",
          "schema_version": 0,
          "attributes": {
            "condition": [],
            "etag": "BwZGhq6nlQQ=",
            "id": "adroit-nimbus-481707-i0/roles/storage.objectViewer",
            "members": [
              "serviceAccount:my-app-gsa@adroit-nimbus-481707-i0.iam.gserviceaccount.com"
            ],
            "project": "adroit-nimbus-481707-i0",
            "role": "roles/storage.objectViewer"
          },
          "sensitive_attributes": [],
          "identity_schema_version": 0,
          "private": "bnVsbA==",
          "dependencies": [
            "module.iam.google_project_iam_binding.project_authoritative",
            "module.iam.google_project_iam_custom_role.custom",
            "module.iam.google_service_account.sa",
            "module.iam.google_service_account_iam_binding.sa_authoritative",
            "module.iam.google_storage_bucket_iam_member.bucket"
          ]
        }
      ]
    },
    {
      "module": "module.nat[\"asia-southeast1-public-nat\"]",
      "mode": "managed",
      "type": "google_compute_router",
      "name": "router",
      "provider": "provider[\"registry.terraform.io/hashicorp/google\"]",
      "instances": [
        {
          "index_key": "asia-southeast1-nat-router",
          "schema_version": 0,
          "attributes": {
            "bgp": [],
            "creation_timestamp": "2025-12-22T00:54:05.880-08:00",
            "description": "Cloud Router for Cloud NAT gateway in asia-southeast1.",
            "encrypted_interconnect_router": false,
            "id": "projects/adroit-nimbus-481707-i0/regions/asia-southeast1/routers/asia-southeast1-nat-router",
            "name": "asia-southeast1-nat-router",
            "network": "https://www.googleapis.com/compute/v1/projects/adroit-nimbus-481707-i0/global/networks/sample-vpc",
            "project": "adroit-nimbus-481707-i0",
            "region": "asia-southeast1",
            "self_link": "https://www.googleapis.com/compute/v1/projects/adroit-nimbus-481707-i0/regions/asia-southeast1/routers/asia-southeast1-nat-router",
            "timeouts": null
          },
          "sensitive_attributes": [],
          "identity_schema_version": 0,
          "private": "eyJlMmJmYjczMC1lY2FhLTExZTYtOGY4OC0zNDM2M2JjN2M0YzAiOnsiY3JlYXRlIjoxMjAwMDAwMDAwMDAwLCJkZWxldGUiOjEyMDAwMDAwMDAwMDAsInVwZGF0ZSI6MTIwMDAwMDAwMDAwMH19",
          "dependencies": [
            "module.vpcs.google_compute_network.vpc",
            "module.vpcs.google_compute_subnetwork.subnets"
          ]
        }
      ]
    },
    {
      "module": "module.nat[\"asia-southeast1-public-nat\"]",
      "mode": "managed",
      "type": "google_compute_router_nat",
      "name": "nat",
      "provider": "provider[\"registry.terraform.io/hashicorp/google\"]",
      "instances": [
        {
          "index_key": "asia-southeast1-public-nat",
          "schema_version": 0,
          "attributes": {
            "auto_network_tier": "PREMIUM",
            "drain_nat_ips": [],
            "enable_dynamic_port_allocation": false,
            "enable_endpoint_independent_mapping": false,
            "endpoint_types": [
              "ENDPOINT_TYPE_VM"
            ],
            "icmp_idle_timeout_sec": 30,
            "id": "adroit-nimbus-481707-i0/asia-southeast1/asia-southeast1-nat-router/asia-southeast1-public-nat",
            "log_config": [
              {
                "enable": true,
                "filter": "ALL"
              }
            ],
            "max_ports_per_vm": 0,
            "min_ports_per_vm": 64,
            "name": "asia-southeast1-public-nat",
            "nat_ip_allocate_option": "AUTO_ONLY",
            "nat_ips": [],
            "project": "adroit-nimbus-481707-i0",
            "region": "asia-southeast1",
            "router": "asia-southeast1-nat-router",
            "rules": [],
            "source_subnetwork_ip_ranges_to_nat": "LIST_OF_SUBNETWORKS",
            "subnetwork": [
              {
                "name": "https://www.googleapis.com/compute/v1/projects/adroit-nimbus-481707-i0/regions/asia-southeast1/subnetworks/compute-vm",
                "secondary_ip_range_names": [],
                "source_ip_ranges_to_nat": [
                  "ALL_IP_RANGES"
                ]
              },
              {
                "name": "https://www.googleapis.com/compute/v1/projects/adroit-nimbus-481707-i0/regions/asia-southeast1/subnetworks/gke-primary",
                "secondary_ip_range_names": [],
                "source_ip_ranges_to_nat": [
                  "ALL_IP_RANGES"
                ]
              },
              {
                "name": "https://www.googleapis.com/compute/v1/projects/adroit-nimbus-481707-i0/regions/asia-southeast1/subnetworks/management",
                "secondary_ip_range_names": [],
                "source_ip_ranges_to_nat": [
                  "ALL_IP_RANGES"
                ]
              }
            ],
            "tcp_established_idle_timeout_sec": 1200,
            "tcp_time_wait_timeout_sec": 120,
            "tcp_transitory_idle_timeout_sec": 30,
            "timeouts": null,
            "udp_idle_timeout_sec": 30
          },
          "sensitive_attributes": [],
          "identity_schema_version": 0,
          "private": "eyJlMmJmYjczMC1lY2FhLTExZTYtOGY4OC0zNDM2M2JjN2M0YzAiOnsiY3JlYXRlIjoxMjAwMDAwMDAwMDAwLCJkZWxldGUiOjEyMDAwMDAwMDAwMDAsInVwZGF0ZSI6MTIwMDAwMDAwMDAwMH19",
          "dependencies": [
            "module.nat.google_compute_router.router",
            "module.vpcs.google_compute_network.vpc",
            "module.vpcs.google_compute_subnetwork.subnets"
          ]
        }
      ]
    },
    {
      "module": "module.vpcs[\"sample-vpc\"]",
      "mode": "managed",
      "type": "google_compute_network",
      "name": "vpc",
      "provider": "provider[\"registry.terraform.io/hashicorp/google\"]",
      "instances": [
        {
          "schema_version": 0,
          "attributes": {
            "auto_create_subnetworks": false,
            "delete_default_routes_on_create": false,
            "description": "VPC network for core services and applications",
            "enable_ula_internal_ipv6": false,
            "gateway_ipv4": "",
            "id": "projects/adroit-nimbus-481707-i0/global/networks/sample-vpc",
            "internal_ipv6_range": "",
            "mtu": 1460,
            "name": "sample-vpc",
            "network_firewall_policy_enforcement_order": "AFTER_CLASSIC_FIREWALL",
            "numeric_id": "8668986058033379338",
            "project": "adroit-nimbus-481707-i0",
            "routing_mode": "REGIONAL",
            "self_link": "https://www.googleapis.com/compute/v1/projects/adroit-nimbus-481707-i0/global/networks/sample-vpc",
            "timeouts": null
          },
          "sensitive_attributes": [],
          "identity_schema_version": 0,
          "private": "eyJlMmJmYjczMC1lY2FhLTExZTYtOGY4OC0zNDM2M2JjN2M0YzAiOnsiY3JlYXRlIjoxMjAwMDAwMDAwMDAwLCJkZWxldGUiOjEyMDAwMDAwMDAwMDAsInVwZGF0ZSI6MTIwMDAwMDAwMDAwMH19"
        }
      ]
    },
    {
      "module": "module.vpcs[\"sample-vpc\"]",
      "mode": "managed",
      "type": "google_compute_subnetwork",
      "name": "subnets",
      "provider": "provider[\"registry.terraform.io/hashicorp/google\"]",
      "instances": [
        {
          "index_key": "asia-southeast1/compute-vm",
          "schema_version": 0,
          "attributes": {
            "creation_timestamp": "2025-12-22T00:53:16.973-08:00",
            "description": "Subnet for general purpose Compute Engine VMs",
            "external_ipv6_prefix": "",
            "fingerprint": null,
            "gateway_address": "10.0.7.1",
            "id": "projects/adroit-nimbus-481707-i0/regions/asia-southeast1/subnetworks/compute-vm",
            "internal_ipv6_prefix": "",
            "ip_cidr_range": "10.0.7.0/24",
            "ipv6_access_type": "",
            "ipv6_cidr_range": "",
            "log_config": [],
            "name": "compute-vm",
            "network": "https://www.googleapis.com/compute/v1/projects/adroit-nimbus-481707-i0/global/networks/sample-vpc",
            "private_ip_google_access": false,
            "private_ipv6_google_access": "DISABLE_GOOGLE_ACCESS",
            "project": "adroit-nimbus-481707-i0",
            "purpose": "PRIVATE",
            "region": "asia-southeast1",
            "role": "",
            "secondary_ip_range": [],
            "self_link": "https://www.googleapis.com/compute/v1/projects/adroit-nimbus-481707-i0/regions/asia-southeast1/subnetworks/compute-vm",
            "send_secondary_ip_range_if_empty": null,
            "stack_type": "IPV4_ONLY",
            "timeouts": null
          },
          "sensitive_attributes": [],
          "identity_schema_version": 0,
          "private": "eyJlMmJmYjczMC1lY2FhLTExZTYtOGY4OC0zNDM2M2JjN2M0YzAiOnsiY3JlYXRlIjoxMjAwMDAwMDAwMDAwLCJkZWxldGUiOjEyMDAwMDAwMDAwMDAsInVwZGF0ZSI6MTIwMDAwMDAwMDAwMH19",
          "dependencies": [
            "module.vpcs.google_compute_network.vpc"
          ]
        },
        {
          "index_key": "asia-southeast1/databases",
          "schema_version": 0,
          "attributes": {
            "creation_timestamp": "2025-12-22T00:53:32.451-08:00",
            "description": "Subnet for database instances (e.g., Cloud SQL, self-managed databases)",
            "external_ipv6_prefix": "",
            "fingerprint": null,
            "gateway_address": "10.0.1.1",
            "id": "projects/adroit-nimbus-481707-i0/regions/asia-southeast1/subnetworks/databases",
            "internal_ipv6_prefix": "",
            "ip_cidr_range": "10.0.1.0/24",
            "ipv6_access_type": "",
            "ipv6_cidr_range": "",
            "log_config": [],
            "name": "databases",
            "network": "https://www.googleapis.com/compute/v1/projects/adroit-nimbus-481707-i0/global/networks/sample-vpc",
            "private_ip_google_access": true,
            "private_ipv6_google_access": "DISABLE_GOOGLE_ACCESS",
            "project": "adroit-nimbus-481707-i0",
            "purpose": "PRIVATE",
            "region": "asia-southeast1",
            "role": "",
            "secondary_ip_range": [],
            "self_link": "https://www.googleapis.com/compute/v1/projects/adroit-nimbus-481707-i0/regions/asia-southeast1/subnetworks/databases",
            "send_secondary_ip_range_if_empty": null,
            "stack_type": "IPV4_ONLY",
            "timeouts": null
          },
          "sensitive_attributes": [],
          "identity_schema_version": 0,
          "private": "eyJlMmJmYjczMC1lY2FhLTExZTYtOGY4OC0zNDM2M2JjN2M0YzAiOnsiY3JlYXRlIjoxMjAwMDAwMDAwMDAwLCJkZWxldGUiOjEyMDAwMDAwMDAwMDAsInVwZGF0ZSI6MTIwMDAwMDAwMDAwMH19",
          "dependencies": [
            "module.vpcs.google_compute_network.vpc"
          ]
        },
        {
          "index_key": "asia-southeast1/gke-primary",
          "schema_version": 0,
          "attributes": {
            "creation_timestamp": "2025-12-22T00:53:32.759-08:00",
            "description": "Primary subnet for GKE cluster nodes",
            "external_ipv6_prefix": "",
            "fingerprint": null,
            "gateway_address": "10.0.2.1",
            "id": "projects/adroit-nimbus-481707-i0/regions/asia-southeast1/subnetworks/gke-primary",
            "internal_ipv6_prefix": "",
            "ip_cidr_range": "10.0.2.0/23",
            "ipv6_access_type": "",
            "ipv6_cidr_range": "",
            "log_config": [],
            "name": "gke-primary",
            "network": "https://www.googleapis.com/compute/v1/projects/adroit-nimbus-481707-i0/global/networks/sample-vpc",
            "private_ip_google_access": true,
            "private_ipv6_google_access": "DISABLE_GOOGLE_ACCESS",
            "project": "adroit-nimbus-481707-i0",
            "purpose": "PRIVATE",
            "region": "asia-southeast1",
            "role": "",
            "secondary_ip_range": [
              {
                "ip_cidr_range": "10.1.0.0/20",
                "range_name": "gke-pods"
              },
              {
                "ip_cidr_range": "10.50.0.0/17",
                "range_name": "gke-services"
              }
            ],
            "self_link": "https://www.googleapis.com/compute/v1/projects/adroit-nimbus-481707-i0/regions/asia-southeast1/subnetworks/gke-primary",
            "send_secondary_ip_range_if_empty": null,
            "stack_type": "IPV4_ONLY",
            "timeouts": null
          },
          "sensitive_attributes": [],
          "identity_schema_version": 0,
          "private": "eyJlMmJmYjczMC1lY2FhLTExZTYtOGY4OC0zNDM2M2JjN2M0YzAiOnsiY3JlYXRlIjoxMjAwMDAwMDAwMDAwLCJkZWxldGUiOjEyMDAwMDAwMDAwMDAsInVwZGF0ZSI6MTIwMDAwMDAwMDAwMH19",
          "dependencies": [
            "module.vpcs.google_compute_network.vpc"
          ]
        },
        {
          "index_key": "asia-southeast1/loadbalancer-proxy",
          "schema_version": 0,
          "attributes": {
            "creation_timestamp": "2025-12-22T00:53:18.442-08:00",
            "description": "Dedicated proxy-only subnet for internal HTTP(S) Load Balancers",
            "external_ipv6_prefix": "",
            "fingerprint": null,
            "gateway_address": "10.129.0.1",
            "id": "projects/adroit-nimbus-481707-i0/regions/asia-southeast1/subnetworks/loadbalancer-proxy",
            "internal_ipv6_prefix": "",
            "ip_cidr_range": "10.129.0.0/23",
            "ipv6_access_type": "",
            "ipv6_cidr_range": "",
            "log_config": [],
            "name": "loadbalancer-proxy",
            "network": "https://www.googleapis.com/compute/v1/projects/adroit-nimbus-481707-i0/global/networks/sample-vpc",
            "private_ip_google_access": false,
            "private_ipv6_google_access": "DISABLE_GOOGLE_ACCESS",
            "project": "adroit-nimbus-481707-i0",
            "purpose": "REGIONAL_MANAGED_PROXY",
            "region": "asia-southeast1",
            "role": "ACTIVE",
            "secondary_ip_range": [],
            "self_link": "https://www.googleapis.com/compute/v1/projects/adroit-nimbus-481707-i0/regions/asia-southeast1/subnetworks/loadbalancer-proxy",
            "send_secondary_ip_range_if_empty": null,
            "stack_type": "",
            "timeouts": null
          },
          "sensitive_attributes": [],
          "identity_schema_version": 0,
          "private": "eyJlMmJmYjczMC1lY2FhLTExZTYtOGY4OC0zNDM2M2JjN2M0YzAiOnsiY3JlYXRlIjoxMjAwMDAwMDAwMDAwLCJkZWxldGUiOjEyMDAwMDAwMDAwMDAsInVwZGF0ZSI6MTIwMDAwMDAwMDAwMH19",
          "dependencies": [
            "module.vpcs.google_compute_network.vpc"
          ]
        },
        {
          "index_key": "asia-southeast1/management",
          "schema_version": 0,
          "attributes": {
            "creation_timestamp": "2025-12-22T00:53:16.976-08:00",
            "description": "Subnet for management VMs and tools",
            "external_ipv6_prefix": "",
            "fingerprint": null,
            "gateway_address": "10.0.0.1",
            "id": "projects/adroit-nimbus-481707-i0/regions/asia-southeast1/subnetworks/management",
            "internal_ipv6_prefix": "",
            "ip_cidr_range": "10.0.0.0/24",
            "ipv6_access_type": "",
            "ipv6_cidr_range": "",
            "log_config": [],
            "name": "management",
            "network": "https://www.googleapis.com/compute/v1/projects/adroit-nimbus-481707-i0/global/networks/sample-vpc",
            "private_ip_google_access": true,
            "private_ipv6_google_access": "DISABLE_GOOGLE_ACCESS",
            "project": "adroit-nimbus-481707-i0",
            "purpose": "PRIVATE",
            "region": "asia-southeast1",
            "role": "",
            "secondary_ip_range": [],
            "self_link": "https://www.googleapis.com/compute/v1/projects/adroit-nimbus-481707-i0/regions/asia-southeast1/subnetworks/management",
            "send_secondary_ip_range_if_empty": null,
            "stack_type": "IPV4_ONLY",
            "timeouts": null
          },
          "sensitive_attributes": [],
          "identity_schema_version": 0,
          "private": "eyJlMmJmYjczMC1lY2FhLTExZTYtOGY4OC0zNDM2M2JjN2M0YzAiOnsiY3JlYXRlIjoxMjAwMDAwMDAwMDAwLCJkZWxldGUiOjEyMDAwMDAwMDAwMDAsInVwZGF0ZSI6MTIwMDAwMDAwMDAwMH19",
          "dependencies": [
            "module.vpcs.google_compute_network.vpc"
          ]
        },
        {
          "index_key": "asia-southeast1/serverless-cloudrun",
          "schema_version": 0,
          "attributes": {
            "creation_timestamp": "2025-12-22T00:53:16.901-08:00",
            "description": "Subnet for Serverless VPC Access for Cloud Run",
            "external_ipv6_prefix": "",
            "fingerprint": null,
            "gateway_address": "10.0.6.1",
            "id": "projects/adroit-nimbus-481707-i0/regions/asia-southeast1/subnetworks/serverless-cloudrun",
            "internal_ipv6_prefix": "",
            "ip_cidr_range": "10.0.6.0/24",
            "ipv6_access_type": "",
            "ipv6_cidr_range": "",
            "log_config": [],
            "name": "serverless-cloudrun",
            "network": "https://www.googleapis.com/compute/v1/projects/adroit-nimbus-481707-i0/global/networks/sample-vpc",
            "private_ip_google_access": false,
            "private_ipv6_google_access": "DISABLE_GOOGLE_ACCESS",
            "project": "adroit-nimbus-481707-i0",
            "purpose": "PRIVATE",
            "region": "asia-southeast1",
            "role": "",
            "secondary_ip_range": [],
            "self_link": "https://www.googleapis.com/compute/v1/projects/adroit-nimbus-481707-i0/regions/asia-southeast1/subnetworks/serverless-cloudrun",
            "send_secondary_ip_range_if_empty": null,
            "stack_type": "IPV4_ONLY",
            "timeouts": null
          },
          "sensitive_attributes": [],
          "identity_schema_version": 0,
          "private": "eyJlMmJmYjczMC1lY2FhLTExZTYtOGY4OC0zNDM2M2JjN2M0YzAiOnsiY3JlYXRlIjoxMjAwMDAwMDAwMDAwLCJkZWxldGUiOjEyMDAwMDAwMDAwMDAsInVwZGF0ZSI6MTIwMDAwMDAwMDAwMH19",
          "dependencies": [
            "module.vpcs.google_compute_network.vpc"
          ]
        }
      ]
    }
  ],
  "check_results": null
}
