{
  "version": 4,
  "terraform_version": "1.14.3",
  "serial": 1516,
  "lineage": "ad077a50-6510-fb00-80ac-5de618e4d590",
  "outputs": {
    "public_zone_nameservers": {
      "value": {
        "tudao": [
          "ns-cloud-c1.googledomains.com.",
          "ns-cloud-c2.googledomains.com.",
          "ns-cloud-c3.googledomains.com.",
          "ns-cloud-c4.googledomains.com."
        ]
      },
      "type": [
        "object",
        {
          "tudao": [
            "list",
            "string"
          ]
        }
      ]
    }
  },
  "resources": [
    {
      "module": "module.cloudrun[\"nginx-test-optimized\"]",
      "mode": "managed",
      "type": "google_cloud_run_domain_mapping",
      "name": "domain",
      "provider": "provider[\"registry.terraform.io/hashicorp/google\"]",
      "instances": [
        {
          "index_key": 0,
          "schema_version": 1,
          "attributes": {
            "id": "locations/asia-southeast1/namespaces/test-482612/domainmappings/nginx.tudaolw.io.vn",
            "location": "asia-southeast1",
            "metadata": [
              {
                "annotations": {},
                "effective_annotations": {
                  "run.googleapis.com/operation-id": "d06c68ce-30f3-4fb9-a206-42f114fd6d34",
                  "serving.knative.dev/creator": "dtu951@gmail.com",
                  "serving.knative.dev/lastModifier": "dtu951@gmail.com"
                },
                "effective_labels": {
                  "cloud.googleapis.com/location": "asia-southeast1",
                  "run.googleapis.com/overrideAt": "2025-12-29T07:42:02.726Z",
                  "run.googleapis.com/satisfiesPzs": "true"
                },
                "generation": 1,
                "labels": {},
                "namespace": "test-482612",
                "resource_version": "AAZHEo5DhEk",
                "self_link": "/apis/domains.cloudrun.com/v1/namespaces/307937085560/domainmappings/nginx.tudaolw.io.vn",
                "terraform_labels": {},
                "uid": "2da55ddd-8af8-44c6-8c4f-f3b2be70dd57"
              }
            ],
            "name": "nginx.tudaolw.io.vn",
            "project": "test-482612",
            "spec": [
              {
                "certificate_mode": "AUTOMATIC",
                "force_override": false,
                "route_name": "nginx-test-optimized"
              }
            ],
            "status": [
              {
                "conditions": [
                  {
                    "message": "",
                    "reason": "",
                    "status": "True",
                    "type": "Ready"
                  },
                  {
                    "message": "",
                    "reason": "",
                    "status": "True",
                    "type": "CertificateProvisioned"
                  },
                  {
                    "message": "",
                    "reason": "",
                    "status": "True",
                    "type": "DomainRoutable"
                  }
                ],
                "mapped_route_name": "nginx-test-optimized",
                "observed_generation": 1,
                "resource_records": [
                  {
                    "name": "nginx",
                    "rrdata": "ghs.googlehosted.com.",
                    "type": "CNAME"
                  }
                ]
              }
            ],
            "timeouts": null
          },
          "sensitive_attributes": [],
          "identity_schema_version": 0,
          "private": "eyJlMmJmYjczMC1lY2FhLTExZTYtOGY4OC0zNDM2M2JjN2M0YzAiOnsiY3JlYXRlIjoxMjAwMDAwMDAwMDAwLCJkZWxldGUiOjEyMDAwMDAwMDAwMDB9LCJzY2hlbWFfdmVyc2lvbiI6IjEifQ==",
          "dependencies": [
            "module.cloudrun.google_cloud_run_v2_service.service",
            "module.iam.google_project_iam_binding.project_authoritative",
            "module.iam.google_project_iam_custom_role.custom",
            "module.iam.google_service_account.sa",
            "module.iam.google_service_account_iam_binding.sa_authoritative",
            "module.iam.google_storage_bucket_iam_member.bucket",
            "module.iam_bindings.google_project_iam_binding.project_authoritative",
            "module.iam_bindings.google_project_iam_custom_role.custom",
            "module.iam_bindings.google_service_account.sa",
            "module.iam_bindings.google_service_account_iam_binding.sa_authoritative",
            "module.iam_bindings.google_storage_bucket_iam_member.bucket",
            "module.vpcs.google_compute_network.vpc"
          ]
        }
      ]
    },
    {
      "module": "module.cloudrun[\"nginx-test-optimized\"]",
      "mode": "managed",
      "type": "google_cloud_run_service_iam_member",
      "name": "public_access",
      "provider": "provider[\"registry.terraform.io/hashicorp/google\"]",
      "instances": [
        {
          "index_key": 0,
          "schema_version": 0,
          "attributes": {
            "condition": [],
            "etag": "BwZHEG+JYkI=",
            "id": "v1/projects/test-482612/locations/asia-southeast1/services/nginx-test-optimized/roles/run.invoker/allUsers",
            "location": "asia-southeast1",
            "member": "allUsers",
            "project": "test-482612",
            "role": "roles/run.invoker",
            "service": "v1/projects/test-482612/locations/asia-southeast1/services/nginx-test-optimized"
          },
          "sensitive_attributes": [],
          "identity_schema_version": 0,
          "private": "bnVsbA==",
          "dependencies": [
            "module.cloudrun.google_cloud_run_v2_service.service",
            "module.iam.google_project_iam_binding.project_authoritative",
            "module.iam.google_project_iam_custom_role.custom",
            "module.iam.google_service_account.sa",
            "module.iam.google_service_account_iam_binding.sa_authoritative",
            "module.iam.google_storage_bucket_iam_member.bucket",
            "module.iam_bindings.google_project_iam_binding.project_authoritative",
            "module.iam_bindings.google_project_iam_custom_role.custom",
            "module.iam_bindings.google_service_account.sa",
            "module.iam_bindings.google_service_account_iam_binding.sa_authoritative",
            "module.iam_bindings.google_storage_bucket_iam_member.bucket",
            "module.vpcs.google_compute_network.vpc"
          ]
        }
      ]
    },
    {
      "module": "module.cloudrun[\"nginx-test-optimized\"]",
      "mode": "managed",
      "type": "google_cloud_run_v2_service",
      "name": "service",
      "provider": "provider[\"registry.terraform.io/hashicorp/google\"]",
      "instances": [
        {
          "schema_version": 0,
          "attributes": {
            "annotations": {},
            "binary_authorization": [],
            "client": "",
            "client_version": "",
            "conditions": [
              {
                "execution_reason": "",
                "last_transition_time": "2025-12-29T07:19:21.991800Z",
                "message": "",
                "reason": "",
                "revision_reason": "",
                "severity": "",
                "state": "CONDITION_SUCCEEDED",
                "type": "RoutesReady"
              },
              {
                "execution_reason": "",
                "last_transition_time": "2025-12-29T06:46:38.827596Z",
                "message": "",
                "reason": "",
                "revision_reason": "",
                "severity": "",
                "state": "CONDITION_SUCCEEDED",
                "type": "ConfigurationsReady"
              }
            ],
            "create_time": "2025-12-29T05:22:44.431641Z",
            "creator": "dtu951@gmail.com",
            "custom_audiences": [],
            "delete_time": "",
            "description": "Cost-optimized nginx test with Direct VPC Egress (private-ranges-only)",
            "effective_annotations": {},
            "effective_labels": {},
            "etag": "\"CPjWyMoGEODGgMIC/cHJvamVjdHMvdGVzdC00ODI2MTIvbG9jYXRpb25zL2FzaWEtc291dGhlYXN0MS9zZXJ2aWNlcy9uZ2lueC10ZXN0LW9wdGltaXplZA\"",
            "expire_time": "",
            "generation": "11",
            "id": "projects/test-482612/locations/asia-southeast1/services/nginx-test-optimized",
            "ingress": "INGRESS_TRAFFIC_ALL",
            "labels": {},
            "last_modifier": "dtu951@gmail.com",
            "latest_created_revision": "projects/test-482612/locations/asia-southeast1/services/nginx-test-optimized/revisions/nginx-test-optimized-00003-cnp",
            "latest_ready_revision": "projects/test-482612/locations/asia-southeast1/services/nginx-test-optimized/revisions/nginx-test-optimized-00003-cnp",
            "launch_stage": "GA",
            "location": "asia-southeast1",
            "name": "nginx-test-optimized",
            "observed_generation": "11",
            "project": "test-482612",
            "reconciling": false,
            "template": [
              {
                "annotations": {},
                "containers": [
                  {
                    "args": [],
                    "command": [],
                    "depends_on": [],
                    "env": [],
                    "image": "nginx:latest",
                    "liveness_probe": [],
                    "name": "",
                    "ports": [
                      {
                        "container_port": 80,
                        "name": "http1"
                      }
                    ],
                    "resources": [
                      {
                        "cpu_idle": true,
                        "limits": {
                          "cpu": "0.5",
                          "memory": "256Mi"
                        },
                        "startup_cpu_boost": false
                      }
                    ],
                    "startup_probe": [
                      {
                        "failure_threshold": 1,
                        "grpc": [],
                        "http_get": [],
                        "initial_delay_seconds": 0,
                        "period_seconds": 240,
                        "tcp_socket": [
                          {
                            "port": 80
                          }
                        ],
                        "timeout_seconds": 240
                      }
                    ],
                    "volume_mounts": [],
                    "working_dir": ""
                  }
                ],
                "encryption_key": "",
                "execution_environment": "",
                "labels": {},
                "max_instance_request_concurrency": 1,
                "revision": "",
                "scaling": [
                  {
                    "max_instance_count": 1,
                    "min_instance_count": 0
                  }
                ],
                "service_account": "cloudrun-sa@test-482612.iam.gserviceaccount.com",
                "session_affinity": false,
                "timeout": "300s",
                "volumes": [],
                "vpc_access": [
                  {
                    "connector": "",
                    "egress": "PRIVATE_RANGES_ONLY",
                    "network_interfaces": [
                      {
                        "network": "projects/test-482612/global/networks/sample-vpc",
                        "subnetwork": "projects/test-482612/regions/asia-southeast1/subnetworks/cloudrun",
                        "tags": []
                      }
                    ]
                  }
                ]
              }
            ],
            "terminal_condition": [
              {
                "execution_reason": "",
                "last_transition_time": "2025-12-29T07:19:22.026758Z",
                "message": "",
                "reason": "",
                "revision_reason": "",
                "severity": "",
                "state": "CONDITION_SUCCEEDED",
                "type": "Ready"
              }
            ],
            "terraform_labels": {},
            "timeouts": null,
            "traffic": [
              {
                "percent": 100,
                "revision": "",
                "tag": "",
                "type": "TRAFFIC_TARGET_ALLOCATION_TYPE_LATEST"
              }
            ],
            "traffic_statuses": [
              {
                "percent": 100,
                "revision": "",
                "tag": "",
                "type": "TRAFFIC_TARGET_ALLOCATION_TYPE_LATEST",
                "uri": ""
              }
            ],
            "uid": "91444961-03dc-4da1-a610-ccfaba666972",
            "update_time": "2025-12-29T07:19:20.675292Z",
            "uri": "https://nginx-test-optimized-xm3ipgbd7q-as.a.run.app"
          },
          "sensitive_attributes": [],
          "identity_schema_version": 0,
          "private": "eyJlMmJmYjczMC1lY2FhLTExZTYtOGY4OC0zNDM2M2JjN2M0YzAiOnsiY3JlYXRlIjoxMjAwMDAwMDAwMDAwLCJkZWxldGUiOjEyMDAwMDAwMDAwMDAsInVwZGF0ZSI6MTIwMDAwMDAwMDAwMH19",
          "dependencies": [
            "module.iam.google_project_iam_binding.project_authoritative",
            "module.iam.google_project_iam_custom_role.custom",
            "module.iam.google_service_account.sa",
            "module.iam.google_service_account_iam_binding.sa_authoritative",
            "module.iam.google_storage_bucket_iam_member.bucket",
            "module.iam_bindings.google_project_iam_binding.project_authoritative",
            "module.iam_bindings.google_project_iam_custom_role.custom",
            "module.iam_bindings.google_service_account.sa",
            "module.iam_bindings.google_service_account_iam_binding.sa_authoritative",
            "module.iam_bindings.google_storage_bucket_iam_member.bucket",
            "module.vpcs.google_compute_network.vpc"
          ]
        }
      ]
    },
    {
      "module": "module.dns_zones[\"tudao\"]",
      "mode": "managed",
      "type": "google_dns_managed_zone",
      "name": "zone",
      "provider": "provider[\"registry.terraform.io/hashicorp/google\"]",
      "instances": [
        {
          "schema_version": 0,
          "attributes": {
            "cloud_logging_config": [
              {
                "enable_logging": false
              }
            ],
            "creation_time": "2025-12-29T06:51:37.751Z",
            "description": "Managed by Terraform",
            "dns_name": "tudaolw.io.vn.",
            "dnssec_config": [
              {
                "default_key_specs": [
                  {
                    "algorithm": "rsasha256",
                    "key_length": 2048,
                    "key_type": "keySigning",
                    "kind": "dns#dnsKeySpec"
                  },
                  {
                    "algorithm": "rsasha256",
                    "key_length": 1024,
                    "key_type": "zoneSigning",
                    "kind": "dns#dnsKeySpec"
                  }
                ],
                "kind": "dns#managedZoneDnsSecConfig",
                "non_existence": "nsec3",
                "state": "on"
              }
            ],
            "effective_labels": {
              "environment": "prod"
            },
            "force_destroy": false,
            "forwarding_config": [],
            "id": "projects/test-482612/managedZones/tudao",
            "labels": {
              "environment": "prod"
            },
            "managed_zone_id": -179342664,
            "name": "tudao",
            "name_servers": [
              "ns-cloud-c1.googledomains.com.",
              "ns-cloud-c2.googledomains.com.",
              "ns-cloud-c3.googledomains.com.",
              "ns-cloud-c4.googledomains.com."
            ],
            "peering_config": [],
            "private_visibility_config": [],
            "project": "test-482612",
            "terraform_labels": {
              "environment": "prod"
            },
            "timeouts": null,
            "visibility": "public"
          },
          "sensitive_attributes": [],
          "identity_schema_version": 0,
          "private": "eyJlMmJmYjczMC1lY2FhLTExZTYtOGY4OC0zNDM2M2JjN2M0YzAiOnsiY3JlYXRlIjoxMjAwMDAwMDAwMDAwLCJkZWxldGUiOjEyMDAwMDAwMDAwMDAsInVwZGF0ZSI6MTIwMDAwMDAwMDAwMH19"
        }
      ]
    },
    {
      "module": "module.dns_zones[\"tudao\"]",
      "mode": "managed",
      "type": "google_dns_record_set",
      "name": "records",
      "provider": "provider[\"registry.terraform.io/hashicorp/google\"]",
      "instances": [
        {
          "index_key": "nginx",
          "schema_version": 0,
          "attributes": {
            "id": "projects/test-482612/managedZones/tudao/rrsets/nginx.tudaolw.io.vn./CNAME",
            "managed_zone": "tudao",
            "name": "nginx.tudaolw.io.vn.",
            "project": "test-482612",
            "routing_policy": [],
            "rrdatas": [
              "ghs.googlehosted.com."
            ],
            "ttl": 300,
            "type": "CNAME"
          },
          "sensitive_attributes": [],
          "identity_schema_version": 0,
          "private": "bnVsbA==",
          "dependencies": [
            "module.dns_zones.google_dns_managed_zone.zone"
          ]
        }
      ]
    },
    {
      "module": "module.firewalls[\"sample-vpc\"]",
      "mode": "managed",
      "type": "google_compute_firewall",
      "name": "rules",
      "provider": "provider[\"registry.terraform.io/hashicorp/google\"]",
      "instances": [
        {
          "index_key": "allow-egress-to-internet",
          "schema_version": 1,
          "attributes": {
            "allow": [
              {
                "ports": [
                  "53"
                ],
                "protocol": "udp"
              },
              {
                "ports": [
                  "80",
                  "443",
                  "53"
                ],
                "protocol": "tcp"
              },
              {
                "ports": [],
                "protocol": "icmp"
              }
            ],
            "creation_timestamp": "2025-12-28T06:21:47.081-08:00",
            "deny": [],
            "description": "Allows specified instances to make outbound connections to the internet on common ports.",
            "destination_ranges": [
              "0.0.0.0/0"
            ],
            "direction": "EGRESS",
            "disabled": false,
            "enable_logging": null,
            "id": "projects/test-482612/global/firewalls/allow-egress-to-internet",
            "log_config": [],
            "name": "allow-egress-to-internet",
            "network": "https://www.googleapis.com/compute/v1/projects/test-482612/global/networks/sample-vpc",
            "priority": 1100,
            "project": "test-482612",
            "self_link": "https://www.googleapis.com/compute/v1/projects/test-482612/global/firewalls/allow-egress-to-internet",
            "source_ranges": [],
            "source_service_accounts": [],
            "source_tags": [],
            "target_service_accounts": [],
            "target_tags": [
              "gke-node",
              "management-server",
              "outbound-internet"
            ],
            "timeouts": null
          },
          "sensitive_attributes": [],
          "identity_schema_version": 0,
          "private": "eyJlMmJmYjczMC1lY2FhLTExZTYtOGY4OC0zNDM2M2JjN2M0YzAiOnsiY3JlYXRlIjoxMjAwMDAwMDAwMDAwLCJkZWxldGUiOjEyMDAwMDAwMDAwMDAsInVwZGF0ZSI6MTIwMDAwMDAwMDAwMH0sInNjaGVtYV92ZXJzaW9uIjoiMSJ9",
          "dependencies": [
            "module.vpcs.google_compute_network.vpc",
            "module.vpcs.google_compute_subnetwork.subnets"
          ]
        },
        {
          "index_key": "allow-iap-ssh",
          "schema_version": 1,
          "attributes": {
            "allow": [
              {
                "ports": [
                  "22"
                ],
                "protocol": "tcp"
              }
            ],
            "creation_timestamp": "2025-12-28T06:21:46.920-08:00",
            "deny": [],
            "description": "Allows SSH access to VMs tagged 'iap-ssh' via Google Cloud IAP (Identity-Aware Proxy).",
            "destination_ranges": [],
            "direction": "INGRESS",
            "disabled": false,
            "enable_logging": null,
            "id": "projects/test-482612/global/firewalls/allow-iap-ssh",
            "log_config": [],
            "name": "allow-iap-ssh",
            "network": "https://www.googleapis.com/compute/v1/projects/test-482612/global/networks/sample-vpc",
            "priority": 110,
            "project": "test-482612",
            "self_link": "https://www.googleapis.com/compute/v1/projects/test-482612/global/firewalls/allow-iap-ssh",
            "source_ranges": [
              "35.235.240.0/20"
            ],
            "source_service_accounts": [],
            "source_tags": [],
            "target_service_accounts": [],
            "target_tags": [],
            "timeouts": null
          },
          "sensitive_attributes": [],
          "identity_schema_version": 0,
          "private": "eyJlMmJmYjczMC1lY2FhLTExZTYtOGY4OC0zNDM2M2JjN2M0YzAiOnsiY3JlYXRlIjoxMjAwMDAwMDAwMDAwLCJkZWxldGUiOjEyMDAwMDAwMDAwMDAsInVwZGF0ZSI6MTIwMDAwMDAwMDAwMH0sInNjaGVtYV92ZXJzaW9uIjoiMSJ9",
          "dependencies": [
            "module.vpcs.google_compute_network.vpc",
            "module.vpcs.google_compute_subnetwork.subnets"
          ]
        },
        {
          "index_key": "allow-internal-all-subnets",
          "schema_version": 1,
          "attributes": {
            "allow": [
              {
                "ports": [],
                "protocol": "all"
              }
            ],
            "creation_timestamp": "2025-12-28T06:21:46.859-08:00",
            "deny": [],
            "description": "Allows full internal communication including to GKE private control plane.",
            "destination_ranges": [],
            "direction": "INGRESS",
            "disabled": false,
            "enable_logging": null,
            "id": "projects/test-482612/global/firewalls/allow-internal-all-subnets",
            "log_config": [],
            "name": "allow-internal-all-subnets",
            "network": "https://www.googleapis.com/compute/v1/projects/test-482612/global/networks/sample-vpc",
            "priority": 300,
            "project": "test-482612",
            "self_link": "https://www.googleapis.com/compute/v1/projects/test-482612/global/firewalls/allow-internal-all-subnets",
            "source_ranges": [
              "10.0.0.0/8",
              "172.16.0.0/12"
            ],
            "source_service_accounts": [],
            "source_tags": [],
            "target_service_accounts": [],
            "target_tags": [],
            "timeouts": null
          },
          "sensitive_attributes": [],
          "identity_schema_version": 0,
          "private": "eyJlMmJmYjczMC1lY2FhLTExZTYtOGY4OC0zNDM2M2JjN2M0YzAiOnsiY3JlYXRlIjoxMjAwMDAwMDAwMDAwLCJkZWxldGUiOjEyMDAwMDAwMDAwMDAsInVwZGF0ZSI6MTIwMDAwMDAwMDAwMH0sInNjaGVtYV92ZXJzaW9uIjoiMSJ9",
          "dependencies": [
            "module.vpcs.google_compute_network.vpc",
            "module.vpcs.google_compute_subnetwork.subnets"
          ]
        },
        {
          "index_key": "allow-internal-icmp",
          "schema_version": 1,
          "attributes": {
            "allow": [
              {
                "ports": [],
                "protocol": "icmp"
              }
            ],
            "creation_timestamp": "2025-12-28T06:21:46.902-08:00",
            "deny": [],
            "description": "Allows internal ICMP traffic for basic network diagnostics (ping).",
            "destination_ranges": [],
            "direction": "INGRESS",
            "disabled": false,
            "enable_logging": null,
            "id": "projects/test-482612/global/firewalls/allow-internal-icmp",
            "log_config": [],
            "name": "allow-internal-icmp",
            "network": "https://www.googleapis.com/compute/v1/projects/test-482612/global/networks/sample-vpc",
            "priority": 400,
            "project": "test-482612",
            "self_link": "https://www.googleapis.com/compute/v1/projects/test-482612/global/firewalls/allow-internal-icmp",
            "source_ranges": [
              "10.0.0.0/8"
            ],
            "source_service_accounts": [],
            "source_tags": [],
            "target_service_accounts": [],
            "target_tags": [],
            "timeouts": null
          },
          "sensitive_attributes": [],
          "identity_schema_version": 0,
          "private": "eyJlMmJmYjczMC1lY2FhLTExZTYtOGY4OC0zNDM2M2JjN2M0YzAiOnsiY3JlYXRlIjoxMjAwMDAwMDAwMDAwLCJkZWxldGUiOjEyMDAwMDAwMDAwMDAsInVwZGF0ZSI6MTIwMDAwMDAwMDAwMH0sInNjaGVtYV92ZXJzaW9uIjoiMSJ9",
          "dependencies": [
            "module.vpcs.google_compute_network.vpc",
            "module.vpcs.google_compute_subnetwork.subnets"
          ]
        },
        {
          "index_key": "allow-lb-health-checks",
          "schema_version": 1,
          "attributes": {
            "allow": [
              {
                "ports": [
                  "80",
                  "443",
                  "8080",
                  "8443",
                  "10250"
                ],
                "protocol": "tcp"
              }
            ],
            "creation_timestamp": "2025-12-28T06:21:46.920-08:00",
            "deny": [],
            "description": "Allows Google Cloud Load Balancer health check probes to target backends.",
            "destination_ranges": [],
            "direction": "INGRESS",
            "disabled": false,
            "enable_logging": null,
            "id": "projects/test-482612/global/firewalls/allow-lb-health-checks",
            "log_config": [],
            "name": "allow-lb-health-checks",
            "network": "https://www.googleapis.com/compute/v1/projects/test-482612/global/networks/sample-vpc",
            "priority": 500,
            "project": "test-482612",
            "self_link": "https://www.googleapis.com/compute/v1/projects/test-482612/global/firewalls/allow-lb-health-checks",
            "source_ranges": [
              "130.211.0.0/22",
              "35.191.0.0/16"
            ],
            "source_service_accounts": [],
            "source_tags": [],
            "target_service_accounts": [],
            "target_tags": [
              "application-backend",
              "gke-node",
              "management-server"
            ],
            "timeouts": null
          },
          "sensitive_attributes": [],
          "identity_schema_version": 0,
          "private": "eyJlMmJmYjczMC1lY2FhLTExZTYtOGY4OC0zNDM2M2JjN2M0YzAiOnsiY3JlYXRlIjoxMjAwMDAwMDAwMDAwLCJkZWxldGUiOjEyMDAwMDAwMDAwMDAsInVwZGF0ZSI6MTIwMDAwMDAwMDAwMH0sInNjaGVtYV92ZXJzaW9uIjoiMSJ9",
          "dependencies": [
            "module.vpcs.google_compute_network.vpc",
            "module.vpcs.google_compute_subnetwork.subnets"
          ]
        },
        {
          "index_key": "allow-master-to-nodes",
          "schema_version": 1,
          "attributes": {
            "allow": [
              {
                "ports": [
                  "443",
                  "10250"
                ],
                "protocol": "tcp"
              }
            ],
            "creation_timestamp": "2025-12-28T06:21:46.943-08:00",
            "deny": [],
            "description": "Allows GKE control plane to communicate with nodes (required for private clusters).",
            "destination_ranges": [],
            "direction": "INGRESS",
            "disabled": false,
            "enable_logging": null,
            "id": "projects/test-482612/global/firewalls/allow-master-to-nodes",
            "log_config": [],
            "name": "allow-master-to-nodes",
            "network": "https://www.googleapis.com/compute/v1/projects/test-482612/global/networks/sample-vpc",
            "priority": 100,
            "project": "test-482612",
            "self_link": "https://www.googleapis.com/compute/v1/projects/test-482612/global/firewalls/allow-master-to-nodes",
            "source_ranges": [
              "172.16.0.32/28"
            ],
            "source_service_accounts": [],
            "source_tags": [],
            "target_service_accounts": [],
            "target_tags": [],
            "timeouts": null
          },
          "sensitive_attributes": [],
          "identity_schema_version": 0,
          "private": "eyJlMmJmYjczMC1lY2FhLTExZTYtOGY4OC0zNDM2M2JjN2M0YzAiOnsiY3JlYXRlIjoxMjAwMDAwMDAwMDAwLCJkZWxldGUiOjEyMDAwMDAwMDAwMDAsInVwZGF0ZSI6MTIwMDAwMDAwMDAwMH0sInNjaGVtYV92ZXJzaW9uIjoiMSJ9",
          "dependencies": [
            "module.vpcs.google_compute_network.vpc",
            "module.vpcs.google_compute_subnetwork.subnets"
          ]
        },
        {
          "index_key": "allow-node-to-master",
          "schema_version": 1,
          "attributes": {
            "allow": [
              {
                "ports": [
                  "443",
                  "10250"
                ],
                "protocol": "tcp"
              }
            ],
            "creation_timestamp": "2025-12-28T06:21:47.120-08:00",
            "deny": [],
            "description": "Allows GKE control plane to communicate with nodes (required for private clusters).",
            "destination_ranges": [],
            "direction": "INGRESS",
            "disabled": false,
            "enable_logging": null,
            "id": "projects/test-482612/global/firewalls/allow-node-to-master",
            "log_config": [],
            "name": "allow-node-to-master",
            "network": "https://www.googleapis.com/compute/v1/projects/test-482612/global/networks/sample-vpc",
            "priority": 100,
            "project": "test-482612",
            "self_link": "https://www.googleapis.com/compute/v1/projects/test-482612/global/firewalls/allow-node-to-master",
            "source_ranges": [
              "10.0.0.0/8"
            ],
            "source_service_accounts": [],
            "source_tags": [],
            "target_service_accounts": [],
            "target_tags": [],
            "timeouts": null
          },
          "sensitive_attributes": [],
          "identity_schema_version": 0,
          "private": "eyJlMmJmYjczMC1lY2FhLTExZTYtOGY4OC0zNDM2M2JjN2M0YzAiOnsiY3JlYXRlIjoxMjAwMDAwMDAwMDAwLCJkZWxldGUiOjEyMDAwMDAwMDAwMDAsInVwZGF0ZSI6MTIwMDAwMDAwMDAwMH0sInNjaGVtYV92ZXJzaW9uIjoiMSJ9",
          "dependencies": [
            "module.vpcs.google_compute_network.vpc",
            "module.vpcs.google_compute_subnetwork.subnets"
          ]
        }
      ]
    },
    {
      "module": "module.iam",
      "mode": "managed",
      "type": "google_project_iam_binding",
      "name": "project_authoritative",
      "provider": "provider[\"registry.terraform.io/hashicorp/google\"]",
      "instances": [
        {
          "index_key": "cloudrun-artifact-registry",
          "schema_version": 0,
          "attributes": {
            "condition": [],
            "etag": "BwZHIiGimd0=",
            "id": "test-482612/roles/artifactregistry.reader",
            "members": [
              "serviceAccount:cloudrun-sa@test-482612.iam.gserviceaccount.com"
            ],
            "project": "test-482612",
            "role": "roles/artifactregistry.reader"
          },
          "sensitive_attributes": [],
          "identity_schema_version": 0,
          "private": "bnVsbA=="
        },
        {
          "index_key": "cloudrun-cloudsql-client",
          "schema_version": 0,
          "attributes": {
            "condition": [],
            "etag": "BwZHIiGimd0=",
            "id": "test-482612/roles/cloudsql.client",
            "members": [
              "serviceAccount:cloudrun-sa@test-482612.iam.gserviceaccount.com"
            ],
            "project": "test-482612",
            "role": "roles/cloudsql.client"
          },
          "sensitive_attributes": [],
          "identity_schema_version": 0,
          "private": "bnVsbA=="
        },
        {
          "index_key": "gke-node-default-role-binding",
          "schema_version": 0,
          "attributes": {
            "condition": [],
            "etag": "BwZHIiGimd0=",
            "id": "test-482612/roles/container.defaultNodeServiceAccount",
            "members": [
              "serviceAccount:gke-node-sa@test-482612.iam.gserviceaccount.com"
            ],
            "project": "test-482612",
            "role": "roles/container.defaultNodeServiceAccount"
          },
          "sensitive_attributes": [],
          "identity_schema_version": 0,
          "private": "bnVsbA=="
        },
        {
          "index_key": "gke-node-logging-binding",
          "schema_version": 0,
          "attributes": {
            "condition": [],
            "etag": "BwZHIiGimd0=",
            "id": "test-482612/roles/logging.logWriter",
            "members": [
              "serviceAccount:cloudrun-sa@test-482612.iam.gserviceaccount.com",
              "serviceAccount:gke-node-sa@test-482612.iam.gserviceaccount.com"
            ],
            "project": "test-482612",
            "role": "roles/logging.logWriter"
          },
          "sensitive_attributes": [],
          "identity_schema_version": 0,
          "private": "bnVsbA=="
        },
        {
          "index_key": "gke-node-monitoring-binding",
          "schema_version": 0,
          "attributes": {
            "condition": [],
            "etag": "BwZHIiGimd0=",
            "id": "test-482612/roles/monitoring.metricWriter",
            "members": [
              "serviceAccount:cloudrun-sa@test-482612.iam.gserviceaccount.com",
              "serviceAccount:gke-node-sa@test-482612.iam.gserviceaccount.com"
            ],
            "project": "test-482612",
            "role": "roles/monitoring.metricWriter"
          },
          "sensitive_attributes": [],
          "identity_schema_version": 0,
          "private": "bnVsbA=="
        },
        {
          "index_key": "management-vm-gke-developer-binding",
          "schema_version": 0,
          "attributes": {
            "condition": [
              {
                "description": "Temporary access matching the custom role.",
                "expression": "request.time \u003c timestamp(\"2026-12-31T23:59:59Z\")",
                "title": "temporary-access"
              }
            ],
            "etag": "BwZHIiGimd0=",
            "id": "test-482612/roles/container.developer/temporary-access/Temporary access matching the custom role./request.time \u003c timestamp(\"2026-12-31T23:59:59Z\")",
            "members": [
              "serviceAccount:management-vm-sa@test-482612.iam.gserviceaccount.com"
            ],
            "project": "test-482612",
            "role": "roles/container.developer"
          },
          "sensitive_attributes": [],
          "identity_schema_version": 0,
          "private": "bnVsbA=="
        },
        {
          "index_key": "management-vm-operator-binding",
          "schema_version": 0,
          "attributes": {
            "condition": [
              {
                "description": "Temporary access for management VM during migration phase.",
                "expression": "request.time \u003c timestamp(\"2026-12-31T23:59:59Z\")",
                "title": "temporary-access"
              }
            ],
            "etag": "BwZHIiGimd0=",
            "id": "test-482612/projects/test-482612/roles/managementVmOperator/temporary-access/Temporary access for management VM during migration phase./request.time \u003c timestamp(\"2026-12-31T23:59:59Z\")",
            "members": [
              "serviceAccount:management-vm-sa@test-482612.iam.gserviceaccount.com"
            ],
            "project": "test-482612",
            "role": "projects/test-482612/roles/managementVmOperator"
          },
          "sensitive_attributes": [],
          "identity_schema_version": 0,
          "private": "bnVsbA=="
        }
      ]
    },
    {
      "module": "module.iam",
      "mode": "managed",
      "type": "google_project_iam_custom_role",
      "name": "custom",
      "provider": "provider[\"registry.terraform.io/hashicorp/google\"]",
      "instances": [
        {
          "index_key": "management-vm-operator-role",
          "schema_version": 0,
          "attributes": {
            "deleted": false,
            "description": "Grants permissions for the management VM to operate securely, write logs/metrics, read GCS, and interact with GKE cluster (fetch credentials, view nodes/pods).",
            "id": "projects/test-482612/roles/managementVmOperator",
            "name": "projects/test-482612/roles/managementVmOperator",
            "permissions": [
              "compute.instances.get",
              "compute.projects.get",
              "compute.zones.get",
              "iam.serviceAccounts.actAs",
              "logging.logEntries.create",
              "monitoring.metricDescriptors.create",
              "monitoring.metricDescriptors.get",
              "monitoring.metricDescriptors.list",
              "monitoring.timeSeries.create",
              "serviceusage.services.get",
              "serviceusage.services.list",
              "storage.buckets.get",
              "storage.objects.get"
            ],
            "project": "test-482612",
            "role_id": "managementVmOperator",
            "stage": "GA",
            "title": "Management VM Operator"
          },
          "sensitive_attributes": [],
          "identity_schema_version": 0,
          "private": "bnVsbA=="
        }
      ]
    },
    {
      "module": "module.iam",
      "mode": "managed",
      "type": "google_service_account",
      "name": "sa",
      "provider": "provider[\"registry.terraform.io/hashicorp/google\"]",
      "instances": [
        {
          "index_key": "cloudrun-sa",
          "schema_version": 0,
          "attributes": {
            "account_id": "cloudrun-sa",
            "create_ignore_already_exists": null,
            "description": "cloudrun sa.",
            "disabled": false,
            "display_name": "Service Account for cloudrun",
            "email": "cloudrun-sa@test-482612.iam.gserviceaccount.com",
            "id": "projects/test-482612/serviceAccounts/cloudrun-sa@test-482612.iam.gserviceaccount.com",
            "member": "serviceAccount:cloudrun-sa@test-482612.iam.gserviceaccount.com",
            "name": "projects/test-482612/serviceAccounts/cloudrun-sa@test-482612.iam.gserviceaccount.com",
            "project": "test-482612",
            "timeouts": null,
            "unique_id": "113699939985739916763"
          },
          "sensitive_attributes": [],
          "identity_schema_version": 0,
          "private": "eyJlMmJmYjczMC1lY2FhLTExZTYtOGY4OC0zNDM2M2JjN2M0YzAiOnsiY3JlYXRlIjozMDAwMDAwMDAwMDB9fQ=="
        },
        {
          "index_key": "gke-node-sa",
          "schema_version": 0,
          "attributes": {
            "account_id": "gke-node-sa",
            "create_ignore_already_exists": null,
            "description": "Used by GKE worker nodes to access Google Cloud APIs (e.g., pulling images, writing logs).",
            "disabled": false,
            "display_name": "Service Account for GKE Nodes",
            "email": "gke-node-sa@test-482612.iam.gserviceaccount.com",
            "id": "projects/test-482612/serviceAccounts/gke-node-sa@test-482612.iam.gserviceaccount.com",
            "member": "serviceAccount:gke-node-sa@test-482612.iam.gserviceaccount.com",
            "name": "projects/test-482612/serviceAccounts/gke-node-sa@test-482612.iam.gserviceaccount.com",
            "project": "test-482612",
            "timeouts": null,
            "unique_id": "115648425201340169363"
          },
          "sensitive_attributes": [],
          "identity_schema_version": 0,
          "private": "eyJlMmJmYjczMC1lY2FhLTExZTYtOGY4OC0zNDM2M2JjN2M0YzAiOnsiY3JlYXRlIjozMDAwMDAwMDAwMDB9fQ=="
        },
        {
          "index_key": "management-vm-sa",
          "schema_version": 0,
          "attributes": {
            "account_id": "management-vm-sa",
            "create_ignore_already_exists": null,
            "description": "Used by the management VM for OS Login, logging, monitoring, and script access to Google Cloud services.",
            "disabled": false,
            "display_name": "Service Account for Management VM",
            "email": "management-vm-sa@test-482612.iam.gserviceaccount.com",
            "id": "projects/test-482612/serviceAccounts/management-vm-sa@test-482612.iam.gserviceaccount.com",
            "member": "serviceAccount:management-vm-sa@test-482612.iam.gserviceaccount.com",
            "name": "projects/test-482612/serviceAccounts/management-vm-sa@test-482612.iam.gserviceaccount.com",
            "project": "test-482612",
            "timeouts": null,
            "unique_id": "105774628458766914352"
          },
          "sensitive_attributes": [],
          "identity_schema_version": 0,
          "private": "eyJlMmJmYjczMC1lY2FhLTExZTYtOGY4OC0zNDM2M2JjN2M0YzAiOnsiY3JlYXRlIjozMDAwMDAwMDAwMDB9fQ=="
        }
      ]
    },
    {
      "module": "module.iam",
      "mode": "managed",
      "type": "google_service_account_iam_binding",
      "name": "sa_authoritative",
      "provider": "provider[\"registry.terraform.io/hashicorp/google\"]",
      "instances": [
        {
          "index_key": "cloudrun-runtime-impersonate",
          "schema_version": 0,
          "attributes": {
            "condition": [],
            "etag": "BwZHA9bgozg=",
            "id": "projects/test-482612/serviceAccounts/cloudrun-sa@test-482612.iam.gserviceaccount.com/roles/iam.serviceAccountTokenCreator",
            "members": [
              "serviceAccount:service-164834404784@serverless-robot-prod.iam.gserviceaccount.com"
            ],
            "role": "roles/iam.serviceAccountTokenCreator",
            "service_account_id": "projects/test-482612/serviceAccounts/cloudrun-sa@test-482612.iam.gserviceaccount.com"
          },
          "sensitive_attributes": [],
          "identity_schema_version": 0,
          "private": "bnVsbA==",
          "dependencies": [
            "module.iam.google_service_account.sa"
          ]
        }
      ]
    },
    {
      "module": "module.iam_bindings",
      "mode": "managed",
      "type": "google_project_iam_binding",
      "name": "project_authoritative",
      "provider": "provider[\"registry.terraform.io/hashicorp/google\"]",
      "instances": [
        {
          "index_key": "cloudrun-artifact-registry",
          "schema_version": 0,
          "attributes": {
            "condition": [],
            "etag": "BwZHIiGimd0=",
            "id": "test-482612/roles/artifactregistry.reader",
            "members": [
              "serviceAccount:cloudrun-sa@test-482612.iam.gserviceaccount.com"
            ],
            "project": "test-482612",
            "role": "roles/artifactregistry.reader"
          },
          "sensitive_attributes": [],
          "identity_schema_version": 0,
          "private": "bnVsbA==",
          "dependencies": [
            "module.iam.google_project_iam_binding.project_authoritative",
            "module.iam.google_project_iam_custom_role.custom",
            "module.iam.google_service_account.sa",
            "module.iam.google_service_account_iam_binding.sa_authoritative",
            "module.iam.google_storage_bucket_iam_member.bucket"
          ]
        },
        {
          "index_key": "cloudrun-cloudsql-client",
          "schema_version": 0,
          "attributes": {
            "condition": [],
            "etag": "BwZHIiGimd0=",
            "id": "test-482612/roles/cloudsql.client",
            "members": [
              "serviceAccount:cloudrun-sa@test-482612.iam.gserviceaccount.com"
            ],
            "project": "test-482612",
            "role": "roles/cloudsql.client"
          },
          "sensitive_attributes": [],
          "identity_schema_version": 0,
          "private": "bnVsbA==",
          "dependencies": [
            "module.iam.google_project_iam_binding.project_authoritative",
            "module.iam.google_project_iam_custom_role.custom",
            "module.iam.google_service_account.sa",
            "module.iam.google_service_account_iam_binding.sa_authoritative",
            "module.iam.google_storage_bucket_iam_member.bucket"
          ]
        },
        {
          "index_key": "gke-node-default-role-binding",
          "schema_version": 0,
          "attributes": {
            "condition": [],
            "etag": "BwZHIiGimd0=",
            "id": "test-482612/roles/container.defaultNodeServiceAccount",
            "members": [
              "serviceAccount:gke-node-sa@test-482612.iam.gserviceaccount.com"
            ],
            "project": "test-482612",
            "role": "roles/container.defaultNodeServiceAccount"
          },
          "sensitive_attributes": [],
          "identity_schema_version": 0,
          "private": "bnVsbA==",
          "dependencies": [
            "module.iam.google_project_iam_binding.project_authoritative",
            "module.iam.google_project_iam_custom_role.custom",
            "module.iam.google_service_account.sa",
            "module.iam.google_service_account_iam_binding.sa_authoritative",
            "module.iam.google_storage_bucket_iam_member.bucket"
          ]
        },
        {
          "index_key": "gke-node-logging-binding",
          "schema_version": 0,
          "attributes": {
            "condition": [],
            "etag": "BwZHIiGimd0=",
            "id": "test-482612/roles/logging.logWriter",
            "members": [
              "serviceAccount:cloudrun-sa@test-482612.iam.gserviceaccount.com",
              "serviceAccount:gke-node-sa@test-482612.iam.gserviceaccount.com"
            ],
            "project": "test-482612",
            "role": "roles/logging.logWriter"
          },
          "sensitive_attributes": [],
          "identity_schema_version": 0,
          "private": "bnVsbA==",
          "dependencies": [
            "module.iam.google_project_iam_binding.project_authoritative",
            "module.iam.google_project_iam_custom_role.custom",
            "module.iam.google_service_account.sa",
            "module.iam.google_service_account_iam_binding.sa_authoritative",
            "module.iam.google_storage_bucket_iam_member.bucket"
          ]
        },
        {
          "index_key": "gke-node-monitoring-binding",
          "schema_version": 0,
          "attributes": {
            "condition": [],
            "etag": "BwZHIiGimd0=",
            "id": "test-482612/roles/monitoring.metricWriter",
            "members": [
              "serviceAccount:cloudrun-sa@test-482612.iam.gserviceaccount.com",
              "serviceAccount:gke-node-sa@test-482612.iam.gserviceaccount.com"
            ],
            "project": "test-482612",
            "role": "roles/monitoring.metricWriter"
          },
          "sensitive_attributes": [],
          "identity_schema_version": 0,
          "private": "bnVsbA==",
          "dependencies": [
            "module.iam.google_project_iam_binding.project_authoritative",
            "module.iam.google_project_iam_custom_role.custom",
            "module.iam.google_service_account.sa",
            "module.iam.google_service_account_iam_binding.sa_authoritative",
            "module.iam.google_storage_bucket_iam_member.bucket"
          ]
        },
        {
          "index_key": "management-vm-gke-developer-binding",
          "schema_version": 0,
          "attributes": {
            "condition": [
              {
                "description": "Temporary access matching the custom role.",
                "expression": "request.time \u003c timestamp(\"2026-12-31T23:59:59Z\")",
                "title": "temporary-access"
              }
            ],
            "etag": "BwZHIiGimd0=",
            "id": "test-482612/roles/container.developer/temporary-access/Temporary access matching the custom role./request.time \u003c timestamp(\"2026-12-31T23:59:59Z\")",
            "members": [
              "serviceAccount:management-vm-sa@test-482612.iam.gserviceaccount.com"
            ],
            "project": "test-482612",
            "role": "roles/container.developer"
          },
          "sensitive_attributes": [],
          "identity_schema_version": 0,
          "private": "bnVsbA==",
          "dependencies": [
            "module.iam.google_project_iam_binding.project_authoritative",
            "module.iam.google_project_iam_custom_role.custom",
            "module.iam.google_service_account.sa",
            "module.iam.google_service_account_iam_binding.sa_authoritative",
            "module.iam.google_storage_bucket_iam_member.bucket"
          ]
        },
        {
          "index_key": "management-vm-operator-binding",
          "schema_version": 0,
          "attributes": {
            "condition": [
              {
                "description": "Temporary access for management VM during migration phase.",
                "expression": "request.time \u003c timestamp(\"2026-12-31T23:59:59Z\")",
                "title": "temporary-access"
              }
            ],
            "etag": "BwZHIiGimd0=",
            "id": "test-482612/projects/test-482612/roles/managementVmOperator/temporary-access/Temporary access for management VM during migration phase./request.time \u003c timestamp(\"2026-12-31T23:59:59Z\")",
            "members": [
              "serviceAccount:management-vm-sa@test-482612.iam.gserviceaccount.com"
            ],
            "project": "test-482612",
            "role": "projects/test-482612/roles/managementVmOperator"
          },
          "sensitive_attributes": [],
          "identity_schema_version": 0,
          "private": "bnVsbA==",
          "dependencies": [
            "module.iam.google_project_iam_binding.project_authoritative",
            "module.iam.google_project_iam_custom_role.custom",
            "module.iam.google_service_account.sa",
            "module.iam.google_service_account_iam_binding.sa_authoritative",
            "module.iam.google_storage_bucket_iam_member.bucket"
          ]
        }
      ]
    },
    {
      "module": "module.psa[\"sample-vpc\"]",
      "mode": "managed",
      "type": "google_compute_global_address",
      "name": "psa_range",
      "provider": "provider[\"registry.terraform.io/hashicorp/google\"]",
      "instances": [
        {
          "schema_version": 0,
          "attributes": {
            "address": "10.80.224.0",
            "address_type": "INTERNAL",
            "creation_timestamp": "2025-12-28T06:21:47.047-08:00",
            "description": "",
            "effective_labels": {},
            "id": "projects/test-482612/global/addresses/sample-vpc-psa-range",
            "ip_version": "",
            "label_fingerprint": "42WmSpB8rSM=",
            "labels": {},
            "name": "sample-vpc-psa-range",
            "network": "https://www.googleapis.com/compute/v1/projects/test-482612/global/networks/sample-vpc",
            "prefix_length": 20,
            "project": "test-482612",
            "purpose": "VPC_PEERING",
            "self_link": "https://www.googleapis.com/compute/v1/projects/test-482612/global/addresses/sample-vpc-psa-range",
            "terraform_labels": {},
            "timeouts": null
          },
          "sensitive_attributes": [],
          "identity_schema_version": 0,
          "private": "eyJlMmJmYjczMC1lY2FhLTExZTYtOGY4OC0zNDM2M2JjN2M0YzAiOnsiY3JlYXRlIjoxMjAwMDAwMDAwMDAwLCJkZWxldGUiOjEyMDAwMDAwMDAwMDAsInVwZGF0ZSI6MTIwMDAwMDAwMDAwMH19",
          "dependencies": [
            "module.vpcs.google_compute_network.vpc",
            "module.vpcs.google_compute_subnetwork.subnets"
          ]
        }
      ]
    },
    {
      "module": "module.psa[\"sample-vpc\"]",
      "mode": "managed",
      "type": "google_service_networking_connection",
      "name": "psa_peering",
      "provider": "provider[\"registry.terraform.io/hashicorp/google\"]",
      "instances": [
        {
          "schema_version": 0,
          "attributes": {
            "deletion_policy": null,
            "id": "https%3A%2F%2Fwww.googleapis.com%2Fcompute%2Fv1%2Fprojects%2Ftest-482612%2Fglobal%2Fnetworks%2Fsample-vpc:servicenetworking.googleapis.com",
            "network": "https://www.googleapis.com/compute/v1/projects/test-482612/global/networks/sample-vpc",
            "peering": "servicenetworking-googleapis-com",
            "reserved_peering_ranges": [
              "sample-vpc-psa-range"
            ],
            "service": "servicenetworking.googleapis.com",
            "timeouts": null,
            "update_on_creation_fail": null
          },
          "sensitive_attributes": [],
          "identity_schema_version": 0,
          "private": "eyJlMmJmYjczMC1lY2FhLTExZTYtOGY4OC0zNDM2M2JjN2M0YzAiOnsiY3JlYXRlIjo2MDAwMDAwMDAwMDAsImRlbGV0ZSI6NjAwMDAwMDAwMDAwLCJ1cGRhdGUiOjYwMDAwMDAwMDAwMH19",
          "dependencies": [
            "module.psa.google_compute_global_address.psa_range",
            "module.vpcs.google_compute_network.vpc",
            "module.vpcs.google_compute_subnetwork.subnets"
          ]
        }
      ]
    },
    {
      "module": "module.vpcs[\"sample-vpc\"]",
      "mode": "managed",
      "type": "google_compute_network",
      "name": "vpc",
      "provider": "provider[\"registry.terraform.io/hashicorp/google\"]",
      "instances": [
        {
          "schema_version": 0,
          "attributes": {
            "auto_create_subnetworks": false,
            "delete_default_routes_on_create": false,
            "description": "VPC network for core services and applications",
            "enable_ula_internal_ipv6": false,
            "gateway_ipv4": "",
            "id": "projects/test-482612/global/networks/sample-vpc",
            "internal_ipv6_range": "",
            "mtu": 1460,
            "name": "sample-vpc",
            "network_firewall_policy_enforcement_order": "AFTER_CLASSIC_FIREWALL",
            "numeric_id": "9039153672776090148",
            "project": "test-482612",
            "routing_mode": "REGIONAL",
            "self_link": "https://www.googleapis.com/compute/v1/projects/test-482612/global/networks/sample-vpc",
            "timeouts": null
          },
          "sensitive_attributes": [],
          "identity_schema_version": 0,
          "private": "eyJlMmJmYjczMC1lY2FhLTExZTYtOGY4OC0zNDM2M2JjN2M0YzAiOnsiY3JlYXRlIjoxMjAwMDAwMDAwMDAwLCJkZWxldGUiOjEyMDAwMDAwMDAwMDAsInVwZGF0ZSI6MTIwMDAwMDAwMDAwMH19"
        }
      ]
    },
    {
      "module": "module.vpcs[\"sample-vpc\"]",
      "mode": "managed",
      "type": "google_compute_subnetwork",
      "name": "subnets",
      "provider": "provider[\"registry.terraform.io/hashicorp/google\"]",
      "instances": [
        {
          "index_key": "asia-southeast1/cloudrun",
          "schema_version": 0,
          "attributes": {
            "creation_timestamp": "2025-12-28T06:21:15.701-08:00",
            "description": "Subnet for Cloud Run",
            "external_ipv6_prefix": "",
            "fingerprint": null,
            "gateway_address": "10.0.4.1",
            "id": "projects/test-482612/regions/asia-southeast1/subnetworks/cloudrun",
            "internal_ipv6_prefix": "",
            "ip_cidr_range": "10.0.4.0/22",
            "ipv6_access_type": "",
            "ipv6_cidr_range": "",
            "log_config": [],
            "name": "cloudrun",
            "network": "https://www.googleapis.com/compute/v1/projects/test-482612/global/networks/sample-vpc",
            "private_ip_google_access": true,
            "private_ipv6_google_access": "DISABLE_GOOGLE_ACCESS",
            "project": "test-482612",
            "purpose": "PRIVATE",
            "region": "asia-southeast1",
            "role": "",
            "secondary_ip_range": [],
            "self_link": "https://www.googleapis.com/compute/v1/projects/test-482612/regions/asia-southeast1/subnetworks/cloudrun",
            "send_secondary_ip_range_if_empty": null,
            "stack_type": "IPV4_ONLY",
            "timeouts": null
          },
          "sensitive_attributes": [],
          "identity_schema_version": 0,
          "private": "eyJlMmJmYjczMC1lY2FhLTExZTYtOGY4OC0zNDM2M2JjN2M0YzAiOnsiY3JlYXRlIjoxMjAwMDAwMDAwMDAwLCJkZWxldGUiOjEyMDAwMDAwMDAwMDAsInVwZGF0ZSI6MTIwMDAwMDAwMDAwMH19",
          "dependencies": [
            "module.vpcs.google_compute_network.vpc"
          ]
        },
        {
          "index_key": "asia-southeast1/gke-primary",
          "schema_version": 0,
          "attributes": {
            "creation_timestamp": "2025-12-28T06:21:14.559-08:00",
            "description": "Primary subnet for GKE cluster nodes",
            "external_ipv6_prefix": "",
            "fingerprint": null,
            "gateway_address": "10.0.2.1",
            "id": "projects/test-482612/regions/asia-southeast1/subnetworks/gke-primary",
            "internal_ipv6_prefix": "",
            "ip_cidr_range": "10.0.2.0/23",
            "ipv6_access_type": "",
            "ipv6_cidr_range": "",
            "log_config": [],
            "name": "gke-primary",
            "network": "https://www.googleapis.com/compute/v1/projects/test-482612/global/networks/sample-vpc",
            "private_ip_google_access": true,
            "private_ipv6_google_access": "DISABLE_GOOGLE_ACCESS",
            "project": "test-482612",
            "purpose": "PRIVATE",
            "region": "asia-southeast1",
            "role": "",
            "secondary_ip_range": [
              {
                "ip_cidr_range": "10.1.0.0/20",
                "range_name": "gke-pods"
              },
              {
                "ip_cidr_range": "10.50.0.0/17",
                "range_name": "gke-services"
              }
            ],
            "self_link": "https://www.googleapis.com/compute/v1/projects/test-482612/regions/asia-southeast1/subnetworks/gke-primary",
            "send_secondary_ip_range_if_empty": null,
            "stack_type": "IPV4_ONLY",
            "timeouts": null
          },
          "sensitive_attributes": [],
          "identity_schema_version": 0,
          "private": "eyJlMmJmYjczMC1lY2FhLTExZTYtOGY4OC0zNDM2M2JjN2M0YzAiOnsiY3JlYXRlIjoxMjAwMDAwMDAwMDAwLCJkZWxldGUiOjEyMDAwMDAwMDAwMDAsInVwZGF0ZSI6MTIwMDAwMDAwMDAwMH19",
          "dependencies": [
            "module.vpcs.google_compute_network.vpc"
          ]
        },
        {
          "index_key": "asia-southeast1/loadbalancer-proxy",
          "schema_version": 0,
          "attributes": {
            "creation_timestamp": "2025-12-28T06:21:14.412-08:00",
            "description": "Dedicated proxy-only subnet for internal HTTP(S) Load Balancers",
            "external_ipv6_prefix": "",
            "fingerprint": null,
            "gateway_address": "10.129.0.1",
            "id": "projects/test-482612/regions/asia-southeast1/subnetworks/loadbalancer-proxy",
            "internal_ipv6_prefix": "",
            "ip_cidr_range": "10.129.0.0/23",
            "ipv6_access_type": "",
            "ipv6_cidr_range": "",
            "log_config": [],
            "name": "loadbalancer-proxy",
            "network": "https://www.googleapis.com/compute/v1/projects/test-482612/global/networks/sample-vpc",
            "private_ip_google_access": false,
            "private_ipv6_google_access": "DISABLE_GOOGLE_ACCESS",
            "project": "test-482612",
            "purpose": "REGIONAL_MANAGED_PROXY",
            "region": "asia-southeast1",
            "role": "ACTIVE",
            "secondary_ip_range": [],
            "self_link": "https://www.googleapis.com/compute/v1/projects/test-482612/regions/asia-southeast1/subnetworks/loadbalancer-proxy",
            "send_secondary_ip_range_if_empty": null,
            "stack_type": "",
            "timeouts": null
          },
          "sensitive_attributes": [],
          "identity_schema_version": 0,
          "private": "eyJlMmJmYjczMC1lY2FhLTExZTYtOGY4OC0zNDM2M2JjN2M0YzAiOnsiY3JlYXRlIjoxMjAwMDAwMDAwMDAwLCJkZWxldGUiOjEyMDAwMDAwMDAwMDAsInVwZGF0ZSI6MTIwMDAwMDAwMDAwMH19",
          "dependencies": [
            "module.vpcs.google_compute_network.vpc"
          ]
        },
        {
          "index_key": "asia-southeast1/management",
          "schema_version": 0,
          "attributes": {
            "creation_timestamp": "2025-12-28T06:21:14.016-08:00",
            "description": "Subnet for management VMs and tools",
            "external_ipv6_prefix": "",
            "fingerprint": null,
            "gateway_address": "10.0.0.1",
            "id": "projects/test-482612/regions/asia-southeast1/subnetworks/management",
            "internal_ipv6_prefix": "",
            "ip_cidr_range": "10.0.0.0/24",
            "ipv6_access_type": "",
            "ipv6_cidr_range": "",
            "log_config": [],
            "name": "management",
            "network": "https://www.googleapis.com/compute/v1/projects/test-482612/global/networks/sample-vpc",
            "private_ip_google_access": true,
            "private_ipv6_google_access": "DISABLE_GOOGLE_ACCESS",
            "project": "test-482612",
            "purpose": "PRIVATE",
            "region": "asia-southeast1",
            "role": "",
            "secondary_ip_range": [],
            "self_link": "https://www.googleapis.com/compute/v1/projects/test-482612/regions/asia-southeast1/subnetworks/management",
            "send_secondary_ip_range_if_empty": null,
            "stack_type": "IPV4_ONLY",
            "timeouts": null
          },
          "sensitive_attributes": [],
          "identity_schema_version": 0,
          "private": "eyJlMmJmYjczMC1lY2FhLTExZTYtOGY4OC0zNDM2M2JjN2M0YzAiOnsiY3JlYXRlIjoxMjAwMDAwMDAwMDAwLCJkZWxldGUiOjEyMDAwMDAwMDAwMDAsInVwZGF0ZSI6MTIwMDAwMDAwMDAwMH19",
          "dependencies": [
            "module.vpcs.google_compute_network.vpc"
          ]
        }
      ]
    }
  ],
  "check_results": null
}
