{
  "version": 4,
  "terraform_version": "1.14.3",
  "serial": 1222,
  "lineage": "ad077a50-6510-fb00-80ac-5de618e4d590",
  "outputs": {},
  "resources": [
    {
      "module": "module.psa[\"sample-vpc\"]",
      "mode": "managed",
      "type": "google_compute_global_address",
      "name": "psa_range",
      "provider": "provider[\"registry.terraform.io/hashicorp/google\"]",
      "instances": [
        {
          "schema_version": 0,
          "attributes": {
            "address": "10.130.128.0",
            "address_type": "INTERNAL",
            "creation_timestamp": "2025-12-27T10:21:48.362-08:00",
            "description": "",
            "effective_labels": {},
            "id": "projects/stone-booking-482114-v1/global/addresses/sample-vpc-psa-range",
            "ip_version": "",
            "label_fingerprint": "42WmSpB8rSM=",
            "labels": {},
            "name": "sample-vpc-psa-range",
            "network": "https://www.googleapis.com/compute/v1/projects/stone-booking-482114-v1/global/networks/sample-vpc",
            "prefix_length": 20,
            "project": "stone-booking-482114-v1",
            "purpose": "VPC_PEERING",
            "self_link": "https://www.googleapis.com/compute/v1/projects/stone-booking-482114-v1/global/addresses/sample-vpc-psa-range",
            "terraform_labels": {},
            "timeouts": null
          },
          "sensitive_attributes": [],
          "identity_schema_version": 0,
          "private": "eyJlMmJmYjczMC1lY2FhLTExZTYtOGY4OC0zNDM2M2JjN2M0YzAiOnsiY3JlYXRlIjoxMjAwMDAwMDAwMDAwLCJkZWxldGUiOjEyMDAwMDAwMDAwMDAsInVwZGF0ZSI6MTIwMDAwMDAwMDAwMH19",
          "dependencies": [
            "module.vpcs.google_compute_network.vpc",
            "module.vpcs.google_compute_subnetwork.subnets"
          ]
        }
      ]
    },
    {
      "module": "module.psa[\"sample-vpc\"]",
      "mode": "managed",
      "type": "google_service_networking_connection",
      "name": "psa_peering",
      "provider": "provider[\"registry.terraform.io/hashicorp/google\"]",
      "instances": [
        {
          "schema_version": 0,
          "attributes": {
            "deletion_policy": null,
            "id": "https%3A%2F%2Fwww.googleapis.com%2Fcompute%2Fv1%2Fprojects%2Fstone-booking-482114-v1%2Fglobal%2Fnetworks%2Fsample-vpc:servicenetworking.googleapis.com",
            "network": "https://www.googleapis.com/compute/v1/projects/stone-booking-482114-v1/global/networks/sample-vpc",
            "peering": "servicenetworking-googleapis-com",
            "reserved_peering_ranges": [
              "sample-vpc-psa-range"
            ],
            "service": "servicenetworking.googleapis.com",
            "timeouts": null,
            "update_on_creation_fail": null
          },
          "sensitive_attributes": [],
          "identity_schema_version": 0,
          "private": "eyJlMmJmYjczMC1lY2FhLTExZTYtOGY4OC0zNDM2M2JjN2M0YzAiOnsiY3JlYXRlIjo2MDAwMDAwMDAwMDAsImRlbGV0ZSI6NjAwMDAwMDAwMDAwLCJ1cGRhdGUiOjYwMDAwMDAwMDAwMH19",
          "dependencies": [
            "module.psa.google_compute_global_address.psa_range",
            "module.vpcs.google_compute_network.vpc",
            "module.vpcs.google_compute_subnetwork.subnets"
          ]
        }
      ]
    },
    {
      "module": "module.vpcs[\"sample-vpc\"]",
      "mode": "managed",
      "type": "google_compute_network",
      "name": "vpc",
      "provider": "provider[\"registry.terraform.io/hashicorp/google\"]",
      "instances": [
        {
          "schema_version": 0,
          "attributes": {
            "auto_create_subnetworks": false,
            "delete_default_routes_on_create": false,
            "description": "VPC network for core services and applications",
            "enable_ula_internal_ipv6": false,
            "gateway_ipv4": "",
            "id": "projects/stone-booking-482114-v1/global/networks/sample-vpc",
            "internal_ipv6_range": "",
            "mtu": 1460,
            "name": "sample-vpc",
            "network_firewall_policy_enforcement_order": "AFTER_CLASSIC_FIREWALL",
            "numeric_id": "1371383391410341254",
            "project": "stone-booking-482114-v1",
            "routing_mode": "REGIONAL",
            "self_link": "https://www.googleapis.com/compute/v1/projects/stone-booking-482114-v1/global/networks/sample-vpc",
            "timeouts": null
          },
          "sensitive_attributes": [],
          "identity_schema_version": 0,
          "private": "eyJlMmJmYjczMC1lY2FhLTExZTYtOGY4OC0zNDM2M2JjN2M0YzAiOnsiY3JlYXRlIjoxMjAwMDAwMDAwMDAwLCJkZWxldGUiOjEyMDAwMDAwMDAwMDAsInVwZGF0ZSI6MTIwMDAwMDAwMDAwMH19"
        }
      ]
    },
    {
      "module": "module.vpcs[\"sample-vpc\"]",
      "mode": "managed",
      "type": "google_compute_subnetwork",
      "name": "subnets",
      "provider": "provider[\"registry.terraform.io/hashicorp/google\"]",
      "instances": [
        {
          "index_key": "asia-southeast1/compute-vm",
          "schema_version": 0,
          "attributes": {
            "creation_timestamp": "2025-12-27T07:29:58.973-08:00",
            "description": "Subnet for general purpose Compute Engine VMs",
            "external_ipv6_prefix": "",
            "fingerprint": null,
            "gateway_address": "10.0.7.1",
            "id": "projects/stone-booking-482114-v1/regions/asia-southeast1/subnetworks/compute-vm",
            "internal_ipv6_prefix": "",
            "ip_cidr_range": "10.0.7.0/24",
            "ipv6_access_type": "",
            "ipv6_cidr_range": "",
            "log_config": [],
            "name": "compute-vm",
            "network": "https://www.googleapis.com/compute/v1/projects/stone-booking-482114-v1/global/networks/sample-vpc",
            "private_ip_google_access": false,
            "private_ipv6_google_access": "DISABLE_GOOGLE_ACCESS",
            "project": "stone-booking-482114-v1",
            "purpose": "PRIVATE",
            "region": "asia-southeast1",
            "role": "",
            "secondary_ip_range": [],
            "self_link": "https://www.googleapis.com/compute/v1/projects/stone-booking-482114-v1/regions/asia-southeast1/subnetworks/compute-vm",
            "send_secondary_ip_range_if_empty": null,
            "stack_type": "IPV4_ONLY",
            "timeouts": null
          },
          "sensitive_attributes": [],
          "identity_schema_version": 0,
          "private": "eyJlMmJmYjczMC1lY2FhLTExZTYtOGY4OC0zNDM2M2JjN2M0YzAiOnsiY3JlYXRlIjoxMjAwMDAwMDAwMDAwLCJkZWxldGUiOjEyMDAwMDAwMDAwMDAsInVwZGF0ZSI6MTIwMDAwMDAwMDAwMH19",
          "dependencies": [
            "module.vpcs.google_compute_network.vpc"
          ]
        },
        {
          "index_key": "asia-southeast1/databases",
          "schema_version": 0,
          "attributes": {
            "creation_timestamp": "2025-12-27T07:29:58.988-08:00",
            "description": "Subnet for database instances (e.g., Cloud SQL, self-managed databases)",
            "external_ipv6_prefix": "",
            "fingerprint": null,
            "gateway_address": "10.0.1.1",
            "id": "projects/stone-booking-482114-v1/regions/asia-southeast1/subnetworks/databases",
            "internal_ipv6_prefix": "",
            "ip_cidr_range": "10.0.1.0/24",
            "ipv6_access_type": "",
            "ipv6_cidr_range": "",
            "log_config": [],
            "name": "databases",
            "network": "https://www.googleapis.com/compute/v1/projects/stone-booking-482114-v1/global/networks/sample-vpc",
            "private_ip_google_access": true,
            "private_ipv6_google_access": "DISABLE_GOOGLE_ACCESS",
            "project": "stone-booking-482114-v1",
            "purpose": "PRIVATE",
            "region": "asia-southeast1",
            "role": "",
            "secondary_ip_range": [],
            "self_link": "https://www.googleapis.com/compute/v1/projects/stone-booking-482114-v1/regions/asia-southeast1/subnetworks/databases",
            "send_secondary_ip_range_if_empty": null,
            "stack_type": "IPV4_ONLY",
            "timeouts": null
          },
          "sensitive_attributes": [],
          "identity_schema_version": 0,
          "private": "eyJlMmJmYjczMC1lY2FhLTExZTYtOGY4OC0zNDM2M2JjN2M0YzAiOnsiY3JlYXRlIjoxMjAwMDAwMDAwMDAwLCJkZWxldGUiOjEyMDAwMDAwMDAwMDAsInVwZGF0ZSI6MTIwMDAwMDAwMDAwMH19",
          "dependencies": [
            "module.vpcs.google_compute_network.vpc"
          ]
        },
        {
          "index_key": "asia-southeast1/gke-primary",
          "schema_version": 0,
          "attributes": {
            "creation_timestamp": "2025-12-27T07:29:59.520-08:00",
            "description": "Primary subnet for GKE cluster nodes",
            "external_ipv6_prefix": "",
            "fingerprint": null,
            "gateway_address": "10.0.2.1",
            "id": "projects/stone-booking-482114-v1/regions/asia-southeast1/subnetworks/gke-primary",
            "internal_ipv6_prefix": "",
            "ip_cidr_range": "10.0.2.0/23",
            "ipv6_access_type": "",
            "ipv6_cidr_range": "",
            "log_config": [],
            "name": "gke-primary",
            "network": "https://www.googleapis.com/compute/v1/projects/stone-booking-482114-v1/global/networks/sample-vpc",
            "private_ip_google_access": true,
            "private_ipv6_google_access": "DISABLE_GOOGLE_ACCESS",
            "project": "stone-booking-482114-v1",
            "purpose": "PRIVATE",
            "region": "asia-southeast1",
            "role": "",
            "secondary_ip_range": [
              {
                "ip_cidr_range": "10.1.0.0/20",
                "range_name": "gke-pods"
              },
              {
                "ip_cidr_range": "10.50.0.0/17",
                "range_name": "gke-services"
              }
            ],
            "self_link": "https://www.googleapis.com/compute/v1/projects/stone-booking-482114-v1/regions/asia-southeast1/subnetworks/gke-primary",
            "send_secondary_ip_range_if_empty": null,
            "stack_type": "IPV4_ONLY",
            "timeouts": null
          },
          "sensitive_attributes": [],
          "identity_schema_version": 0,
          "private": "eyJlMmJmYjczMC1lY2FhLTExZTYtOGY4OC0zNDM2M2JjN2M0YzAiOnsiY3JlYXRlIjoxMjAwMDAwMDAwMDAwLCJkZWxldGUiOjEyMDAwMDAwMDAwMDAsInVwZGF0ZSI6MTIwMDAwMDAwMDAwMH19",
          "dependencies": [
            "module.vpcs.google_compute_network.vpc"
          ]
        },
        {
          "index_key": "asia-southeast1/loadbalancer-proxy",
          "schema_version": 0,
          "attributes": {
            "creation_timestamp": "2025-12-27T07:29:59.249-08:00",
            "description": "Dedicated proxy-only subnet for internal HTTP(S) Load Balancers",
            "external_ipv6_prefix": "",
            "fingerprint": null,
            "gateway_address": "10.129.0.1",
            "id": "projects/stone-booking-482114-v1/regions/asia-southeast1/subnetworks/loadbalancer-proxy",
            "internal_ipv6_prefix": "",
            "ip_cidr_range": "10.129.0.0/23",
            "ipv6_access_type": "",
            "ipv6_cidr_range": "",
            "log_config": [],
            "name": "loadbalancer-proxy",
            "network": "https://www.googleapis.com/compute/v1/projects/stone-booking-482114-v1/global/networks/sample-vpc",
            "private_ip_google_access": false,
            "private_ipv6_google_access": "DISABLE_GOOGLE_ACCESS",
            "project": "stone-booking-482114-v1",
            "purpose": "REGIONAL_MANAGED_PROXY",
            "region": "asia-southeast1",
            "role": "ACTIVE",
            "secondary_ip_range": [],
            "self_link": "https://www.googleapis.com/compute/v1/projects/stone-booking-482114-v1/regions/asia-southeast1/subnetworks/loadbalancer-proxy",
            "send_secondary_ip_range_if_empty": null,
            "stack_type": "",
            "timeouts": null
          },
          "sensitive_attributes": [],
          "identity_schema_version": 0,
          "private": "eyJlMmJmYjczMC1lY2FhLTExZTYtOGY4OC0zNDM2M2JjN2M0YzAiOnsiY3JlYXRlIjoxMjAwMDAwMDAwMDAwLCJkZWxldGUiOjEyMDAwMDAwMDAwMDAsInVwZGF0ZSI6MTIwMDAwMDAwMDAwMH19",
          "dependencies": [
            "module.vpcs.google_compute_network.vpc"
          ]
        },
        {
          "index_key": "asia-southeast1/management",
          "schema_version": 0,
          "attributes": {
            "creation_timestamp": "2025-12-27T07:29:58.985-08:00",
            "description": "Subnet for management VMs and tools",
            "external_ipv6_prefix": "",
            "fingerprint": null,
            "gateway_address": "10.0.0.1",
            "id": "projects/stone-booking-482114-v1/regions/asia-southeast1/subnetworks/management",
            "internal_ipv6_prefix": "",
            "ip_cidr_range": "10.0.0.0/24",
            "ipv6_access_type": "",
            "ipv6_cidr_range": "",
            "log_config": [],
            "name": "management",
            "network": "https://www.googleapis.com/compute/v1/projects/stone-booking-482114-v1/global/networks/sample-vpc",
            "private_ip_google_access": true,
            "private_ipv6_google_access": "DISABLE_GOOGLE_ACCESS",
            "project": "stone-booking-482114-v1",
            "purpose": "PRIVATE",
            "region": "asia-southeast1",
            "role": "",
            "secondary_ip_range": [],
            "self_link": "https://www.googleapis.com/compute/v1/projects/stone-booking-482114-v1/regions/asia-southeast1/subnetworks/management",
            "send_secondary_ip_range_if_empty": null,
            "stack_type": "IPV4_ONLY",
            "timeouts": null
          },
          "sensitive_attributes": [],
          "identity_schema_version": 0,
          "private": "eyJlMmJmYjczMC1lY2FhLTExZTYtOGY4OC0zNDM2M2JjN2M0YzAiOnsiY3JlYXRlIjoxMjAwMDAwMDAwMDAwLCJkZWxldGUiOjEyMDAwMDAwMDAwMDAsInVwZGF0ZSI6MTIwMDAwMDAwMDAwMH19",
          "dependencies": [
            "module.vpcs.google_compute_network.vpc"
          ]
        },
        {
          "index_key": "asia-southeast1/serverless-cloudrun",
          "schema_version": 0,
          "attributes": {
            "creation_timestamp": "2025-12-27T07:29:58.807-08:00",
            "description": "Subnet for Serverless VPC Access for Cloud Run",
            "external_ipv6_prefix": "",
            "fingerprint": null,
            "gateway_address": "10.0.6.1",
            "id": "projects/stone-booking-482114-v1/regions/asia-southeast1/subnetworks/serverless-cloudrun",
            "internal_ipv6_prefix": "",
            "ip_cidr_range": "10.0.6.0/24",
            "ipv6_access_type": "",
            "ipv6_cidr_range": "",
            "log_config": [],
            "name": "serverless-cloudrun",
            "network": "https://www.googleapis.com/compute/v1/projects/stone-booking-482114-v1/global/networks/sample-vpc",
            "private_ip_google_access": false,
            "private_ipv6_google_access": "DISABLE_GOOGLE_ACCESS",
            "project": "stone-booking-482114-v1",
            "purpose": "PRIVATE",
            "region": "asia-southeast1",
            "role": "",
            "secondary_ip_range": [],
            "self_link": "https://www.googleapis.com/compute/v1/projects/stone-booking-482114-v1/regions/asia-southeast1/subnetworks/serverless-cloudrun",
            "send_secondary_ip_range_if_empty": null,
            "stack_type": "IPV4_ONLY",
            "timeouts": null
          },
          "sensitive_attributes": [],
          "identity_schema_version": 0,
          "private": "eyJlMmJmYjczMC1lY2FhLTExZTYtOGY4OC0zNDM2M2JjN2M0YzAiOnsiY3JlYXRlIjoxMjAwMDAwMDAwMDAwLCJkZWxldGUiOjEyMDAwMDAwMDAwMDAsInVwZGF0ZSI6MTIwMDAwMDAwMDAwMH19",
          "dependencies": [
            "module.vpcs.google_compute_network.vpc"
          ]
        }
      ]
    }
  ],
  "check_results": [
    {
      "object_kind": "var",
      "config_addr": "module.cloudsql.var.disk_type",
      "status": "unknown",
      "objects": null
    },
    {
      "object_kind": "var",
      "config_addr": "module.cloudsql.var.ssl_mode",
      "status": "unknown",
      "objects": null
    }
  ]
}
