{
  "version": 4,
  "terraform_version": "1.14.3",
  "serial": 48,
  "lineage": "043ab962-5c54-bc16-80e8-f3e4d49fbacf",
  "outputs": {},
  "resources": [
    {
      "module": "module.firewalls[\"sample-vpc\"]",
      "mode": "managed",
      "type": "google_compute_firewall",
      "name": "rules",
      "provider": "provider[\"registry.terraform.io/hashicorp/google\"]",
      "instances": [
        {
          "index_key": "allow-egress-to-internet",
          "schema_version": 1,
          "attributes": {
            "allow": [
              {
                "ports": [
                  "53"
                ],
                "protocol": "udp"
              },
              {
                "ports": [
                  "80",
                  "443",
                  "53"
                ],
                "protocol": "tcp"
              },
              {
                "ports": [],
                "protocol": "icmp"
              }
            ],
            "creation_timestamp": "2025-12-21T11:45:05.979-08:00",
            "deny": [],
            "description": "Allows specified instances to make outbound connections to the internet on common ports.",
            "destination_ranges": [
              "0.0.0.0/0"
            ],
            "direction": "EGRESS",
            "disabled": false,
            "enable_logging": null,
            "id": "projects/adroit-nimbus-481707-i0/global/firewalls/allow-egress-to-internet",
            "log_config": [],
            "name": "allow-egress-to-internet",
            "network": "https://www.googleapis.com/compute/v1/projects/adroit-nimbus-481707-i0/global/networks/sample-vpc",
            "priority": 1000,
            "project": "adroit-nimbus-481707-i0",
            "self_link": "https://www.googleapis.com/compute/v1/projects/adroit-nimbus-481707-i0/global/firewalls/allow-egress-to-internet",
            "source_ranges": [],
            "source_service_accounts": [],
            "source_tags": [],
            "target_service_accounts": [],
            "target_tags": [
              "gke-node",
              "management-server",
              "outbound-internet"
            ],
            "timeouts": null
          },
          "sensitive_attributes": [],
          "identity_schema_version": 0,
          "private": "eyJlMmJmYjczMC1lY2FhLTExZTYtOGY4OC0zNDM2M2JjN2M0YzAiOnsiY3JlYXRlIjoxMjAwMDAwMDAwMDAwLCJkZWxldGUiOjEyMDAwMDAwMDAwMDAsInVwZGF0ZSI6MTIwMDAwMDAwMDAwMH0sInNjaGVtYV92ZXJzaW9uIjoiMSJ9",
          "dependencies": [
            "module.vpcs.google_compute_network.vpc",
            "module.vpcs.google_compute_subnetwork.subnets"
          ]
        },
        {
          "index_key": "allow-gke-to-databases",
          "schema_version": 1,
          "attributes": {
            "allow": [
              {
                "ports": [
                  "5432",
                  "3306",
                  "1433",
                  "6379"
                ],
                "protocol": "tcp"
              }
            ],
            "creation_timestamp": "2025-12-21T17:54:58.877-08:00",
            "deny": [],
            "description": "Allows traffic from GKE nodes/pods to the database subnet on specified database ports.",
            "destination_ranges": [],
            "direction": "INGRESS",
            "disabled": false,
            "enable_logging": null,
            "id": "projects/adroit-nimbus-481707-i0/global/firewalls/allow-gke-to-databases",
            "log_config": [],
            "name": "allow-gke-to-databases",
            "network": "https://www.googleapis.com/compute/v1/projects/adroit-nimbus-481707-i0/global/networks/sample-vpc",
            "priority": 200,
            "project": "adroit-nimbus-481707-i0",
            "self_link": "https://www.googleapis.com/compute/v1/projects/adroit-nimbus-481707-i0/global/firewalls/allow-gke-to-databases",
            "source_ranges": [
              "10.0.2.0/23",
              "10.1.0.0/20",
              "10.2.0.0/20"
            ],
            "source_service_accounts": [],
            "source_tags": [],
            "target_service_accounts": [],
            "target_tags": [],
            "timeouts": null
          },
          "sensitive_attributes": [],
          "identity_schema_version": 0,
          "private": "eyJlMmJmYjczMC1lY2FhLTExZTYtOGY4OC0zNDM2M2JjN2M0YzAiOnsiY3JlYXRlIjoxMjAwMDAwMDAwMDAwLCJkZWxldGUiOjEyMDAwMDAwMDAwMDAsInVwZGF0ZSI6MTIwMDAwMDAwMDAwMH0sInNjaGVtYV92ZXJzaW9uIjoiMSJ9",
          "dependencies": [
            "module.vpcs.google_compute_network.vpc",
            "module.vpcs.google_compute_subnetwork.subnets"
          ]
        },
        {
          "index_key": "allow-iap-ssh",
          "schema_version": 1,
          "attributes": {
            "allow": [
              {
                "ports": [
                  "22"
                ],
                "protocol": "tcp"
              }
            ],
            "creation_timestamp": "2025-12-21T11:45:06.865-08:00",
            "deny": [],
            "description": "Allows SSH access to VMs tagged 'iap-ssh' via Google Cloud IAP (Identity-Aware Proxy).",
            "destination_ranges": [],
            "direction": "INGRESS",
            "disabled": false,
            "enable_logging": null,
            "id": "projects/adroit-nimbus-481707-i0/global/firewalls/allow-iap-ssh",
            "log_config": [],
            "name": "allow-iap-ssh",
            "network": "https://www.googleapis.com/compute/v1/projects/adroit-nimbus-481707-i0/global/networks/sample-vpc",
            "priority": 110,
            "project": "adroit-nimbus-481707-i0",
            "self_link": "https://www.googleapis.com/compute/v1/projects/adroit-nimbus-481707-i0/global/firewalls/allow-iap-ssh",
            "source_ranges": [
              "35.235.240.0/20"
            ],
            "source_service_accounts": [],
            "source_tags": [],
            "target_service_accounts": [],
            "target_tags": [
              "iap-ssh"
            ],
            "timeouts": null
          },
          "sensitive_attributes": [],
          "identity_schema_version": 0,
          "private": "eyJlMmJmYjczMC1lY2FhLTExZTYtOGY4OC0zNDM2M2JjN2M0YzAiOnsiY3JlYXRlIjoxMjAwMDAwMDAwMDAwLCJkZWxldGUiOjEyMDAwMDAwMDAwMDAsInVwZGF0ZSI6MTIwMDAwMDAwMDAwMH0sInNjaGVtYV92ZXJzaW9uIjoiMSJ9",
          "dependencies": [
            "module.vpcs.google_compute_network.vpc",
            "module.vpcs.google_compute_subnetwork.subnets"
          ]
        },
        {
          "index_key": "allow-internal-all-subnets",
          "schema_version": 1,
          "attributes": {
            "allow": [
              {
                "ports": [
                  "0-65535"
                ],
                "protocol": "tcp"
              },
              {
                "ports": [
                  "0-65535"
                ],
                "protocol": "udp"
              },
              {
                "ports": [],
                "protocol": "icmp"
              }
            ],
            "creation_timestamp": "2025-12-21T11:45:06.754-08:00",
            "deny": [],
            "description": "Allows all TCP/UDP/ICMP communication between internal subnets within the 'sample-vpc'.",
            "destination_ranges": [],
            "direction": "INGRESS",
            "disabled": false,
            "enable_logging": null,
            "id": "projects/adroit-nimbus-481707-i0/global/firewalls/allow-internal-all-subnets",
            "log_config": [],
            "name": "allow-internal-all-subnets",
            "network": "https://www.googleapis.com/compute/v1/projects/adroit-nimbus-481707-i0/global/networks/sample-vpc",
            "priority": 300,
            "project": "adroit-nimbus-481707-i0",
            "self_link": "https://www.googleapis.com/compute/v1/projects/adroit-nimbus-481707-i0/global/firewalls/allow-internal-all-subnets",
            "source_ranges": [
              "10.0.0.0/8"
            ],
            "source_service_accounts": [],
            "source_tags": [],
            "target_service_accounts": [],
            "target_tags": [],
            "timeouts": null
          },
          "sensitive_attributes": [],
          "identity_schema_version": 0,
          "private": "eyJlMmJmYjczMC1lY2FhLTExZTYtOGY4OC0zNDM2M2JjN2M0YzAiOnsiY3JlYXRlIjoxMjAwMDAwMDAwMDAwLCJkZWxldGUiOjEyMDAwMDAwMDAwMDAsInVwZGF0ZSI6MTIwMDAwMDAwMDAwMH0sInNjaGVtYV92ZXJzaW9uIjoiMSJ9",
          "dependencies": [
            "module.vpcs.google_compute_network.vpc",
            "module.vpcs.google_compute_subnetwork.subnets"
          ]
        },
        {
          "index_key": "allow-internal-icmp",
          "schema_version": 1,
          "attributes": {
            "allow": [
              {
                "ports": [],
                "protocol": "icmp"
              }
            ],
            "creation_timestamp": "2025-12-21T11:45:06.690-08:00",
            "deny": [],
            "description": "Allows internal ICMP traffic for basic network diagnostics (ping).",
            "destination_ranges": [],
            "direction": "INGRESS",
            "disabled": false,
            "enable_logging": null,
            "id": "projects/adroit-nimbus-481707-i0/global/firewalls/allow-internal-icmp",
            "log_config": [],
            "name": "allow-internal-icmp",
            "network": "https://www.googleapis.com/compute/v1/projects/adroit-nimbus-481707-i0/global/networks/sample-vpc",
            "priority": 400,
            "project": "adroit-nimbus-481707-i0",
            "self_link": "https://www.googleapis.com/compute/v1/projects/adroit-nimbus-481707-i0/global/firewalls/allow-internal-icmp",
            "source_ranges": [
              "10.0.0.0/8"
            ],
            "source_service_accounts": [],
            "source_tags": [],
            "target_service_accounts": [],
            "target_tags": [],
            "timeouts": null
          },
          "sensitive_attributes": [],
          "identity_schema_version": 0,
          "private": "eyJlMmJmYjczMC1lY2FhLTExZTYtOGY4OC0zNDM2M2JjN2M0YzAiOnsiY3JlYXRlIjoxMjAwMDAwMDAwMDAwLCJkZWxldGUiOjEyMDAwMDAwMDAwMDAsInVwZGF0ZSI6MTIwMDAwMDAwMDAwMH0sInNjaGVtYV92ZXJzaW9uIjoiMSJ9",
          "dependencies": [
            "module.vpcs.google_compute_network.vpc",
            "module.vpcs.google_compute_subnetwork.subnets"
          ]
        },
        {
          "index_key": "allow-lb-health-checks",
          "schema_version": 1,
          "attributes": {
            "allow": [
              {
                "ports": [
                  "80",
                  "443",
                  "8080",
                  "8443",
                  "10250"
                ],
                "protocol": "tcp"
              }
            ],
            "creation_timestamp": "2025-12-21T11:45:06.038-08:00",
            "deny": [],
            "description": "Allows Google Cloud Load Balancer health check probes to target backends.",
            "destination_ranges": [],
            "direction": "INGRESS",
            "disabled": false,
            "enable_logging": null,
            "id": "projects/adroit-nimbus-481707-i0/global/firewalls/allow-lb-health-checks",
            "log_config": [],
            "name": "allow-lb-health-checks",
            "network": "https://www.googleapis.com/compute/v1/projects/adroit-nimbus-481707-i0/global/networks/sample-vpc",
            "priority": 500,
            "project": "adroit-nimbus-481707-i0",
            "self_link": "https://www.googleapis.com/compute/v1/projects/adroit-nimbus-481707-i0/global/firewalls/allow-lb-health-checks",
            "source_ranges": [
              "130.211.0.0/22",
              "209.85.152.0/22",
              "209.85.204.0/22",
              "35.191.0.0/16"
            ],
            "source_service_accounts": [],
            "source_tags": [],
            "target_service_accounts": [],
            "target_tags": [
              "application-backend",
              "gke-node",
              "management-server"
            ],
            "timeouts": null
          },
          "sensitive_attributes": [],
          "identity_schema_version": 0,
          "private": "eyJlMmJmYjczMC1lY2FhLTExZTYtOGY4OC0zNDM2M2JjN2M0YzAiOnsiY3JlYXRlIjoxMjAwMDAwMDAwMDAwLCJkZWxldGUiOjEyMDAwMDAwMDAwMDAsInVwZGF0ZSI6MTIwMDAwMDAwMDAwMH0sInNjaGVtYV92ZXJzaW9uIjoiMSJ9",
          "dependencies": [
            "module.vpcs.google_compute_network.vpc",
            "module.vpcs.google_compute_subnetwork.subnets"
          ]
        },
        {
          "index_key": "deny-all-other-egress",
          "schema_version": 1,
          "attributes": {
            "allow": [],
            "creation_timestamp": "2025-12-21T11:45:06.065-08:00",
            "deny": [
              {
                "ports": [],
                "protocol": "all"
              }
            ],
            "description": "Explicitly denies all outbound traffic not explicitly allowed by higher priority rules. Critical for 'deny by default' security.",
            "destination_ranges": [
              "0.0.0.0/0"
            ],
            "direction": "EGRESS",
            "disabled": false,
            "enable_logging": null,
            "id": "projects/adroit-nimbus-481707-i0/global/firewalls/deny-all-other-egress",
            "log_config": [],
            "name": "deny-all-other-egress",
            "network": "https://www.googleapis.com/compute/v1/projects/adroit-nimbus-481707-i0/global/networks/sample-vpc",
            "priority": 65534,
            "project": "adroit-nimbus-481707-i0",
            "self_link": "https://www.googleapis.com/compute/v1/projects/adroit-nimbus-481707-i0/global/firewalls/deny-all-other-egress",
            "source_ranges": [],
            "source_service_accounts": [],
            "source_tags": [],
            "target_service_accounts": [],
            "target_tags": [],
            "timeouts": null
          },
          "sensitive_attributes": [],
          "identity_schema_version": 0,
          "private": "eyJlMmJmYjczMC1lY2FhLTExZTYtOGY4OC0zNDM2M2JjN2M0YzAiOnsiY3JlYXRlIjoxMjAwMDAwMDAwMDAwLCJkZWxldGUiOjEyMDAwMDAwMDAwMDAsInVwZGF0ZSI6MTIwMDAwMDAwMDAwMH0sInNjaGVtYV92ZXJzaW9uIjoiMSJ9",
          "dependencies": [
            "module.vpcs.google_compute_network.vpc",
            "module.vpcs.google_compute_subnetwork.subnets"
          ]
        },
        {
          "index_key": "deny-all-other-ingress",
          "schema_version": 1,
          "attributes": {
            "allow": [],
            "creation_timestamp": "2025-12-21T11:45:06.031-08:00",
            "deny": [
              {
                "ports": [],
                "protocol": "all"
              }
            ],
            "description": "Explicitly denies all inbound traffic not explicitly allowed by higher priority rules. Critical for 'deny by default' security.",
            "destination_ranges": [],
            "direction": "INGRESS",
            "disabled": false,
            "enable_logging": null,
            "id": "projects/adroit-nimbus-481707-i0/global/firewalls/deny-all-other-ingress",
            "log_config": [],
            "name": "deny-all-other-ingress",
            "network": "https://www.googleapis.com/compute/v1/projects/adroit-nimbus-481707-i0/global/networks/sample-vpc",
            "priority": 65534,
            "project": "adroit-nimbus-481707-i0",
            "self_link": "https://www.googleapis.com/compute/v1/projects/adroit-nimbus-481707-i0/global/firewalls/deny-all-other-ingress",
            "source_ranges": [
              "0.0.0.0/0"
            ],
            "source_service_accounts": [],
            "source_tags": [],
            "target_service_accounts": [],
            "target_tags": [],
            "timeouts": null
          },
          "sensitive_attributes": [],
          "identity_schema_version": 0,
          "private": "eyJlMmJmYjczMC1lY2FhLTExZTYtOGY4OC0zNDM2M2JjN2M0YzAiOnsiY3JlYXRlIjoxMjAwMDAwMDAwMDAwLCJkZWxldGUiOjEyMDAwMDAwMDAwMDAsInVwZGF0ZSI6MTIwMDAwMDAwMDAwMH0sInNjaGVtYV92ZXJzaW9uIjoiMSJ9",
          "dependencies": [
            "module.vpcs.google_compute_network.vpc",
            "module.vpcs.google_compute_subnetwork.subnets"
          ]
        }
      ]
    },
    {
      "module": "module.gke_clusters[\"cluster-sea1\"]",
      "mode": "managed",
      "type": "google_container_cluster",
      "name": "cluster",
      "provider": "provider[\"registry.terraform.io/hashicorp/google\"]",
      "instances": [
        {
          "schema_version": 2,
          "attributes": {
            "addons_config": [
              {
                "cloudrun_config": [],
                "config_connector_config": [],
                "dns_cache_config": [],
                "gce_persistent_disk_csi_driver_config": [],
                "gcp_filestore_csi_driver_config": [],
                "gcs_fuse_csi_driver_config": [],
                "gke_backup_agent_config": [],
                "horizontal_pod_autoscaling": [],
                "http_load_balancing": [
                  {
                    "disabled": false
                  }
                ],
                "network_policy_config": [],
                "ray_operator_config": [],
                "stateful_ha_config": []
              }
            ],
            "allow_net_admin": null,
            "authenticator_groups_config": null,
            "binary_authorization": [],
            "cluster_autoscaling": null,
            "cluster_ipv4_cidr": null,
            "confidential_nodes": null,
            "cost_management_config": null,
            "database_encryption": null,
            "datapath_provider": null,
            "default_max_pods_per_node": null,
            "default_snat_status": null,
            "deletion_protection": true,
            "description": "Primary GKE cluster for application workloads in the asia-southeast1 region.",
            "dns_config": [],
            "enable_autopilot": true,
            "enable_cilium_clusterwide_network_policy": false,
            "enable_intranode_visibility": true,
            "enable_k8s_beta_apis": [],
            "enable_kubernetes_alpha": false,
            "enable_l4_ilb_subsetting": false,
            "enable_legacy_abac": false,
            "enable_multi_networking": false,
            "enable_shielded_nodes": true,
            "enable_tpu": null,
            "endpoint": null,
            "fleet": [],
            "gateway_api_config": null,
            "id": "projects/adroit-nimbus-481707-i0/locations/asia-southeast1/clusters/cluster-sea1",
            "identity_service_config": null,
            "initial_node_count": null,
            "ip_allocation_policy": [
              {
                "additional_pod_ranges_config": [],
                "cluster_ipv4_cidr_block": "",
                "cluster_secondary_range_name": "gke-pods",
                "pod_cidr_overprovision_config": [],
                "services_ipv4_cidr_block": "",
                "services_secondary_range_name": "gke-services",
                "stack_type": "IPV4"
              }
            ],
            "label_fingerprint": null,
            "location": "asia-southeast1",
            "logging_config": [
              {
                "enable_components": [
                  "SYSTEM_COMPONENTS"
                ]
              }
            ],
            "logging_service": null,
            "maintenance_policy": [
              {
                "daily_maintenance_window": [
                  {
                    "duration": "",
                    "start_time": "03:00"
                  }
                ],
                "maintenance_exclusion": [],
                "recurring_window": []
              }
            ],
            "master_auth": null,
            "master_authorized_networks_config": [
              {
                "cidr_blocks": [
                  {
                    "cidr_block": "10.0.0.0/24",
                    "display_name": "management-subnet"
                  }
                ],
                "gcp_public_cidrs_access_enabled": false
              }
            ],
            "master_version": null,
            "mesh_certificates": null,
            "min_master_version": null,
            "monitoring_config": [
              {
                "advanced_datapath_observability_config": [],
                "enable_components": [
                  "SYSTEM_COMPONENTS"
                ],
                "managed_prometheus": []
              }
            ],
            "monitoring_service": null,
            "name": "cluster-sea1",
            "network": "https://www.googleapis.com/compute/v1/projects/adroit-nimbus-481707-i0/global/networks/sample-vpc",
            "network_policy": [],
            "networking_mode": "VPC_NATIVE",
            "node_config": null,
            "node_locations": [],
            "node_pool": null,
            "node_pool_auto_config": null,
            "node_pool_defaults": null,
            "node_version": null,
            "notification_config": null,
            "operation": "operation-1766346987302-f4c30099-54bc-4996-8b06-854a3d5b5265",
            "private_cluster_config": [
              {
                "enable_private_endpoint": true,
                "enable_private_nodes": true,
                "master_global_access_config": [],
                "master_ipv4_cidr_block": "172.16.0.32/28",
                "peering_name": "",
                "private_endpoint": "",
                "private_endpoint_subnetwork": "",
                "public_endpoint": ""
              }
            ],
            "private_ipv6_google_access": null,
            "project": "adroit-nimbus-481707-i0",
            "release_channel": [
              {
                "channel": "REGULAR"
              }
            ],
            "remove_default_node_pool": null,
            "resource_labels": null,
            "resource_usage_export_config": [],
            "security_posture_config": null,
            "self_link": null,
            "service_external_ips_config": null,
            "services_ipv4_cidr": null,
            "subnetwork": "https://www.googleapis.com/compute/v1/projects/adroit-nimbus-481707-i0/regions/asia-southeast1/subnetworks/gke-primary",
            "timeouts": null,
            "tpu_ipv4_cidr_block": null,
            "vertical_pod_autoscaling": null,
            "workload_identity_config": [
              {
                "workload_pool": "adroit-nimbus-481707-i0.svc.id.goog"
              }
            ]
          },
          "sensitive_attributes": [],
          "identity_schema_version": 0,
          "private": "eyJlMmJmYjczMC1lY2FhLTExZTYtOGY4OC0zNDM2M2JjN2M0YzAiOnsiY3JlYXRlIjoyNDAwMDAwMDAwMDAwLCJkZWxldGUiOjI0MDAwMDAwMDAwMDAsInJlYWQiOjI0MDAwMDAwMDAwMDAsInVwZGF0ZSI6MzYwMDAwMDAwMDAwMH0sInNjaGVtYV92ZXJzaW9uIjoiMiJ9",
          "dependencies": [
            "module.vpcs.google_compute_network.vpc",
            "module.vpcs.google_compute_subnetwork.subnets"
          ]
        }
      ]
    },
    {
      "module": "module.nat[\"asia-southeast1-public-nat\"]",
      "mode": "managed",
      "type": "google_compute_router",
      "name": "router",
      "provider": "provider[\"registry.terraform.io/hashicorp/google\"]",
      "instances": [
        {
          "index_key": "asia-southeast1-nat-router",
          "schema_version": 0,
          "attributes": {
            "bgp": [],
            "creation_timestamp": "2025-12-21T11:45:06.572-08:00",
            "description": "Cloud Router for Cloud NAT gateway in asia-southeast1.",
            "encrypted_interconnect_router": false,
            "id": "projects/adroit-nimbus-481707-i0/regions/asia-southeast1/routers/asia-southeast1-nat-router",
            "name": "asia-southeast1-nat-router",
            "network": "https://www.googleapis.com/compute/v1/projects/adroit-nimbus-481707-i0/global/networks/sample-vpc",
            "project": "adroit-nimbus-481707-i0",
            "region": "asia-southeast1",
            "self_link": "https://www.googleapis.com/compute/v1/projects/adroit-nimbus-481707-i0/regions/asia-southeast1/routers/asia-southeast1-nat-router",
            "timeouts": null
          },
          "sensitive_attributes": [],
          "identity_schema_version": 0,
          "private": "eyJlMmJmYjczMC1lY2FhLTExZTYtOGY4OC0zNDM2M2JjN2M0YzAiOnsiY3JlYXRlIjoxMjAwMDAwMDAwMDAwLCJkZWxldGUiOjEyMDAwMDAwMDAwMDAsInVwZGF0ZSI6MTIwMDAwMDAwMDAwMH19",
          "dependencies": [
            "module.vpcs.google_compute_network.vpc",
            "module.vpcs.google_compute_subnetwork.subnets"
          ]
        }
      ]
    },
    {
      "module": "module.nat[\"asia-southeast1-public-nat\"]",
      "mode": "managed",
      "type": "google_compute_router_nat",
      "name": "nat",
      "provider": "provider[\"registry.terraform.io/hashicorp/google\"]",
      "instances": [
        {
          "index_key": "asia-southeast1-public-nat",
          "schema_version": 0,
          "attributes": {
            "auto_network_tier": "PREMIUM",
            "drain_nat_ips": [],
            "enable_dynamic_port_allocation": false,
            "enable_endpoint_independent_mapping": false,
            "endpoint_types": [
              "ENDPOINT_TYPE_VM"
            ],
            "icmp_idle_timeout_sec": 30,
            "id": "adroit-nimbus-481707-i0/asia-southeast1/asia-southeast1-nat-router/asia-southeast1-public-nat",
            "log_config": [
              {
                "enable": true,
                "filter": "ALL"
              }
            ],
            "max_ports_per_vm": 0,
            "min_ports_per_vm": 64,
            "name": "asia-southeast1-public-nat",
            "nat_ip_allocate_option": "AUTO_ONLY",
            "nat_ips": [],
            "project": "adroit-nimbus-481707-i0",
            "region": "asia-southeast1",
            "router": "asia-southeast1-nat-router",
            "rules": [],
            "source_subnetwork_ip_ranges_to_nat": "LIST_OF_SUBNETWORKS",
            "subnetwork": [
              {
                "name": "https://www.googleapis.com/compute/v1/projects/adroit-nimbus-481707-i0/regions/asia-southeast1/subnetworks/compute-vm",
                "secondary_ip_range_names": [],
                "source_ip_ranges_to_nat": [
                  "ALL_IP_RANGES"
                ]
              },
              {
                "name": "https://www.googleapis.com/compute/v1/projects/adroit-nimbus-481707-i0/regions/asia-southeast1/subnetworks/gke-primary",
                "secondary_ip_range_names": [],
                "source_ip_ranges_to_nat": [
                  "ALL_IP_RANGES"
                ]
              },
              {
                "name": "https://www.googleapis.com/compute/v1/projects/adroit-nimbus-481707-i0/regions/asia-southeast1/subnetworks/management",
                "secondary_ip_range_names": [],
                "source_ip_ranges_to_nat": [
                  "ALL_IP_RANGES"
                ]
              }
            ],
            "tcp_established_idle_timeout_sec": 1200,
            "tcp_time_wait_timeout_sec": 120,
            "tcp_transitory_idle_timeout_sec": 30,
            "timeouts": null,
            "udp_idle_timeout_sec": 30
          },
          "sensitive_attributes": [],
          "identity_schema_version": 0,
          "private": "eyJlMmJmYjczMC1lY2FhLTExZTYtOGY4OC0zNDM2M2JjN2M0YzAiOnsiY3JlYXRlIjoxMjAwMDAwMDAwMDAwLCJkZWxldGUiOjEyMDAwMDAwMDAwMDAsInVwZGF0ZSI6MTIwMDAwMDAwMDAwMH19",
          "dependencies": [
            "module.nat.google_compute_router.router",
            "module.vpcs.google_compute_network.vpc",
            "module.vpcs.google_compute_subnetwork.subnets"
          ]
        }
      ]
    },
    {
      "module": "module.vpcs[\"sample-vpc\"]",
      "mode": "managed",
      "type": "google_compute_network",
      "name": "vpc",
      "provider": "provider[\"registry.terraform.io/hashicorp/google\"]",
      "instances": [
        {
          "schema_version": 0,
          "attributes": {
            "auto_create_subnetworks": false,
            "delete_default_routes_on_create": false,
            "description": "VPC network for core services and applications",
            "enable_ula_internal_ipv6": false,
            "gateway_ipv4": "",
            "id": "projects/adroit-nimbus-481707-i0/global/networks/sample-vpc",
            "internal_ipv6_range": "",
            "mtu": 1460,
            "name": "sample-vpc",
            "network_firewall_policy_enforcement_order": "AFTER_CLASSIC_FIREWALL",
            "numeric_id": "3698502667881280242",
            "project": "adroit-nimbus-481707-i0",
            "routing_mode": "REGIONAL",
            "self_link": "https://www.googleapis.com/compute/v1/projects/adroit-nimbus-481707-i0/global/networks/sample-vpc",
            "timeouts": null
          },
          "sensitive_attributes": [],
          "identity_schema_version": 0,
          "private": "eyJlMmJmYjczMC1lY2FhLTExZTYtOGY4OC0zNDM2M2JjN2M0YzAiOnsiY3JlYXRlIjoxMjAwMDAwMDAwMDAwLCJkZWxldGUiOjEyMDAwMDAwMDAwMDAsInVwZGF0ZSI6MTIwMDAwMDAwMDAwMH19"
        }
      ]
    },
    {
      "module": "module.vpcs[\"sample-vpc\"]",
      "mode": "managed",
      "type": "google_compute_subnetwork",
      "name": "subnets",
      "provider": "provider[\"registry.terraform.io/hashicorp/google\"]",
      "instances": [
        {
          "index_key": "asia-southeast1/compute-vm",
          "schema_version": 0,
          "attributes": {
            "creation_timestamp": "2025-12-21T11:36:23.912-08:00",
            "description": "Subnet for general purpose Compute Engine VMs",
            "external_ipv6_prefix": "",
            "fingerprint": null,
            "gateway_address": "10.0.7.1",
            "id": "projects/adroit-nimbus-481707-i0/regions/asia-southeast1/subnetworks/compute-vm",
            "internal_ipv6_prefix": "",
            "ip_cidr_range": "10.0.7.0/24",
            "ipv6_access_type": "",
            "ipv6_cidr_range": "",
            "log_config": [],
            "name": "compute-vm",
            "network": "https://www.googleapis.com/compute/v1/projects/adroit-nimbus-481707-i0/global/networks/sample-vpc",
            "private_ip_google_access": false,
            "private_ipv6_google_access": "DISABLE_GOOGLE_ACCESS",
            "project": "adroit-nimbus-481707-i0",
            "purpose": "PRIVATE",
            "region": "asia-southeast1",
            "role": "",
            "secondary_ip_range": [],
            "self_link": "https://www.googleapis.com/compute/v1/projects/adroit-nimbus-481707-i0/regions/asia-southeast1/subnetworks/compute-vm",
            "send_secondary_ip_range_if_empty": null,
            "stack_type": "IPV4_ONLY",
            "timeouts": null
          },
          "sensitive_attributes": [],
          "identity_schema_version": 0,
          "private": "eyJlMmJmYjczMC1lY2FhLTExZTYtOGY4OC0zNDM2M2JjN2M0YzAiOnsiY3JlYXRlIjoxMjAwMDAwMDAwMDAwLCJkZWxldGUiOjEyMDAwMDAwMDAwMDAsInVwZGF0ZSI6MTIwMDAwMDAwMDAwMH19",
          "dependencies": [
            "module.vpcs.google_compute_network.vpc"
          ]
        },
        {
          "index_key": "asia-southeast1/databases",
          "schema_version": 0,
          "attributes": {
            "creation_timestamp": "2025-12-21T11:36:24.070-08:00",
            "description": "Subnet for database instances (e.g., Cloud SQL, self-managed databases)",
            "external_ipv6_prefix": "",
            "fingerprint": null,
            "gateway_address": "10.0.1.1",
            "id": "projects/adroit-nimbus-481707-i0/regions/asia-southeast1/subnetworks/databases",
            "internal_ipv6_prefix": "",
            "ip_cidr_range": "10.0.1.0/24",
            "ipv6_access_type": "",
            "ipv6_cidr_range": "",
            "log_config": [],
            "name": "databases",
            "network": "https://www.googleapis.com/compute/v1/projects/adroit-nimbus-481707-i0/global/networks/sample-vpc",
            "private_ip_google_access": true,
            "private_ipv6_google_access": "DISABLE_GOOGLE_ACCESS",
            "project": "adroit-nimbus-481707-i0",
            "purpose": "PRIVATE",
            "region": "asia-southeast1",
            "role": "",
            "secondary_ip_range": [],
            "self_link": "https://www.googleapis.com/compute/v1/projects/adroit-nimbus-481707-i0/regions/asia-southeast1/subnetworks/databases",
            "send_secondary_ip_range_if_empty": null,
            "stack_type": "IPV4_ONLY",
            "timeouts": null
          },
          "sensitive_attributes": [],
          "identity_schema_version": 0,
          "private": "eyJlMmJmYjczMC1lY2FhLTExZTYtOGY4OC0zNDM2M2JjN2M0YzAiOnsiY3JlYXRlIjoxMjAwMDAwMDAwMDAwLCJkZWxldGUiOjEyMDAwMDAwMDAwMDAsInVwZGF0ZSI6MTIwMDAwMDAwMDAwMH19",
          "dependencies": [
            "module.vpcs.google_compute_network.vpc"
          ]
        },
        {
          "index_key": "asia-southeast1/gke-primary",
          "schema_version": 0,
          "attributes": {
            "creation_timestamp": "2025-12-21T11:41:41.516-08:00",
            "description": "Primary subnet for GKE cluster nodes",
            "external_ipv6_prefix": "",
            "fingerprint": null,
            "gateway_address": "10.0.2.1",
            "id": "projects/adroit-nimbus-481707-i0/regions/asia-southeast1/subnetworks/gke-primary",
            "internal_ipv6_prefix": "",
            "ip_cidr_range": "10.0.2.0/23",
            "ipv6_access_type": "",
            "ipv6_cidr_range": "",
            "log_config": [],
            "name": "gke-primary",
            "network": "https://www.googleapis.com/compute/v1/projects/adroit-nimbus-481707-i0/global/networks/sample-vpc",
            "private_ip_google_access": true,
            "private_ipv6_google_access": "DISABLE_GOOGLE_ACCESS",
            "project": "adroit-nimbus-481707-i0",
            "purpose": "PRIVATE",
            "region": "asia-southeast1",
            "role": "",
            "secondary_ip_range": [
              {
                "ip_cidr_range": "10.1.0.0/20",
                "range_name": "gke-pods"
              },
              {
                "ip_cidr_range": "10.2.0.0/20",
                "range_name": "gke-services"
              },
              {
                "ip_cidr_range": "10.50.0.0/17",
                "range_name": "gke-autopilot-cluster-1-pods-24088197"
              }
            ],
            "self_link": "https://www.googleapis.com/compute/v1/projects/adroit-nimbus-481707-i0/regions/asia-southeast1/subnetworks/gke-primary",
            "send_secondary_ip_range_if_empty": null,
            "stack_type": "IPV4_ONLY",
            "timeouts": null
          },
          "sensitive_attributes": [],
          "identity_schema_version": 0,
          "private": "eyJlMmJmYjczMC1lY2FhLTExZTYtOGY4OC0zNDM2M2JjN2M0YzAiOnsiY3JlYXRlIjoxMjAwMDAwMDAwMDAwLCJkZWxldGUiOjEyMDAwMDAwMDAwMDAsInVwZGF0ZSI6MTIwMDAwMDAwMDAwMH19",
          "dependencies": [
            "module.vpcs.google_compute_network.vpc"
          ]
        },
        {
          "index_key": "asia-southeast1/loadbalancer-proxy",
          "schema_version": 0,
          "attributes": {
            "creation_timestamp": "2025-12-21T11:44:43.575-08:00",
            "description": "Dedicated proxy-only subnet for internal HTTP(S) Load Balancers",
            "external_ipv6_prefix": "",
            "fingerprint": null,
            "gateway_address": "10.129.0.1",
            "id": "projects/adroit-nimbus-481707-i0/regions/asia-southeast1/subnetworks/loadbalancer-proxy",
            "internal_ipv6_prefix": "",
            "ip_cidr_range": "10.129.0.0/23",
            "ipv6_access_type": "",
            "ipv6_cidr_range": "",
            "log_config": [],
            "name": "loadbalancer-proxy",
            "network": "https://www.googleapis.com/compute/v1/projects/adroit-nimbus-481707-i0/global/networks/sample-vpc",
            "private_ip_google_access": false,
            "private_ipv6_google_access": "DISABLE_GOOGLE_ACCESS",
            "project": "adroit-nimbus-481707-i0",
            "purpose": "REGIONAL_MANAGED_PROXY",
            "region": "asia-southeast1",
            "role": "ACTIVE",
            "secondary_ip_range": [],
            "self_link": "https://www.googleapis.com/compute/v1/projects/adroit-nimbus-481707-i0/regions/asia-southeast1/subnetworks/loadbalancer-proxy",
            "send_secondary_ip_range_if_empty": null,
            "stack_type": "",
            "timeouts": null
          },
          "sensitive_attributes": [],
          "identity_schema_version": 0,
          "private": "eyJlMmJmYjczMC1lY2FhLTExZTYtOGY4OC0zNDM2M2JjN2M0YzAiOnsiY3JlYXRlIjoxMjAwMDAwMDAwMDAwLCJkZWxldGUiOjEyMDAwMDAwMDAwMDAsInVwZGF0ZSI6MTIwMDAwMDAwMDAwMH19",
          "dependencies": [
            "module.vpcs.google_compute_network.vpc"
          ]
        },
        {
          "index_key": "asia-southeast1/management",
          "schema_version": 0,
          "attributes": {
            "creation_timestamp": "2025-12-21T11:36:23.759-08:00",
            "description": "Subnet for management VMs and tools",
            "external_ipv6_prefix": "",
            "fingerprint": null,
            "gateway_address": "10.0.0.1",
            "id": "projects/adroit-nimbus-481707-i0/regions/asia-southeast1/subnetworks/management",
            "internal_ipv6_prefix": "",
            "ip_cidr_range": "10.0.0.0/24",
            "ipv6_access_type": "",
            "ipv6_cidr_range": "",
            "log_config": [],
            "name": "management",
            "network": "https://www.googleapis.com/compute/v1/projects/adroit-nimbus-481707-i0/global/networks/sample-vpc",
            "private_ip_google_access": true,
            "private_ipv6_google_access": "DISABLE_GOOGLE_ACCESS",
            "project": "adroit-nimbus-481707-i0",
            "purpose": "PRIVATE",
            "region": "asia-southeast1",
            "role": "",
            "secondary_ip_range": [],
            "self_link": "https://www.googleapis.com/compute/v1/projects/adroit-nimbus-481707-i0/regions/asia-southeast1/subnetworks/management",
            "send_secondary_ip_range_if_empty": null,
            "stack_type": "IPV4_ONLY",
            "timeouts": null
          },
          "sensitive_attributes": [],
          "identity_schema_version": 0,
          "private": "eyJlMmJmYjczMC1lY2FhLTExZTYtOGY4OC0zNDM2M2JjN2M0YzAiOnsiY3JlYXRlIjoxMjAwMDAwMDAwMDAwLCJkZWxldGUiOjEyMDAwMDAwMDAwMDAsInVwZGF0ZSI6MTIwMDAwMDAwMDAwMH19",
          "dependencies": [
            "module.vpcs.google_compute_network.vpc"
          ]
        },
        {
          "index_key": "asia-southeast1/serverless-cloudrun",
          "schema_version": 0,
          "attributes": {
            "creation_timestamp": "2025-12-21T11:36:26.380-08:00",
            "description": "Subnet for Serverless VPC Access for Cloud Run",
            "external_ipv6_prefix": "",
            "fingerprint": null,
            "gateway_address": "10.0.6.1",
            "id": "projects/adroit-nimbus-481707-i0/regions/asia-southeast1/subnetworks/serverless-cloudrun",
            "internal_ipv6_prefix": "",
            "ip_cidr_range": "10.0.6.0/24",
            "ipv6_access_type": "",
            "ipv6_cidr_range": "",
            "log_config": [],
            "name": "serverless-cloudrun",
            "network": "https://www.googleapis.com/compute/v1/projects/adroit-nimbus-481707-i0/global/networks/sample-vpc",
            "private_ip_google_access": false,
            "private_ipv6_google_access": "DISABLE_GOOGLE_ACCESS",
            "project": "adroit-nimbus-481707-i0",
            "purpose": "PRIVATE",
            "region": "asia-southeast1",
            "role": "",
            "secondary_ip_range": [],
            "self_link": "https://www.googleapis.com/compute/v1/projects/adroit-nimbus-481707-i0/regions/asia-southeast1/subnetworks/serverless-cloudrun",
            "send_secondary_ip_range_if_empty": null,
            "stack_type": "IPV4_ONLY",
            "timeouts": null
          },
          "sensitive_attributes": [],
          "identity_schema_version": 0,
          "private": "eyJlMmJmYjczMC1lY2FhLTExZTYtOGY4OC0zNDM2M2JjN2M0YzAiOnsiY3JlYXRlIjoxMjAwMDAwMDAwMDAwLCJkZWxldGUiOjEyMDAwMDAwMDAwMDAsInVwZGF0ZSI6MTIwMDAwMDAwMDAwMH19",
          "dependencies": [
            "module.vpcs.google_compute_network.vpc"
          ]
        }
      ]
    }
  ],
  "check_results": null
}
