{
  "version": 4,
  "terraform_version": "1.14.3",
  "serial": 540,
  "lineage": "ad077a50-6510-fb00-80ac-5de618e4d590",
  "outputs": {},
  "resources": [
    {
      "module": "module.firewalls[\"sample-vpc\"]",
      "mode": "managed",
      "type": "google_compute_firewall",
      "name": "rules",
      "provider": "provider[\"registry.terraform.io/hashicorp/google\"]",
      "instances": [
        {
          "index_key": "allow-egress-to-internet",
          "schema_version": 1,
          "attributes": {
            "allow": [
              {
                "ports": [
                  "53"
                ],
                "protocol": "udp"
              },
              {
                "ports": [
                  "80",
                  "443",
                  "53"
                ],
                "protocol": "tcp"
              },
              {
                "ports": [],
                "protocol": "icmp"
              }
            ],
            "creation_timestamp": "2025-12-23T10:53:12.336-08:00",
            "deny": [],
            "description": "Allows specified instances to make outbound connections to the internet on common ports.",
            "destination_ranges": [
              "0.0.0.0/0"
            ],
            "direction": "EGRESS",
            "disabled": false,
            "enable_logging": null,
            "id": "projects/stone-booking-482114-v1/global/firewalls/allow-egress-to-internet",
            "log_config": [],
            "name": "allow-egress-to-internet",
            "network": "https://www.googleapis.com/compute/v1/projects/stone-booking-482114-v1/global/networks/sample-vpc",
            "priority": 1100,
            "project": "stone-booking-482114-v1",
            "self_link": "https://www.googleapis.com/compute/v1/projects/stone-booking-482114-v1/global/firewalls/allow-egress-to-internet",
            "source_ranges": [],
            "source_service_accounts": [],
            "source_tags": [],
            "target_service_accounts": [],
            "target_tags": [
              "gke-node",
              "management-server",
              "outbound-internet"
            ],
            "timeouts": null
          },
          "sensitive_attributes": [],
          "identity_schema_version": 0,
          "private": "eyJlMmJmYjczMC1lY2FhLTExZTYtOGY4OC0zNDM2M2JjN2M0YzAiOnsiY3JlYXRlIjoxMjAwMDAwMDAwMDAwLCJkZWxldGUiOjEyMDAwMDAwMDAwMDAsInVwZGF0ZSI6MTIwMDAwMDAwMDAwMH0sInNjaGVtYV92ZXJzaW9uIjoiMSJ9",
          "dependencies": [
            "module.vpcs.google_compute_network.vpc",
            "module.vpcs.google_compute_subnetwork.subnets"
          ]
        },
        {
          "index_key": "allow-gke-to-databases",
          "schema_version": 1,
          "attributes": {
            "allow": [
              {
                "ports": [
                  "5432",
                  "3306",
                  "1433",
                  "6379"
                ],
                "protocol": "tcp"
              }
            ],
            "creation_timestamp": "2025-12-23T10:53:11.813-08:00",
            "deny": [],
            "description": "Allows traffic from GKE nodes/pods to the database subnet on specified database ports.",
            "destination_ranges": [],
            "direction": "INGRESS",
            "disabled": false,
            "enable_logging": null,
            "id": "projects/stone-booking-482114-v1/global/firewalls/allow-gke-to-databases",
            "log_config": [],
            "name": "allow-gke-to-databases",
            "network": "https://www.googleapis.com/compute/v1/projects/stone-booking-482114-v1/global/networks/sample-vpc",
            "priority": 200,
            "project": "stone-booking-482114-v1",
            "self_link": "https://www.googleapis.com/compute/v1/projects/stone-booking-482114-v1/global/firewalls/allow-gke-to-databases",
            "source_ranges": [
              "10.0.2.0/23",
              "10.1.0.0/20",
              "10.2.0.0/20"
            ],
            "source_service_accounts": [],
            "source_tags": [],
            "target_service_accounts": [],
            "target_tags": [],
            "timeouts": null
          },
          "sensitive_attributes": [],
          "identity_schema_version": 0,
          "private": "eyJlMmJmYjczMC1lY2FhLTExZTYtOGY4OC0zNDM2M2JjN2M0YzAiOnsiY3JlYXRlIjoxMjAwMDAwMDAwMDAwLCJkZWxldGUiOjEyMDAwMDAwMDAwMDAsInVwZGF0ZSI6MTIwMDAwMDAwMDAwMH0sInNjaGVtYV92ZXJzaW9uIjoiMSJ9",
          "dependencies": [
            "module.vpcs.google_compute_network.vpc",
            "module.vpcs.google_compute_subnetwork.subnets"
          ]
        },
        {
          "index_key": "allow-iap-ssh",
          "schema_version": 1,
          "attributes": {
            "allow": [
              {
                "ports": [
                  "22"
                ],
                "protocol": "tcp"
              }
            ],
            "creation_timestamp": "2025-12-23T10:53:12.376-08:00",
            "deny": [],
            "description": "Allows SSH access to VMs tagged 'iap-ssh' via Google Cloud IAP (Identity-Aware Proxy).",
            "destination_ranges": [],
            "direction": "INGRESS",
            "disabled": false,
            "enable_logging": null,
            "id": "projects/stone-booking-482114-v1/global/firewalls/allow-iap-ssh",
            "log_config": [],
            "name": "allow-iap-ssh",
            "network": "https://www.googleapis.com/compute/v1/projects/stone-booking-482114-v1/global/networks/sample-vpc",
            "priority": 110,
            "project": "stone-booking-482114-v1",
            "self_link": "https://www.googleapis.com/compute/v1/projects/stone-booking-482114-v1/global/firewalls/allow-iap-ssh",
            "source_ranges": [
              "35.235.240.0/20"
            ],
            "source_service_accounts": [],
            "source_tags": [],
            "target_service_accounts": [],
            "target_tags": [],
            "timeouts": null
          },
          "sensitive_attributes": [],
          "identity_schema_version": 0,
          "private": "eyJlMmJmYjczMC1lY2FhLTExZTYtOGY4OC0zNDM2M2JjN2M0YzAiOnsiY3JlYXRlIjoxMjAwMDAwMDAwMDAwLCJkZWxldGUiOjEyMDAwMDAwMDAwMDAsInVwZGF0ZSI6MTIwMDAwMDAwMDAwMH0sInNjaGVtYV92ZXJzaW9uIjoiMSJ9",
          "dependencies": [
            "module.vpcs.google_compute_network.vpc",
            "module.vpcs.google_compute_subnetwork.subnets"
          ]
        },
        {
          "index_key": "allow-internal-all-subnets",
          "schema_version": 1,
          "attributes": {
            "allow": [
              {
                "ports": [
                  "0-65535"
                ],
                "protocol": "tcp"
              },
              {
                "ports": [
                  "0-65535"
                ],
                "protocol": "udp"
              },
              {
                "ports": [],
                "protocol": "icmp"
              }
            ],
            "creation_timestamp": "2025-12-23T10:53:12.551-08:00",
            "deny": [],
            "description": "Allows all TCP/UDP/ICMP communication between internal subnets within the 'sample-vpc'.",
            "destination_ranges": [],
            "direction": "INGRESS",
            "disabled": false,
            "enable_logging": null,
            "id": "projects/stone-booking-482114-v1/global/firewalls/allow-internal-all-subnets",
            "log_config": [],
            "name": "allow-internal-all-subnets",
            "network": "https://www.googleapis.com/compute/v1/projects/stone-booking-482114-v1/global/networks/sample-vpc",
            "priority": 300,
            "project": "stone-booking-482114-v1",
            "self_link": "https://www.googleapis.com/compute/v1/projects/stone-booking-482114-v1/global/firewalls/allow-internal-all-subnets",
            "source_ranges": [
              "10.0.0.0/8"
            ],
            "source_service_accounts": [],
            "source_tags": [],
            "target_service_accounts": [],
            "target_tags": [],
            "timeouts": null
          },
          "sensitive_attributes": [],
          "identity_schema_version": 0,
          "private": "eyJlMmJmYjczMC1lY2FhLTExZTYtOGY4OC0zNDM2M2JjN2M0YzAiOnsiY3JlYXRlIjoxMjAwMDAwMDAwMDAwLCJkZWxldGUiOjEyMDAwMDAwMDAwMDAsInVwZGF0ZSI6MTIwMDAwMDAwMDAwMH0sInNjaGVtYV92ZXJzaW9uIjoiMSJ9",
          "dependencies": [
            "module.vpcs.google_compute_network.vpc",
            "module.vpcs.google_compute_subnetwork.subnets"
          ]
        },
        {
          "index_key": "allow-internal-icmp",
          "schema_version": 1,
          "attributes": {
            "allow": [
              {
                "ports": [],
                "protocol": "icmp"
              }
            ],
            "creation_timestamp": "2025-12-23T10:53:11.723-08:00",
            "deny": [],
            "description": "Allows internal ICMP traffic for basic network diagnostics (ping).",
            "destination_ranges": [],
            "direction": "INGRESS",
            "disabled": false,
            "enable_logging": null,
            "id": "projects/stone-booking-482114-v1/global/firewalls/allow-internal-icmp",
            "log_config": [],
            "name": "allow-internal-icmp",
            "network": "https://www.googleapis.com/compute/v1/projects/stone-booking-482114-v1/global/networks/sample-vpc",
            "priority": 400,
            "project": "stone-booking-482114-v1",
            "self_link": "https://www.googleapis.com/compute/v1/projects/stone-booking-482114-v1/global/firewalls/allow-internal-icmp",
            "source_ranges": [
              "10.0.0.0/8"
            ],
            "source_service_accounts": [],
            "source_tags": [],
            "target_service_accounts": [],
            "target_tags": [],
            "timeouts": null
          },
          "sensitive_attributes": [],
          "identity_schema_version": 0,
          "private": "eyJlMmJmYjczMC1lY2FhLTExZTYtOGY4OC0zNDM2M2JjN2M0YzAiOnsiY3JlYXRlIjoxMjAwMDAwMDAwMDAwLCJkZWxldGUiOjEyMDAwMDAwMDAwMDAsInVwZGF0ZSI6MTIwMDAwMDAwMDAwMH0sInNjaGVtYV92ZXJzaW9uIjoiMSJ9",
          "dependencies": [
            "module.vpcs.google_compute_network.vpc",
            "module.vpcs.google_compute_subnetwork.subnets"
          ]
        },
        {
          "index_key": "allow-lb-health-checks",
          "schema_version": 1,
          "attributes": {
            "allow": [
              {
                "ports": [
                  "80",
                  "443",
                  "8080",
                  "8443",
                  "10250"
                ],
                "protocol": "tcp"
              }
            ],
            "creation_timestamp": "2025-12-23T10:53:11.858-08:00",
            "deny": [],
            "description": "Allows Google Cloud Load Balancer health check probes to target backends.",
            "destination_ranges": [],
            "direction": "INGRESS",
            "disabled": false,
            "enable_logging": null,
            "id": "projects/stone-booking-482114-v1/global/firewalls/allow-lb-health-checks",
            "log_config": [],
            "name": "allow-lb-health-checks",
            "network": "https://www.googleapis.com/compute/v1/projects/stone-booking-482114-v1/global/networks/sample-vpc",
            "priority": 500,
            "project": "stone-booking-482114-v1",
            "self_link": "https://www.googleapis.com/compute/v1/projects/stone-booking-482114-v1/global/firewalls/allow-lb-health-checks",
            "source_ranges": [
              "130.211.0.0/22",
              "209.85.152.0/22",
              "209.85.204.0/22",
              "35.191.0.0/16"
            ],
            "source_service_accounts": [],
            "source_tags": [],
            "target_service_accounts": [],
            "target_tags": [
              "application-backend",
              "gke-node",
              "management-server"
            ],
            "timeouts": null
          },
          "sensitive_attributes": [],
          "identity_schema_version": 0,
          "private": "eyJlMmJmYjczMC1lY2FhLTExZTYtOGY4OC0zNDM2M2JjN2M0YzAiOnsiY3JlYXRlIjoxMjAwMDAwMDAwMDAwLCJkZWxldGUiOjEyMDAwMDAwMDAwMDAsInVwZGF0ZSI6MTIwMDAwMDAwMDAwMH0sInNjaGVtYV92ZXJzaW9uIjoiMSJ9",
          "dependencies": [
            "module.vpcs.google_compute_network.vpc",
            "module.vpcs.google_compute_subnetwork.subnets"
          ]
        },
        {
          "index_key": "allow-master-to-nodes",
          "schema_version": 1,
          "attributes": {
            "allow": [
              {
                "ports": [
                  "443",
                  "10250"
                ],
                "protocol": "tcp"
              }
            ],
            "creation_timestamp": "2025-12-23T10:53:11.584-08:00",
            "deny": [],
            "description": "Allows GKE control plane to communicate with nodes (required for private clusters).",
            "destination_ranges": [],
            "direction": "INGRESS",
            "disabled": false,
            "enable_logging": null,
            "id": "projects/stone-booking-482114-v1/global/firewalls/allow-master-to-nodes",
            "log_config": [],
            "name": "allow-master-to-nodes",
            "network": "https://www.googleapis.com/compute/v1/projects/stone-booking-482114-v1/global/networks/sample-vpc",
            "priority": 100,
            "project": "stone-booking-482114-v1",
            "self_link": "https://www.googleapis.com/compute/v1/projects/stone-booking-482114-v1/global/firewalls/allow-master-to-nodes",
            "source_ranges": [
              "172.16.0.32/28"
            ],
            "source_service_accounts": [],
            "source_tags": [],
            "target_service_accounts": [],
            "target_tags": [],
            "timeouts": null
          },
          "sensitive_attributes": [],
          "identity_schema_version": 0,
          "private": "eyJlMmJmYjczMC1lY2FhLTExZTYtOGY4OC0zNDM2M2JjN2M0YzAiOnsiY3JlYXRlIjoxMjAwMDAwMDAwMDAwLCJkZWxldGUiOjEyMDAwMDAwMDAwMDAsInVwZGF0ZSI6MTIwMDAwMDAwMDAwMH0sInNjaGVtYV92ZXJzaW9uIjoiMSJ9",
          "dependencies": [
            "module.vpcs.google_compute_network.vpc",
            "module.vpcs.google_compute_subnetwork.subnets"
          ]
        },
        {
          "index_key": "allow-node-to-master",
          "schema_version": 1,
          "attributes": {
            "allow": [
              {
                "ports": [
                  "443",
                  "10250"
                ],
                "protocol": "tcp"
              }
            ],
            "creation_timestamp": "2025-12-23T10:53:12.531-08:00",
            "deny": [],
            "description": "Allows GKE control plane to communicate with nodes (required for private clusters).",
            "destination_ranges": [],
            "direction": "INGRESS",
            "disabled": false,
            "enable_logging": null,
            "id": "projects/stone-booking-482114-v1/global/firewalls/allow-node-to-master",
            "log_config": [],
            "name": "allow-node-to-master",
            "network": "https://www.googleapis.com/compute/v1/projects/stone-booking-482114-v1/global/networks/sample-vpc",
            "priority": 100,
            "project": "stone-booking-482114-v1",
            "self_link": "https://www.googleapis.com/compute/v1/projects/stone-booking-482114-v1/global/firewalls/allow-node-to-master",
            "source_ranges": [
              "10.0.0.0/8"
            ],
            "source_service_accounts": [],
            "source_tags": [],
            "target_service_accounts": [],
            "target_tags": [],
            "timeouts": null
          },
          "sensitive_attributes": [],
          "identity_schema_version": 0,
          "private": "eyJlMmJmYjczMC1lY2FhLTExZTYtOGY4OC0zNDM2M2JjN2M0YzAiOnsiY3JlYXRlIjoxMjAwMDAwMDAwMDAwLCJkZWxldGUiOjEyMDAwMDAwMDAwMDAsInVwZGF0ZSI6MTIwMDAwMDAwMDAwMH0sInNjaGVtYV92ZXJzaW9uIjoiMSJ9",
          "dependencies": [
            "module.vpcs.google_compute_network.vpc",
            "module.vpcs.google_compute_subnetwork.subnets"
          ]
        }
      ]
    },
    {
      "module": "module.gke_clusters[\"cluster-sea1\"]",
      "mode": "managed",
      "type": "google_container_cluster",
      "name": "cluster",
      "provider": "provider[\"registry.terraform.io/hashicorp/google\"]",
      "instances": [
        {
          "schema_version": 2,
          "attributes": {
            "addons_config": [
              {
                "cloudrun_config": [],
                "config_connector_config": [],
                "dns_cache_config": [],
                "gce_persistent_disk_csi_driver_config": [
                  {
                    "enabled": true
                  }
                ],
                "gcp_filestore_csi_driver_config": [],
                "gcs_fuse_csi_driver_config": [],
                "gke_backup_agent_config": [],
                "horizontal_pod_autoscaling": [],
                "http_load_balancing": [],
                "network_policy_config": [
                  {
                    "disabled": true
                  }
                ],
                "ray_operator_config": [],
                "stateful_ha_config": []
              }
            ],
            "allow_net_admin": null,
            "authenticator_groups_config": [],
            "binary_authorization": [
              {
                "enabled": false,
                "evaluation_mode": ""
              }
            ],
            "cluster_autoscaling": [
              {
                "auto_provisioning_defaults": [],
                "auto_provisioning_locations": [],
                "autoscaling_profile": "BALANCED",
                "enabled": false,
                "resource_limits": []
              }
            ],
            "cluster_ipv4_cidr": "10.1.0.0/20",
            "confidential_nodes": [],
            "cost_management_config": [],
            "database_encryption": [
              {
                "key_name": "",
                "state": "DECRYPTED"
              }
            ],
            "datapath_provider": "",
            "default_max_pods_per_node": 110,
            "default_snat_status": [
              {
                "disabled": false
              }
            ],
            "deletion_protection": false,
            "description": "Primary GKE cluster",
            "dns_config": [],
            "enable_autopilot": false,
            "enable_cilium_clusterwide_network_policy": false,
            "enable_intranode_visibility": false,
            "enable_k8s_beta_apis": [],
            "enable_kubernetes_alpha": false,
            "enable_l4_ilb_subsetting": false,
            "enable_legacy_abac": false,
            "enable_multi_networking": false,
            "enable_shielded_nodes": true,
            "enable_tpu": false,
            "endpoint": "172.16.0.34",
            "fleet": [],
            "gateway_api_config": [],
            "id": "projects/stone-booking-482114-v1/locations/asia-southeast1-a/clusters/cluster-sea1",
            "identity_service_config": [],
            "initial_node_count": 1,
            "ip_allocation_policy": [
              {
                "additional_pod_ranges_config": [],
                "cluster_ipv4_cidr_block": "10.1.0.0/20",
                "cluster_secondary_range_name": "gke-pods",
                "pod_cidr_overprovision_config": [
                  {
                    "disabled": false
                  }
                ],
                "services_ipv4_cidr_block": "10.50.0.0/17",
                "services_secondary_range_name": "gke-services",
                "stack_type": "IPV4"
              }
            ],
            "label_fingerprint": "a9dc16a7",
            "location": "asia-southeast1-a",
            "logging_config": [
              {
                "enable_components": [
                  "SYSTEM_COMPONENTS",
                  "WORKLOADS"
                ]
              }
            ],
            "logging_service": "logging.googleapis.com/kubernetes",
            "maintenance_policy": [],
            "master_auth": [
              {
                "client_certificate": "",
                "client_certificate_config": [
                  {
                    "issue_client_certificate": false
                  }
                ],
                "client_key": "",
                "cluster_ca_certificate": "LS0tLS1CRUdJTiBDRVJUSUZJQ0FURS0tLS0tCk1JSUVMRENDQXBTZ0F3SUJBZ0lRVm1heUZUOVZpQ3N2OFdRWG8zQXFkakFOQmdrcWhraUc5dzBCQVFzRkFEQXYKTVMwd0t3WURWUVFERXlRME16Z3pNREl6TlMxbU9UUmtMVFJtTVdZdFlqZzRNUzB3TXpnMU5UaG1NRE5qTkdZdwpJQmNOTWpVeE1qSXpNVGd4TkRVNVdoZ1BNakExTlRFeU1UWXhPVEUwTlRsYU1DOHhMVEFyQmdOVkJBTVRKRFF6Ck9ETXdNak0xTFdZNU5HUXROR1l4WmkxaU9EZ3hMVEF6T0RVMU9HWXdNMk0wWmpDQ0FhSXdEUVlKS29aSWh2Y04KQVFFQkJRQURnZ0dQQURDQ0FZb0NnZ0dCQUtHOVdraDl3cmN2ZGVsZEdXSnU3VXBwdjhVZjNrZkQxVUQwWlNkMQo3bWtPSVNEa3RwYjRWajRPcXYrYUU3MklzaHpKYmFPL0NWT0dlTTVPN2ZjeitMMXB2NC9WTjhJRE9Zc2owa0UzCjgxUURtdGM2aDhSN1NLL0hCY0hFaDdXQzN0MVEvcHQ3STRQbHNRcEdMVndVV2xRaytUeGJmVTBMVWlkNHFDZEIKVnJ0TDdwMExtWlZZd25jRVVnNFV1SXA1R0FwbVVXeW9nNnlLeFZLeVM2QlMxWkdaOHFNbTZQdnl5VnAwTWhuaAp3U3JHY3psaVp5NnRyYXJyOE02OFdxckVvRTZrcVZobVZaSlFGRnJ2TEhaV2dQSmxFNXFOeDNoc2xQUG9yM2NBCmJjK25LME1uV1A4dDVHd3lTbUZtbkdDS3ZFODJmSU1KMGd2UXNVY3MweVgzK2hNVWs0Rzg4UlhZcDM0b1BzZnUKNFZBUzZHWFFBRERvakx1LzhSOE41WjFjeThFUlV0SVBGNW1ncWdxQUduY1A4blh2dTNLVzh2NEZlQm5xVjZ0SgpwOVB5WTNlV2g2b056TFpYTDFoUkFnMHVLMlZsTVB3NDNSTVkwczZZMVhBTW5FVENDNmt1Qmk2MEMyRDZ6bERwCnF3MHJyTDlGTEFhYUpDQVUxUVBuSFdWeDBRSURBUUFCbzBJd1FEQU9CZ05WSFE4QkFmOEVCQU1DQWdRd0R3WUQKVlIwVEFRSC9CQVV3QXdFQi96QWRCZ05WSFE0RUZnUVU3VlYzNnFuOExGd3J3S0Fibms4bVNBdUNUYjR3RFFZSgpLb1pJaHZjTkFRRUxCUUFEZ2dHQkFKaE1qTTJCOWJhOXZzRHdtT0lScUdONmh4YkNpc2hzNXcyQTQ2ZENMRnFZCkQ2UUdZenVqRjBEZDVaNnFVVXRjSW9sZ0xRU3FLUldXSHpWRzBFNGZmUnZDZFBVNi9NT2x6dGQwSW8zMXBUS2wKYUZvV1JTd0tPSHdzQU41OGJSOWdJK01acUpsVDBtRGFpSCtVR1VQRnNHQ1Z0RlhCR09BeWFsTVVqR2hSek0xWgpDVTlHOWNjWHZHTnZqSWFiQWppNlFUYVdHTzNrSmJ3Z011cVRmcFlLSEprQ05xbXZNbVhmdlArbzVreENhaWhtCjBMNUVKRzRsVjdTR205QUNSeXR0SEVaMVdZc0ZXZHlBdlR2eGplUkJ1ZDJLVXhVbldXc3JhcjU2cnN1ZUg4VkEKMEVpWXkrU0tONlFONXNPTGZuZVZrRGsyRkJhUUlwVUVNdUJXK0VRUWkvTGJCWWhscjJXK3ZKQThkQXBuS0dUSAorZmNMUTBpME42cnJnV1ovQUxoNzdPanZ4MFhvN3V1M2xVeGNOMXR2d0lOMWU0eGlTUkxYSFU1VEtYVWtSYjIzCjEzdDhHL1BMY01SNVFvTTlhWDFYUTFrcS9GQVgraGVNaEFkeDVCNkpjR2J0YytzcHBlaTlzQ09Ga2lrSHRjNHUKTmlrM1ZhWEpNWVQ4elR1cTlqa1hIZz09Ci0tLS0tRU5EIENFUlRJRklDQVRFLS0tLS0K"
              }
            ],
            "master_authorized_networks_config": [
              {
                "cidr_blocks": [
                  {
                    "cidr_block": "10.0.0.0/24",
                    "display_name": "management-subnet"
                  }
                ],
                "gcp_public_cidrs_access_enabled": false
              }
            ],
            "master_version": "1.33.5-gke.1308000",
            "mesh_certificates": [],
            "min_master_version": null,
            "monitoring_config": [
              {
                "advanced_datapath_observability_config": [
                  {
                    "enable_metrics": false,
                    "enable_relay": false,
                    "relay_mode": "DISABLED"
                  }
                ],
                "enable_components": [
                  "SYSTEM_COMPONENTS",
                  "POD",
                  "DAEMONSET",
                  "DEPLOYMENT",
                  "STATEFULSET",
                  "JOBSET",
                  "STORAGE",
                  "HPA",
                  "CADVISOR",
                  "KUBELET",
                  "DCGM"
                ],
                "managed_prometheus": [
                  {
                    "enabled": true
                  }
                ]
              }
            ],
            "monitoring_service": "monitoring.googleapis.com/kubernetes",
            "name": "cluster-sea1",
            "network": "projects/stone-booking-482114-v1/global/networks/sample-vpc",
            "network_policy": [
              {
                "enabled": false,
                "provider": "PROVIDER_UNSPECIFIED"
              }
            ],
            "networking_mode": "VPC_NATIVE",
            "node_config": [],
            "node_locations": [],
            "node_pool": [],
            "node_pool_auto_config": [
              {
                "network_tags": [],
                "node_kubelet_config": [
                  {
                    "insecure_kubelet_readonly_port_enabled": "FALSE"
                  }
                ],
                "resource_manager_tags": {}
              }
            ],
            "node_pool_defaults": [
              {
                "node_config_defaults": [
                  {
                    "containerd_config": [],
                    "insecure_kubelet_readonly_port_enabled": "FALSE",
                    "logging_variant": "DEFAULT"
                  }
                ]
              }
            ],
            "node_version": "1.33.5-gke.1308000",
            "notification_config": [
              {
                "pubsub": [
                  {
                    "enabled": false,
                    "filter": [],
                    "topic": ""
                  }
                ]
              }
            ],
            "operation": null,
            "private_cluster_config": [
              {
                "enable_private_endpoint": true,
                "enable_private_nodes": true,
                "master_global_access_config": [
                  {
                    "enabled": false
                  }
                ],
                "master_ipv4_cidr_block": "172.16.0.32/28",
                "peering_name": "",
                "private_endpoint": "172.16.0.34",
                "private_endpoint_subnetwork": "",
                "public_endpoint": "35.185.179.18"
              }
            ],
            "private_ipv6_google_access": "",
            "project": "stone-booking-482114-v1",
            "release_channel": [
              {
                "channel": "REGULAR"
              }
            ],
            "remove_default_node_pool": true,
            "resource_labels": {},
            "resource_usage_export_config": [],
            "security_posture_config": [
              {
                "mode": "BASIC",
                "vulnerability_mode": "VULNERABILITY_MODE_UNSPECIFIED"
              }
            ],
            "self_link": "https://container.googleapis.com/v1/projects/stone-booking-482114-v1/zones/asia-southeast1-a/clusters/cluster-sea1",
            "service_external_ips_config": [
              {
                "enabled": false
              }
            ],
            "services_ipv4_cidr": "10.50.0.0/17",
            "subnetwork": "projects/stone-booking-482114-v1/regions/asia-southeast1/subnetworks/gke-primary",
            "timeouts": null,
            "tpu_ipv4_cidr_block": "",
            "vertical_pod_autoscaling": [],
            "workload_identity_config": []
          },
          "sensitive_attributes": [
            [
              {
                "type": "get_attr",
                "value": "master_auth"
              },
              {
                "type": "index",
                "value": {
                  "value": 0,
                  "type": "number"
                }
              },
              {
                "type": "get_attr",
                "value": "client_key"
              }
            ]
          ],
          "identity_schema_version": 0,
          "private": "eyJlMmJmYjczMC1lY2FhLTExZTYtOGY4OC0zNDM2M2JjN2M0YzAiOnsiY3JlYXRlIjoyNDAwMDAwMDAwMDAwLCJkZWxldGUiOjI0MDAwMDAwMDAwMDAsInJlYWQiOjI0MDAwMDAwMDAwMDAsInVwZGF0ZSI6MzYwMDAwMDAwMDAwMH0sInNjaGVtYV92ZXJzaW9uIjoiMiJ9",
          "dependencies": [
            "module.vpcs.google_compute_network.vpc",
            "module.vpcs.google_compute_subnetwork.subnets"
          ]
        }
      ]
    },
    {
      "module": "module.gke_clusters[\"cluster-sea1\"]",
      "mode": "managed",
      "type": "google_container_node_pool",
      "name": "pools",
      "provider": "provider[\"registry.terraform.io/hashicorp/google\"]",
      "instances": [
        {
          "index_key": "general-spot",
          "schema_version": 1,
          "attributes": {
            "autoscaling": [
              {
                "location_policy": "BALANCED",
                "max_node_count": 3,
                "min_node_count": 1,
                "total_max_node_count": 0,
                "total_min_node_count": 0
              }
            ],
            "cluster": "cluster-sea1",
            "id": "projects/stone-booking-482114-v1/locations/asia-southeast1-a/clusters/cluster-sea1/nodePools/general-spot",
            "initial_node_count": 1,
            "instance_group_urls": [
              "https://www.googleapis.com/compute/v1/projects/stone-booking-482114-v1/zones/asia-southeast1-a/instanceGroupManagers/gke-cluster-sea1-general-spot-2ebc61ec-grp"
            ],
            "location": "asia-southeast1-a",
            "managed_instance_group_urls": [
              "https://www.googleapis.com/compute/v1/projects/stone-booking-482114-v1/zones/asia-southeast1-a/instanceGroups/gke-cluster-sea1-general-spot-2ebc61ec-grp"
            ],
            "management": [
              {
                "auto_repair": true,
                "auto_upgrade": true
              }
            ],
            "max_pods_per_node": 110,
            "name": "general-spot",
            "name_prefix": "",
            "network_config": [
              {
                "additional_node_network_configs": [],
                "additional_pod_network_configs": [],
                "create_pod_range": false,
                "enable_private_nodes": true,
                "network_performance_config": [],
                "pod_cidr_overprovision_config": [],
                "pod_ipv4_cidr_block": "10.1.0.0/20",
                "pod_range": "gke-pods"
              }
            ],
            "node_config": [
              {
                "advanced_machine_features": [],
                "boot_disk_kms_key": "",
                "confidential_nodes": [],
                "containerd_config": [],
                "disk_size_gb": 37,
                "disk_type": "pd-balanced",
                "effective_taints": [
                  {
                    "effect": "NO_SCHEDULE",
                    "key": "app",
                    "value": "critical"
                  }
                ],
                "enable_confidential_storage": false,
                "ephemeral_storage_local_ssd_config": [],
                "fast_socket": [],
                "gcfs_config": [],
                "guest_accelerator": [],
                "gvnic": [],
                "host_maintenance_policy": [],
                "image_type": "COS_CONTAINERD",
                "kubelet_config": [
                  {
                    "cpu_cfs_quota": false,
                    "cpu_cfs_quota_period": "",
                    "cpu_manager_policy": "",
                    "insecure_kubelet_readonly_port_enabled": "FALSE",
                    "pod_pids_limit": 0
                  }
                ],
                "labels": {
                  "workload-type": "general"
                },
                "linux_node_config": [],
                "local_nvme_ssd_block_config": [],
                "local_ssd_count": 0,
                "logging_variant": "DEFAULT",
                "machine_type": "e2-medium",
                "metadata": {
                  "disable-legacy-endpoints": "true"
                },
                "min_cpu_platform": "",
                "node_group": "",
                "oauth_scopes": [
                  "https://www.googleapis.com/auth/cloud-platform",
                  "https://www.googleapis.com/auth/userinfo.email"
                ],
                "preemptible": false,
                "reservation_affinity": [],
                "resource_labels": {
                  "goog-gke-node-pool-provisioning-model": "spot"
                },
                "resource_manager_tags": null,
                "secondary_boot_disks": [],
                "service_account": "gke-node-sa@stone-booking-482114-v1.iam.gserviceaccount.com",
                "shielded_instance_config": [
                  {
                    "enable_integrity_monitoring": true,
                    "enable_secure_boot": true
                  }
                ],
                "sole_tenant_config": [],
                "spot": true,
                "tags": null,
                "taint": [
                  {
                    "effect": "NO_SCHEDULE",
                    "key": "app",
                    "value": "critical"
                  }
                ],
                "workload_metadata_config": []
              }
            ],
            "node_count": 1,
            "node_locations": [
              "asia-southeast1-a"
            ],
            "operation": null,
            "placement_policy": [],
            "project": "stone-booking-482114-v1",
            "queued_provisioning": [],
            "timeouts": null,
            "upgrade_settings": [
              {
                "blue_green_settings": [],
                "max_surge": 1,
                "max_unavailable": 0,
                "strategy": "SURGE"
              }
            ],
            "version": "1.33.5-gke.1308000"
          },
          "sensitive_attributes": [],
          "identity_schema_version": 0,
          "private": "eyJlMmJmYjczMC1lY2FhLTExZTYtOGY4OC0zNDM2M2JjN2M0YzAiOnsiY3JlYXRlIjoxODAwMDAwMDAwMDAwLCJkZWxldGUiOjE4MDAwMDAwMDAwMDAsInVwZGF0ZSI6MTgwMDAwMDAwMDAwMH0sInNjaGVtYV92ZXJzaW9uIjoiMSJ9",
          "dependencies": [
            "module.gke_clusters.google_container_cluster.cluster",
            "module.vpcs.google_compute_network.vpc",
            "module.vpcs.google_compute_subnetwork.subnets"
          ]
        }
      ]
    },
    {
      "module": "module.iam",
      "mode": "managed",
      "type": "google_project_iam_binding",
      "name": "project_authoritative",
      "provider": "provider[\"registry.terraform.io/hashicorp/google\"]",
      "instances": [
        {
          "index_key": "gke-node-default-role-binding",
          "schema_version": 0,
          "attributes": {
            "condition": [],
            "etag": "BwZGowu69kU=",
            "id": "stone-booking-482114-v1/roles/container.defaultNodeServiceAccount",
            "members": [
              "serviceAccount:gke-node-sa@stone-booking-482114-v1.iam.gserviceaccount.com"
            ],
            "project": "stone-booking-482114-v1",
            "role": "roles/container.defaultNodeServiceAccount"
          },
          "sensitive_attributes": [],
          "identity_schema_version": 0,
          "private": "bnVsbA=="
        },
        {
          "index_key": "gke-node-logging-binding",
          "schema_version": 0,
          "attributes": {
            "condition": [],
            "etag": "BwZGowu69kU=",
            "id": "stone-booking-482114-v1/roles/logging.logWriter",
            "members": [
              "serviceAccount:gke-node-sa@stone-booking-482114-v1.iam.gserviceaccount.com"
            ],
            "project": "stone-booking-482114-v1",
            "role": "roles/logging.logWriter"
          },
          "sensitive_attributes": [],
          "identity_schema_version": 0,
          "private": "bnVsbA=="
        },
        {
          "index_key": "gke-node-monitoring-binding",
          "schema_version": 0,
          "attributes": {
            "condition": [],
            "etag": "BwZGowu69kU=",
            "id": "stone-booking-482114-v1/roles/monitoring.metricWriter",
            "members": [
              "serviceAccount:gke-node-sa@stone-booking-482114-v1.iam.gserviceaccount.com"
            ],
            "project": "stone-booking-482114-v1",
            "role": "roles/monitoring.metricWriter"
          },
          "sensitive_attributes": [],
          "identity_schema_version": 0,
          "private": "bnVsbA=="
        },
        {
          "index_key": "gke-node-pool-access-binding",
          "schema_version": 0,
          "attributes": {
            "condition": [],
            "etag": "BwZGowu69kU=",
            "id": "stone-booking-482114-v1/roles/container.nodeServiceAccount",
            "members": [
              "serviceAccount:gke-node-sa@stone-booking-482114-v1.iam.gserviceaccount.com"
            ],
            "project": "stone-booking-482114-v1",
            "role": "roles/container.nodeServiceAccount"
          },
          "sensitive_attributes": [],
          "identity_schema_version": 0,
          "private": "bnVsbA=="
        }
      ]
    },
    {
      "module": "module.iam",
      "mode": "managed",
      "type": "google_project_iam_custom_role",
      "name": "custom",
      "provider": "provider[\"registry.terraform.io/hashicorp/google\"]",
      "instances": [
        {
          "index_key": "management-vm-operator-role",
          "schema_version": 0,
          "attributes": {
            "deleted": false,
            "description": "Grants permissions required for the management VM (bastion host, monitoring agent) to operate securely within the project. Allows OS Login access, writes logs/metrics, and reads from GCS for scripts.",
            "id": "projects/stone-booking-482114-v1/roles/managementVmOperator",
            "name": "projects/stone-booking-482114-v1/roles/managementVmOperator",
            "permissions": [
              "compute.instances.get",
              "compute.projects.get",
              "compute.zones.get",
              "iam.serviceAccounts.actAs",
              "logging.logEntries.create",
              "monitoring.metricDescriptors.create",
              "monitoring.metricDescriptors.get",
              "monitoring.metricDescriptors.list",
              "monitoring.timeSeries.create",
              "serviceusage.services.get",
              "serviceusage.services.list",
              "storage.buckets.get",
              "storage.objects.get"
            ],
            "project": "stone-booking-482114-v1",
            "role_id": "managementVmOperator",
            "stage": "GA",
            "title": "Management VM Operator"
          },
          "sensitive_attributes": [],
          "identity_schema_version": 0,
          "private": "bnVsbA=="
        }
      ]
    },
    {
      "module": "module.iam",
      "mode": "managed",
      "type": "google_service_account",
      "name": "sa",
      "provider": "provider[\"registry.terraform.io/hashicorp/google\"]",
      "instances": [
        {
          "index_key": "gke-node-sa",
          "schema_version": 0,
          "attributes": {
            "account_id": "gke-node-sa",
            "create_ignore_already_exists": null,
            "description": "Used by GKE worker nodes to access Google Cloud APIs (e.g., pulling images, writing logs).",
            "disabled": false,
            "display_name": "Service Account for GKE Nodes",
            "email": "gke-node-sa@stone-booking-482114-v1.iam.gserviceaccount.com",
            "id": "projects/stone-booking-482114-v1/serviceAccounts/gke-node-sa@stone-booking-482114-v1.iam.gserviceaccount.com",
            "member": "serviceAccount:gke-node-sa@stone-booking-482114-v1.iam.gserviceaccount.com",
            "name": "projects/stone-booking-482114-v1/serviceAccounts/gke-node-sa@stone-booking-482114-v1.iam.gserviceaccount.com",
            "project": "stone-booking-482114-v1",
            "timeouts": null,
            "unique_id": "116962436545594199398"
          },
          "sensitive_attributes": [],
          "identity_schema_version": 0,
          "private": "eyJlMmJmYjczMC1lY2FhLTExZTYtOGY4OC0zNDM2M2JjN2M0YzAiOnsiY3JlYXRlIjozMDAwMDAwMDAwMDB9fQ=="
        }
      ]
    },
    {
      "module": "module.iam_bindings",
      "mode": "managed",
      "type": "google_project_iam_binding",
      "name": "project_authoritative",
      "provider": "provider[\"registry.terraform.io/hashicorp/google\"]",
      "instances": [
        {
          "index_key": "gke-node-default-role-binding",
          "schema_version": 0,
          "attributes": {
            "condition": [],
            "etag": "BwZGowu69kU=",
            "id": "stone-booking-482114-v1/roles/container.defaultNodeServiceAccount",
            "members": [
              "serviceAccount:gke-node-sa@stone-booking-482114-v1.iam.gserviceaccount.com"
            ],
            "project": "stone-booking-482114-v1",
            "role": "roles/container.defaultNodeServiceAccount"
          },
          "sensitive_attributes": [],
          "identity_schema_version": 0,
          "private": "bnVsbA==",
          "dependencies": [
            "module.iam.google_project_iam_binding.project_authoritative",
            "module.iam.google_project_iam_custom_role.custom",
            "module.iam.google_service_account.sa",
            "module.iam.google_service_account_iam_binding.sa_authoritative",
            "module.iam.google_storage_bucket_iam_member.bucket"
          ]
        },
        {
          "index_key": "gke-node-logging-binding",
          "schema_version": 0,
          "attributes": {
            "condition": [],
            "etag": "BwZGowu69kU=",
            "id": "stone-booking-482114-v1/roles/logging.logWriter",
            "members": [
              "serviceAccount:gke-node-sa@stone-booking-482114-v1.iam.gserviceaccount.com"
            ],
            "project": "stone-booking-482114-v1",
            "role": "roles/logging.logWriter"
          },
          "sensitive_attributes": [],
          "identity_schema_version": 0,
          "private": "bnVsbA==",
          "dependencies": [
            "module.iam.google_project_iam_binding.project_authoritative",
            "module.iam.google_project_iam_custom_role.custom",
            "module.iam.google_service_account.sa",
            "module.iam.google_service_account_iam_binding.sa_authoritative",
            "module.iam.google_storage_bucket_iam_member.bucket"
          ]
        },
        {
          "index_key": "gke-node-monitoring-binding",
          "schema_version": 0,
          "attributes": {
            "condition": [],
            "etag": "BwZGowu69kU=",
            "id": "stone-booking-482114-v1/roles/monitoring.metricWriter",
            "members": [
              "serviceAccount:gke-node-sa@stone-booking-482114-v1.iam.gserviceaccount.com"
            ],
            "project": "stone-booking-482114-v1",
            "role": "roles/monitoring.metricWriter"
          },
          "sensitive_attributes": [],
          "identity_schema_version": 0,
          "private": "bnVsbA==",
          "dependencies": [
            "module.iam.google_project_iam_binding.project_authoritative",
            "module.iam.google_project_iam_custom_role.custom",
            "module.iam.google_service_account.sa",
            "module.iam.google_service_account_iam_binding.sa_authoritative",
            "module.iam.google_storage_bucket_iam_member.bucket"
          ]
        },
        {
          "index_key": "gke-node-pool-access-binding",
          "schema_version": 0,
          "attributes": {
            "condition": [],
            "etag": "BwZGowu69kU=",
            "id": "stone-booking-482114-v1/roles/container.nodeServiceAccount",
            "members": [
              "serviceAccount:gke-node-sa@stone-booking-482114-v1.iam.gserviceaccount.com"
            ],
            "project": "stone-booking-482114-v1",
            "role": "roles/container.nodeServiceAccount"
          },
          "sensitive_attributes": [],
          "identity_schema_version": 0,
          "private": "bnVsbA==",
          "dependencies": [
            "module.iam.google_project_iam_binding.project_authoritative",
            "module.iam.google_project_iam_custom_role.custom",
            "module.iam.google_service_account.sa",
            "module.iam.google_service_account_iam_binding.sa_authoritative",
            "module.iam.google_storage_bucket_iam_member.bucket"
          ]
        }
      ]
    },
    {
      "module": "module.nat[\"asia-southeast1-public-nat\"]",
      "mode": "managed",
      "type": "google_compute_router",
      "name": "router",
      "provider": "provider[\"registry.terraform.io/hashicorp/google\"]",
      "instances": [
        {
          "index_key": "asia-southeast1-nat-router",
          "schema_version": 0,
          "attributes": {
            "bgp": [],
            "creation_timestamp": "2025-12-23T10:53:12.114-08:00",
            "description": "Cloud Router for Cloud NAT gateway in asia-southeast1.",
            "encrypted_interconnect_router": false,
            "id": "projects/stone-booking-482114-v1/regions/asia-southeast1/routers/asia-southeast1-nat-router",
            "name": "asia-southeast1-nat-router",
            "network": "https://www.googleapis.com/compute/v1/projects/stone-booking-482114-v1/global/networks/sample-vpc",
            "project": "stone-booking-482114-v1",
            "region": "asia-southeast1",
            "self_link": "https://www.googleapis.com/compute/v1/projects/stone-booking-482114-v1/regions/asia-southeast1/routers/asia-southeast1-nat-router",
            "timeouts": null
          },
          "sensitive_attributes": [],
          "identity_schema_version": 0,
          "private": "eyJlMmJmYjczMC1lY2FhLTExZTYtOGY4OC0zNDM2M2JjN2M0YzAiOnsiY3JlYXRlIjoxMjAwMDAwMDAwMDAwLCJkZWxldGUiOjEyMDAwMDAwMDAwMDAsInVwZGF0ZSI6MTIwMDAwMDAwMDAwMH19",
          "dependencies": [
            "module.vpcs.google_compute_network.vpc",
            "module.vpcs.google_compute_subnetwork.subnets"
          ]
        }
      ]
    },
    {
      "module": "module.nat[\"asia-southeast1-public-nat\"]",
      "mode": "managed",
      "type": "google_compute_router_nat",
      "name": "nat",
      "provider": "provider[\"registry.terraform.io/hashicorp/google\"]",
      "instances": [
        {
          "index_key": "asia-southeast1-public-nat",
          "schema_version": 0,
          "attributes": {
            "auto_network_tier": "PREMIUM",
            "drain_nat_ips": [],
            "enable_dynamic_port_allocation": false,
            "enable_endpoint_independent_mapping": false,
            "endpoint_types": [
              "ENDPOINT_TYPE_VM"
            ],
            "icmp_idle_timeout_sec": 30,
            "id": "stone-booking-482114-v1/asia-southeast1/asia-southeast1-nat-router/asia-southeast1-public-nat",
            "log_config": [
              {
                "enable": true,
                "filter": "ALL"
              }
            ],
            "max_ports_per_vm": 0,
            "min_ports_per_vm": 64,
            "name": "asia-southeast1-public-nat",
            "nat_ip_allocate_option": "AUTO_ONLY",
            "nat_ips": [],
            "project": "stone-booking-482114-v1",
            "region": "asia-southeast1",
            "router": "asia-southeast1-nat-router",
            "rules": [],
            "source_subnetwork_ip_ranges_to_nat": "LIST_OF_SUBNETWORKS",
            "subnetwork": [
              {
                "name": "https://www.googleapis.com/compute/v1/projects/stone-booking-482114-v1/regions/asia-southeast1/subnetworks/compute-vm",
                "secondary_ip_range_names": [],
                "source_ip_ranges_to_nat": [
                  "ALL_IP_RANGES"
                ]
              },
              {
                "name": "https://www.googleapis.com/compute/v1/projects/stone-booking-482114-v1/regions/asia-southeast1/subnetworks/gke-primary",
                "secondary_ip_range_names": [],
                "source_ip_ranges_to_nat": [
                  "ALL_IP_RANGES"
                ]
              },
              {
                "name": "https://www.googleapis.com/compute/v1/projects/stone-booking-482114-v1/regions/asia-southeast1/subnetworks/management",
                "secondary_ip_range_names": [],
                "source_ip_ranges_to_nat": [
                  "ALL_IP_RANGES"
                ]
              }
            ],
            "tcp_established_idle_timeout_sec": 1200,
            "tcp_time_wait_timeout_sec": 120,
            "tcp_transitory_idle_timeout_sec": 30,
            "timeouts": null,
            "udp_idle_timeout_sec": 30
          },
          "sensitive_attributes": [],
          "identity_schema_version": 0,
          "private": "eyJlMmJmYjczMC1lY2FhLTExZTYtOGY4OC0zNDM2M2JjN2M0YzAiOnsiY3JlYXRlIjoxMjAwMDAwMDAwMDAwLCJkZWxldGUiOjEyMDAwMDAwMDAwMDAsInVwZGF0ZSI6MTIwMDAwMDAwMDAwMH19",
          "dependencies": [
            "module.nat.google_compute_router.router",
            "module.vpcs.google_compute_network.vpc",
            "module.vpcs.google_compute_subnetwork.subnets"
          ]
        }
      ]
    },
    {
      "module": "module.vpcs[\"sample-vpc\"]",
      "mode": "managed",
      "type": "google_compute_network",
      "name": "vpc",
      "provider": "provider[\"registry.terraform.io/hashicorp/google\"]",
      "instances": [
        {
          "schema_version": 0,
          "attributes": {
            "auto_create_subnetworks": false,
            "delete_default_routes_on_create": false,
            "description": "VPC network for core services and applications",
            "enable_ula_internal_ipv6": false,
            "gateway_ipv4": "",
            "id": "projects/stone-booking-482114-v1/global/networks/sample-vpc",
            "internal_ipv6_range": "",
            "mtu": 1460,
            "name": "sample-vpc",
            "network_firewall_policy_enforcement_order": "AFTER_CLASSIC_FIREWALL",
            "numeric_id": "2106983861830769202",
            "project": "stone-booking-482114-v1",
            "routing_mode": "REGIONAL",
            "self_link": "https://www.googleapis.com/compute/v1/projects/stone-booking-482114-v1/global/networks/sample-vpc",
            "timeouts": null
          },
          "sensitive_attributes": [],
          "identity_schema_version": 0,
          "private": "eyJlMmJmYjczMC1lY2FhLTExZTYtOGY4OC0zNDM2M2JjN2M0YzAiOnsiY3JlYXRlIjoxMjAwMDAwMDAwMDAwLCJkZWxldGUiOjEyMDAwMDAwMDAwMDAsInVwZGF0ZSI6MTIwMDAwMDAwMDAwMH19"
        }
      ]
    },
    {
      "module": "module.vpcs[\"sample-vpc\"]",
      "mode": "managed",
      "type": "google_compute_subnetwork",
      "name": "subnets",
      "provider": "provider[\"registry.terraform.io/hashicorp/google\"]",
      "instances": [
        {
          "index_key": "asia-southeast1/compute-vm",
          "schema_version": 0,
          "attributes": {
            "creation_timestamp": "2025-12-23T10:52:28.996-08:00",
            "description": "Subnet for general purpose Compute Engine VMs",
            "external_ipv6_prefix": "",
            "fingerprint": null,
            "gateway_address": "10.0.7.1",
            "id": "projects/stone-booking-482114-v1/regions/asia-southeast1/subnetworks/compute-vm",
            "internal_ipv6_prefix": "",
            "ip_cidr_range": "10.0.7.0/24",
            "ipv6_access_type": "",
            "ipv6_cidr_range": "",
            "log_config": [],
            "name": "compute-vm",
            "network": "https://www.googleapis.com/compute/v1/projects/stone-booking-482114-v1/global/networks/sample-vpc",
            "private_ip_google_access": false,
            "private_ipv6_google_access": "DISABLE_GOOGLE_ACCESS",
            "project": "stone-booking-482114-v1",
            "purpose": "PRIVATE",
            "region": "asia-southeast1",
            "role": "",
            "secondary_ip_range": [],
            "self_link": "https://www.googleapis.com/compute/v1/projects/stone-booking-482114-v1/regions/asia-southeast1/subnetworks/compute-vm",
            "send_secondary_ip_range_if_empty": null,
            "stack_type": "IPV4_ONLY",
            "timeouts": null
          },
          "sensitive_attributes": [],
          "identity_schema_version": 0,
          "private": "eyJlMmJmYjczMC1lY2FhLTExZTYtOGY4OC0zNDM2M2JjN2M0YzAiOnsiY3JlYXRlIjoxMjAwMDAwMDAwMDAwLCJkZWxldGUiOjEyMDAwMDAwMDAwMDAsInVwZGF0ZSI6MTIwMDAwMDAwMDAwMH19",
          "dependencies": [
            "module.vpcs.google_compute_network.vpc"
          ]
        },
        {
          "index_key": "asia-southeast1/databases",
          "schema_version": 0,
          "attributes": {
            "creation_timestamp": "2025-12-23T10:52:28.563-08:00",
            "description": "Subnet for database instances (e.g., Cloud SQL, self-managed databases)",
            "external_ipv6_prefix": "",
            "fingerprint": null,
            "gateway_address": "10.0.1.1",
            "id": "projects/stone-booking-482114-v1/regions/asia-southeast1/subnetworks/databases",
            "internal_ipv6_prefix": "",
            "ip_cidr_range": "10.0.1.0/24",
            "ipv6_access_type": "",
            "ipv6_cidr_range": "",
            "log_config": [],
            "name": "databases",
            "network": "https://www.googleapis.com/compute/v1/projects/stone-booking-482114-v1/global/networks/sample-vpc",
            "private_ip_google_access": true,
            "private_ipv6_google_access": "DISABLE_GOOGLE_ACCESS",
            "project": "stone-booking-482114-v1",
            "purpose": "PRIVATE",
            "region": "asia-southeast1",
            "role": "",
            "secondary_ip_range": [],
            "self_link": "https://www.googleapis.com/compute/v1/projects/stone-booking-482114-v1/regions/asia-southeast1/subnetworks/databases",
            "send_secondary_ip_range_if_empty": null,
            "stack_type": "IPV4_ONLY",
            "timeouts": null
          },
          "sensitive_attributes": [],
          "identity_schema_version": 0,
          "private": "eyJlMmJmYjczMC1lY2FhLTExZTYtOGY4OC0zNDM2M2JjN2M0YzAiOnsiY3JlYXRlIjoxMjAwMDAwMDAwMDAwLCJkZWxldGUiOjEyMDAwMDAwMDAwMDAsInVwZGF0ZSI6MTIwMDAwMDAwMDAwMH19",
          "dependencies": [
            "module.vpcs.google_compute_network.vpc"
          ]
        },
        {
          "index_key": "asia-southeast1/gke-primary",
          "schema_version": 0,
          "attributes": {
            "creation_timestamp": "2025-12-23T10:52:28.531-08:00",
            "description": "Primary subnet for GKE cluster nodes",
            "external_ipv6_prefix": "",
            "fingerprint": null,
            "gateway_address": "10.0.2.1",
            "id": "projects/stone-booking-482114-v1/regions/asia-southeast1/subnetworks/gke-primary",
            "internal_ipv6_prefix": "",
            "ip_cidr_range": "10.0.2.0/23",
            "ipv6_access_type": "",
            "ipv6_cidr_range": "",
            "log_config": [],
            "name": "gke-primary",
            "network": "https://www.googleapis.com/compute/v1/projects/stone-booking-482114-v1/global/networks/sample-vpc",
            "private_ip_google_access": true,
            "private_ipv6_google_access": "DISABLE_GOOGLE_ACCESS",
            "project": "stone-booking-482114-v1",
            "purpose": "PRIVATE",
            "region": "asia-southeast1",
            "role": "",
            "secondary_ip_range": [
              {
                "ip_cidr_range": "10.1.0.0/20",
                "range_name": "gke-pods"
              },
              {
                "ip_cidr_range": "10.50.0.0/17",
                "range_name": "gke-services"
              }
            ],
            "self_link": "https://www.googleapis.com/compute/v1/projects/stone-booking-482114-v1/regions/asia-southeast1/subnetworks/gke-primary",
            "send_secondary_ip_range_if_empty": null,
            "stack_type": "IPV4_ONLY",
            "timeouts": null
          },
          "sensitive_attributes": [],
          "identity_schema_version": 0,
          "private": "eyJlMmJmYjczMC1lY2FhLTExZTYtOGY4OC0zNDM2M2JjN2M0YzAiOnsiY3JlYXRlIjoxMjAwMDAwMDAwMDAwLCJkZWxldGUiOjEyMDAwMDAwMDAwMDAsInVwZGF0ZSI6MTIwMDAwMDAwMDAwMH19",
          "dependencies": [
            "module.vpcs.google_compute_network.vpc"
          ]
        },
        {
          "index_key": "asia-southeast1/loadbalancer-proxy",
          "schema_version": 0,
          "attributes": {
            "creation_timestamp": "2025-12-23T10:52:28.565-08:00",
            "description": "Dedicated proxy-only subnet for internal HTTP(S) Load Balancers",
            "external_ipv6_prefix": "",
            "fingerprint": null,
            "gateway_address": "10.129.0.1",
            "id": "projects/stone-booking-482114-v1/regions/asia-southeast1/subnetworks/loadbalancer-proxy",
            "internal_ipv6_prefix": "",
            "ip_cidr_range": "10.129.0.0/23",
            "ipv6_access_type": "",
            "ipv6_cidr_range": "",
            "log_config": [],
            "name": "loadbalancer-proxy",
            "network": "https://www.googleapis.com/compute/v1/projects/stone-booking-482114-v1/global/networks/sample-vpc",
            "private_ip_google_access": false,
            "private_ipv6_google_access": "DISABLE_GOOGLE_ACCESS",
            "project": "stone-booking-482114-v1",
            "purpose": "REGIONAL_MANAGED_PROXY",
            "region": "asia-southeast1",
            "role": "ACTIVE",
            "secondary_ip_range": [],
            "self_link": "https://www.googleapis.com/compute/v1/projects/stone-booking-482114-v1/regions/asia-southeast1/subnetworks/loadbalancer-proxy",
            "send_secondary_ip_range_if_empty": null,
            "stack_type": "",
            "timeouts": null
          },
          "sensitive_attributes": [],
          "identity_schema_version": 0,
          "private": "eyJlMmJmYjczMC1lY2FhLTExZTYtOGY4OC0zNDM2M2JjN2M0YzAiOnsiY3JlYXRlIjoxMjAwMDAwMDAwMDAwLCJkZWxldGUiOjEyMDAwMDAwMDAwMDAsInVwZGF0ZSI6MTIwMDAwMDAwMDAwMH19",
          "dependencies": [
            "module.vpcs.google_compute_network.vpc"
          ]
        },
        {
          "index_key": "asia-southeast1/management",
          "schema_version": 0,
          "attributes": {
            "creation_timestamp": "2025-12-23T10:52:28.826-08:00",
            "description": "Subnet for management VMs and tools",
            "external_ipv6_prefix": "",
            "fingerprint": null,
            "gateway_address": "10.0.0.1",
            "id": "projects/stone-booking-482114-v1/regions/asia-southeast1/subnetworks/management",
            "internal_ipv6_prefix": "",
            "ip_cidr_range": "10.0.0.0/24",
            "ipv6_access_type": "",
            "ipv6_cidr_range": "",
            "log_config": [],
            "name": "management",
            "network": "https://www.googleapis.com/compute/v1/projects/stone-booking-482114-v1/global/networks/sample-vpc",
            "private_ip_google_access": true,
            "private_ipv6_google_access": "DISABLE_GOOGLE_ACCESS",
            "project": "stone-booking-482114-v1",
            "purpose": "PRIVATE",
            "region": "asia-southeast1",
            "role": "",
            "secondary_ip_range": [],
            "self_link": "https://www.googleapis.com/compute/v1/projects/stone-booking-482114-v1/regions/asia-southeast1/subnetworks/management",
            "send_secondary_ip_range_if_empty": null,
            "stack_type": "IPV4_ONLY",
            "timeouts": null
          },
          "sensitive_attributes": [],
          "identity_schema_version": 0,
          "private": "eyJlMmJmYjczMC1lY2FhLTExZTYtOGY4OC0zNDM2M2JjN2M0YzAiOnsiY3JlYXRlIjoxMjAwMDAwMDAwMDAwLCJkZWxldGUiOjEyMDAwMDAwMDAwMDAsInVwZGF0ZSI6MTIwMDAwMDAwMDAwMH19",
          "dependencies": [
            "module.vpcs.google_compute_network.vpc"
          ]
        },
        {
          "index_key": "asia-southeast1/serverless-cloudrun",
          "schema_version": 0,
          "attributes": {
            "creation_timestamp": "2025-12-23T10:52:28.605-08:00",
            "description": "Subnet for Serverless VPC Access for Cloud Run",
            "external_ipv6_prefix": "",
            "fingerprint": null,
            "gateway_address": "10.0.6.1",
            "id": "projects/stone-booking-482114-v1/regions/asia-southeast1/subnetworks/serverless-cloudrun",
            "internal_ipv6_prefix": "",
            "ip_cidr_range": "10.0.6.0/24",
            "ipv6_access_type": "",
            "ipv6_cidr_range": "",
            "log_config": [],
            "name": "serverless-cloudrun",
            "network": "https://www.googleapis.com/compute/v1/projects/stone-booking-482114-v1/global/networks/sample-vpc",
            "private_ip_google_access": false,
            "private_ipv6_google_access": "DISABLE_GOOGLE_ACCESS",
            "project": "stone-booking-482114-v1",
            "purpose": "PRIVATE",
            "region": "asia-southeast1",
            "role": "",
            "secondary_ip_range": [],
            "self_link": "https://www.googleapis.com/compute/v1/projects/stone-booking-482114-v1/regions/asia-southeast1/subnetworks/serverless-cloudrun",
            "send_secondary_ip_range_if_empty": null,
            "stack_type": "IPV4_ONLY",
            "timeouts": null
          },
          "sensitive_attributes": [],
          "identity_schema_version": 0,
          "private": "eyJlMmJmYjczMC1lY2FhLTExZTYtOGY4OC0zNDM2M2JjN2M0YzAiOnsiY3JlYXRlIjoxMjAwMDAwMDAwMDAwLCJkZWxldGUiOjEyMDAwMDAwMDAwMDAsInVwZGF0ZSI6MTIwMDAwMDAwMDAwMH19",
          "dependencies": [
            "module.vpcs.google_compute_network.vpc"
          ]
        }
      ]
    }
  ],
  "check_results": null
}
